// !$*UTF8*$!
{
	archiveVersion = 1;
	classes = {
	};
	objectVersion = 56;
	objects = {

/* Begin PBXBuildFile section */
		09F9B4432FEFCCA10017509E /* Buyza_AppApp.swift in Sources */ = {isa = PBXBuildFile; fileRef = 09F9B4422FEFCCA10017509E /* Buyza_AppApp.swift */; };
		09F9B4452FEFCCA10017509E /* ContentView.swift in Sources */ = {isa = PBXBuildFile; fileRef = 09F9B4442FEFCCA10017509E /* ContentView.swift */; };
		09F9B4472FEFCCA40017509E /* Assets.xcassets in Resources */ = {isa = PBXBuildFile; fileRef = 09F9B4462FEFCCA40017509E /* Assets.xcassets */; };
		09F9B44A2FEFCCA40017509E /* Preview Assets.xcassets in Resources */ = {isa = PBXBuildFile; fileRef = 09F9B4492FEFCCA40017509E /* Preview Assets.xcassets */; };
		09F9B44C2FEFCCA40017509E /* Persistence.swift in Sources */ = {isa = PBXBuildFile; fileRef = 09F9B44B2FEFCCA40017509E /* Persistence.swift */; };
		09F9B44F2FEFCCA40017509E /* Buyza_App.xcdatamodeld in Sources */ = {isa = PBXBuildFile; fileRef = 09F9B44D2FEFCCA40017509E /* Buyza_App.xcdatamodeld */; };
		09F9B4592FEFCCA40017509E /* Buyza_AppTests.swift in Sources */ = {isa = PBXBuildFile; fileRef = 09F9B4582FEFCCA40017509E /* Buyza_AppTests.swift */; };
		09F9B4632FEFCCA50017509E /* Buyza_AppUITests.swift in Sources */ = {isa = PBXBuildFile; fileRef = 09F9B4622FEFCCA50017509E /* Buyza_AppUITests.swift */; };
		09F9B4652FEFCCA50017509E /* Buyza_AppUITestsLaunchTests.swift in Sources */ = {isa = PBXBuildFile; fileRef = 09F9B4642FEFCCA50017509E /* Buyza_AppUITestsLaunchTests.swift */; };
		B8BA55902FEFD45B004CA9FF /* GoogleService-Info.plist in Resources */ = {isa = PBXBuildFile; fileRef = B8BA558F2FEFD45B004CA9FF /* GoogleService-Info.plist */; };
		B8BA55932FEFD837004CA9FF /* FirebaseAuth in Frameworks */ = {isa = PBXBuildFile; productRef = B8BA55922FEFD837004CA9FF /* FirebaseAuth */; };
		B8BA55952FEFD837004CA9FF /* FirebaseAuthCombine-Community in Frameworks */ = {isa = PBXBuildFile; productRef = B8BA55942FEFD837004CA9FF /* FirebaseAuthCombine-Community */; };
		B8BA55A32FEFE251004CA9FF /* FirebaseServices.swift in Sources */ = {isa = PBXBuildFile; fileRef = B8BA55A12FEFE251004CA9FF /* FirebaseServices.swift */; };
		B8BA55B22FEFE4B3004CA9FF /* AuthDataResultModel.swift in Sources */ = {isa = PBXBuildFile; fileRef = B8BA55B12FEFE4B3004CA9FF /* AuthDataResultModel.swift */; };
		B8BA55B42FEFE64A004CA9FF /* AuthRepo.swift in Sources */ = {isa = PBXBuildFile; fileRef = B8BA55B32FEFE64A004CA9FF /* AuthRepo.swift */; };
		B8BA55B62FEFE663004CA9FF /* UserModel.swift in Sources */ = {isa = PBXBuildFile; fileRef = B8BA55B52FEFE663004CA9FF /* UserModel.swift */; };
		B8BA55B82FEFE961004CA9FF /* LoginUseCase.swift in Sources */ = {isa = PBXBuildFile; fileRef = B8BA55B72FEFE961004CA9FF /* LoginUseCase.swift */; };
		B8BA55BA2FEFE976004CA9FF /* RegisterUseCase.swift in Sources */ = {isa = PBXBuildFile; fileRef = B8BA55B92FEFE976004CA9FF /* RegisterUseCase.swift */; };
		B8BA55BC2FEFF188004CA9FF /* AuthError.swift in Sources */ = {isa = PBXBuildFile; fileRef = B8BA55BB2FEFF188004CA9FF /* AuthError.swift */; };
		B8BA55BE2FEFF22C004CA9FF /* AuthRepoImp.swift in Sources */ = {isa = PBXBuildFile; fileRef = B8BA55BD2FEFF22C004CA9FF /* AuthRepoImp.swift */; };
		B8BA55C02FEFF792004CA9FF /* LoginViewModel.swift in Sources */ = {isa = PBXBuildFile; fileRef = B8BA55BF2FEFF792004CA9FF /* LoginViewModel.swift */; };
		B8BA55F62FEFFDF6004CA9FF /* ForgotPasswordButton.swift in Sources */ = {isa = PBXBuildFile; fileRef = B8BA55EA2FEFFDF6004CA9FF /* ForgotPasswordButton.swift */; };
		B8BA55F72FEFFDF6004CA9FF /* InputFieldModifier.swift in Sources */ = {isa = PBXBuildFile; fileRef = B8BA55EB2FEFFDF6004CA9FF /* InputFieldModifier.swift */; };
		B8BA55F82FEFFDF6004CA9FF /* LoginButton.swift in Sources */ = {isa = PBXBuildFile; fileRef = B8BA55EC2FEFFDF6004CA9FF /* LoginButton.swift */; };
		B8BA55F92FEFFDF6004CA9FF /* LoginFooter.swift in Sources */ = {isa = PBXBuildFile; fileRef = B8BA55ED2FEFFDF6004CA9FF /* LoginFooter.swift */; };
		B8BA55FA2FEFFDF6004CA9FF /* LoginForm.swift in Sources */ = {isa = PBXBuildFile; fileRef = B8BA55EE2FEFFDF6004CA9FF /* LoginForm.swift */; };
		B8BA55FB2FEFFDF6004CA9FF /* LoginHeader.swift in Sources */ = {isa = PBXBuildFile; fileRef = B8BA55EF2FEFFDF6004CA9FF /* LoginHeader.swift */; };
		B8BA55FC2FEFFDF6004CA9FF /* LoginViewHeader.swift in Sources */ = {isa = PBXBuildFile; fileRef = B8BA55F02FEFFDF6004CA9FF /* LoginViewHeader.swift */; };
		B8BA55FD2FEFFDF6004CA9FF /* SocialButton.swift in Sources */ = {isa = PBXBuildFile; fileRef = B8BA55F12FEFFDF6004CA9FF /* SocialButton.swift */; };
		B8BA55FE2FEFFDF6004CA9FF /* SocialLogin.swift in Sources */ = {isa = PBXBuildFile; fileRef = B8BA55F22FEFFDF6004CA9FF /* SocialLogin.swift */; };
		B8BA55FF2FEFFDF6004CA9FF /* LoginView.swift in Sources */ = {isa = PBXBuildFile; fileRef = B8BA55F42FEFFDF6004CA9FF /* LoginView.swift */; };
		B8BA56062FEFFEB1004CA9FF /* RegisterForm.swift in Sources */ = {isa = PBXBuildFile; fileRef = B8BA56052FEFFEB1004CA9FF /* RegisterForm.swift */; };
		B8BA56092FEFFF04004CA9FF /* RegisterView.swift in Sources */ = {isa = PBXBuildFile; fileRef = B8BA56082FEFFF04004CA9FF /* RegisterView.swift */; };
		B8BA560B2FEFFF5B004CA9FF /* RegisterViewModel.swift in Sources */ = {isa = PBXBuildFile; fileRef = B8BA560A2FEFFF5B004CA9FF /* RegisterViewModel.swift */; };
/* End PBXBuildFile section */

/* Begin PBXContainerItemProxy section */
		09F9B4552FEFCCA40017509E /* PBXContainerItemProxy */ = {
			isa = PBXContainerItemProxy;
			containerPortal = 09F9B4372FEFCCA10017509E /* Project object */;
			proxyType = 1;
			remoteGlobalIDString = 09F9B43E2FEFCCA10017509E;
			remoteInfo = "Buyza App";
		};
		09F9B45F2FEFCCA50017509E /* PBXContainerItemProxy */ = {
			isa = PBXContainerItemProxy;
			containerPortal = 09F9B4372FEFCCA10017509E /* Project object */;
			proxyType = 1;
			remoteGlobalIDString = 09F9B43E2FEFCCA10017509E;
			remoteInfo = "Buyza App";
		};
/* End PBXContainerItemProxy section */

/* Begin PBXFileReference section */
		09F9B43F2FEFCCA10017509E /* Buyza App.app */ = {isa = PBXFileReference; explicitFileType = wrapper.application; includeInIndex = 0; path = "Buyza App.app"; sourceTree = BUILT_PRODUCTS_DIR; };
		09F9B4422FEFCCA10017509E /* Buyza_AppApp.swift */ = {isa = PBXFileReference; lastKnownFileType = sourcecode.swift; path = Buyza_AppApp.swift; sourceTree = "<group>"; };
		09F9B4442FEFCCA10017509E /* ContentView.swift */ = {isa = PBXFileReference; lastKnownFileType = sourcecode.swift; path = ContentView.swift; sourceTree = "<group>"; };
		09F9B4462FEFCCA40017509E /* Assets.xcassets */ = {isa = PBXFileReference; lastKnownFileType = folder.assetcatalog; path = Assets.xcassets; sourceTree = "<group>"; };
		09F9B4492FEFCCA40017509E /* Preview Assets.xcassets */ = {isa = PBXFileReference; lastKnownFileType = folder.assetcatalog; path = "Preview Assets.xcassets"; sourceTree = "<group>"; };
		09F9B44B2FEFCCA40017509E /* Persistence.swift */ = {isa = PBXFileReference; lastKnownFileType = sourcecode.swift; path = Persistence.swift; sourceTree = "<group>"; };
		09F9B44E2FEFCCA40017509E /* Buyza_App.xcdatamodel */ = {isa = PBXFileReference; lastKnownFileType = wrapper.xcdatamodel; path = Buyza_App.xcdatamodel; sourceTree = "<group>"; };
		09F9B4542FEFCCA40017509E /* Buyza AppTests.xctest */ = {isa = PBXFileReference; explicitFileType = wrapper.cfbundle; includeInIndex = 0; path = "Buyza AppTests.xctest"; sourceTree = BUILT_PRODUCTS_DIR; };
		09F9B4582FEFCCA40017509E /* Buyza_AppTests.swift */ = {isa = PBXFileReference; lastKnownFileType = sourcecode.swift; path = Buyza_AppTests.swift; sourceTree = "<group>"; };
		09F9B45E2FEFCCA50017509E /* Buyza AppUITests.xctest */ = {isa = PBXFileReference; explicitFileType = wrapper.cfbundle; includeInIndex = 0; path = "Buyza AppUITests.xctest"; sourceTree = BUILT_PRODUCTS_DIR; };
		09F9B4622FEFCCA50017509E /* Buyza_AppUITests.swift */ = {isa = PBXFileReference; lastKnownFileType = sourcecode.swift; path = Buyza_AppUITests.swift; sourceTree = "<group>"; };
		09F9B4642FEFCCA50017509E /* Buyza_AppUITestsLaunchTests.swift */ = {isa = PBXFileReference; lastKnownFileType = sourcecode.swift; path = Buyza_AppUITestsLaunchTests.swift; sourceTree = "<group>"; };
		B8BA558F2FEFD45B004CA9FF /* GoogleService-Info.plist */ = {isa = PBXFileReference; lastKnownFileType = text.plist.xml; path = "GoogleService-Info.plist"; sourceTree = "<group>"; };
		B8BA55A12FEFE251004CA9FF /* FirebaseServices.swift */ = {isa = PBXFileReference; lastKnownFileType = sourcecode.swift; path = FirebaseServices.swift; sourceTree = "<group>"; };
		B8BA55B12FEFE4B3004CA9FF /* AuthDataResultModel.swift */ = {isa = PBXFileReference; lastKnownFileType = sourcecode.swift; path = AuthDataResultModel.swift; sourceTree = "<group>"; };
		B8BA55B32FEFE64A004CA9FF /* AuthRepo.swift */ = {isa = PBXFileReference; lastKnownFileType = sourcecode.swift; path = AuthRepo.swift; sourceTree = "<group>"; };
		B8BA55B52FEFE663004CA9FF /* UserModel.swift */ = {isa = PBXFileReference; lastKnownFileType = sourcecode.swift; path = UserModel.swift; sourceTree = "<group>"; };
		B8BA55B72FEFE961004CA9FF /* LoginUseCase.swift */ = {isa = PBXFileReference; lastKnownFileType = sourcecode.swift; path = LoginUseCase.swift; sourceTree = "<group>"; };
		B8BA55B92FEFE976004CA9FF /* RegisterUseCase.swift */ = {isa = PBXFileReference; lastKnownFileType = sourcecode.swift; path = RegisterUseCase.swift; sourceTree = "<group>"; };
		B8BA55BB2FEFF188004CA9FF /* AuthError.swift */ = {isa = PBXFileReference; lastKnownFileType = sourcecode.swift; path = AuthError.swift; sourceTree = "<group>"; };
		B8BA55BD2FEFF22C004CA9FF /* AuthRepoImp.swift */ = {isa = PBXFileReference; lastKnownFileType = sourcecode.swift; path = AuthRepoImp.swift; sourceTree = "<group>"; };
		B8BA55BF2FEFF792004CA9FF /* LoginViewModel.swift */ = {isa = PBXFileReference; lastKnownFileType = sourcecode.swift; path = LoginViewModel.swift; sourceTree = "<group>"; };
		B8BA55EA2FEFFDF6004CA9FF /* ForgotPasswordButton.swift */ = {isa = PBXFileReference; lastKnownFileType = sourcecode.swift; path = ForgotPasswordButton.swift; sourceTree = "<group>"; };
		B8BA55EB2FEFFDF6004CA9FF /* InputFieldModifier.swift */ = {isa = PBXFileReference; lastKnownFileType = sourcecode.swift; path = InputFieldModifier.swift; sourceTree = "<group>"; };
		B8BA55EC2FEFFDF6004CA9FF /* LoginButton.swift */ = {isa = PBXFileReference; lastKnownFileType = sourcecode.swift; path = LoginButton.swift; sourceTree = "<group>"; };
		B8BA55ED2FEFFDF6004CA9FF /* LoginFooter.swift */ = {isa = PBXFileReference; lastKnownFileType = sourcecode.swift; path = LoginFooter.swift; sourceTree = "<group>"; };
		B8BA55EE2FEFFDF6004CA9FF /* LoginForm.swift */ = {isa = PBXFileReference; lastKnownFileType = sourcecode.swift; path = LoginForm.swift; sourceTree = "<group>"; };
		B8BA55EF2FEFFDF6004CA9FF /* LoginHeader.swift */ = {isa = PBXFileReference; lastKnownFileType = sourcecode.swift; path = LoginHeader.swift; sourceTree = "<group>"; };
		B8BA55F02FEFFDF6004CA9FF /* LoginViewHeader.swift */ = {isa = PBXFileReference; lastKnownFileType = sourcecode.swift; path = LoginViewHeader.swift; sourceTree = "<group>"; };
		B8BA55F12FEFFDF6004CA9FF /* SocialButton.swift */ = {isa = PBXFileReference; lastKnownFileType = sourcecode.swift; path = SocialButton.swift; sourceTree = "<group>"; };
		B8BA55F22FEFFDF6004CA9FF /* SocialLogin.swift */ = {isa = PBXFileReference; lastKnownFileType = sourcecode.swift; path = SocialLogin.swift; sourceTree = "<group>"; };
		B8BA55F42FEFFDF6004CA9FF /* LoginView.swift */ = {isa = PBXFileReference; lastKnownFileType = sourcecode.swift; path = LoginView.swift; sourceTree = "<group>"; };
		B8BA56052FEFFEB1004CA9FF /* RegisterForm.swift */ = {isa = PBXFileReference; lastKnownFileType = sourcecode.swift; path = RegisterForm.swift; sourceTree = "<group>"; };
		B8BA56082FEFFF04004CA9FF /* RegisterView.swift */ = {isa = PBXFileReference; lastKnownFileType = sourcecode.swift; path = RegisterView.swift; sourceTree = "<group>"; };
		B8BA560A2FEFFF5B004CA9FF /* RegisterViewModel.swift */ = {isa = PBXFileReference; lastKnownFileType = sourcecode.swift; path = RegisterViewModel.swift; sourceTree = "<group>"; };
/* End PBXFileReference section */

/* Begin PBXFrameworksBuildPhase section */
		09F9B43C2FEFCCA10017509E /* Frameworks */ = {
			isa = PBXFrameworksBuildPhase;
			buildActionMask = 2147483647;
			files = (
				B8BA55932FEFD837004CA9FF /* FirebaseAuth in Frameworks */,
				B8BA55952FEFD837004CA9FF /* FirebaseAuthCombine-Community in Frameworks */,
			);
			runOnlyForDeploymentPostprocessing = 0;
		};
		09F9B4512FEFCCA40017509E /* Frameworks */ = {
			isa = PBXFrameworksBuildPhase;
			buildActionMask = 2147483647;
			files = (
			);
			runOnlyForDeploymentPostprocessing = 0;
		};
		09F9B45B2FEFCCA50017509E /* Frameworks */ = {
			isa = PBXFrameworksBuildPhase;
			buildActionMask = 2147483647;
			files = (
			);
			runOnlyForDeploymentPostprocessing = 0;
		};
/* End PBXFrameworksBuildPhase section */

/* Begin PBXGroup section */
		09F9B4362FEFCCA10017509E = {
			isa = PBXGroup;
			children = (
				B8BA55A22FEFE251004CA9FF /* Authentication */,
				09F9B4412FEFCCA10017509E /* Buyza App */,
				09F9B4572FEFCCA40017509E /* Buyza AppTests */,
				09F9B4612FEFCCA50017509E /* Buyza AppUITests */,
				09F9B4402FEFCCA10017509E /* Products */,
			);
			sourceTree = "<group>";
		};
		09F9B4402FEFCCA10017509E /* Products */ = {
			isa = PBXGroup;
			children = (
				09F9B43F2FEFCCA10017509E /* Buyza App.app */,
				09F9B4542FEFCCA40017509E /* Buyza AppTests.xctest */,
				09F9B45E2FEFCCA50017509E /* Buyza AppUITests.xctest */,
			);
			name = Products;
			sourceTree = "<group>";
		};
		09F9B4412FEFCCA10017509E /* Buyza App */ = {
			isa = PBXGroup;
			children = (
				B8BA558F2FEFD45B004CA9FF /* GoogleService-Info.plist */,
				09F9B4422FEFCCA10017509E /* Buyza_AppApp.swift */,
				09F9B4442FEFCCA10017509E /* ContentView.swift */,
				09F9B4462FEFCCA40017509E /* Assets.xcassets */,
				09F9B44B2FEFCCA40017509E /* Persistence.swift */,
				09F9B44D2FEFCCA40017509E /* Buyza_App.xcdatamodeld */,
				09F9B4482FEFCCA40017509E /* Preview Content */,
			);
			path = "Buyza App";
			sourceTree = "<group>";
		};
		09F9B4482FEFCCA40017509E /* Preview Content */ = {
			isa = PBXGroup;
			children = (
				09F9B4492FEFCCA40017509E /* Preview Assets.xcassets */,
			);
			path = "Preview Content";
			sourceTree = "<group>";
		};
		09F9B4572FEFCCA40017509E /* Buyza AppTests */ = {
			isa = PBXGroup;
			children = (
				09F9B4582FEFCCA40017509E /* Buyza_AppTests.swift */,
			);
			path = "Buyza AppTests";
			sourceTree = "<group>";
		};
		09F9B4612FEFCCA50017509E /* Buyza AppUITests */ = {
			isa = PBXGroup;
			children = (
				09F9B4622FEFCCA50017509E /* Buyza_AppUITests.swift */,
				09F9B4642FEFCCA50017509E /* Buyza_AppUITestsLaunchTests.swift */,
			);
			path = "Buyza AppUITests";
			sourceTree = "<group>";
		};
		B8BA559E2FEFE251004CA9FF /* Data */ = {
			isa = PBXGroup;
			children = (
				B8BA560C2FF00557004CA9FF /* Auth */,
			);
			path = Data;
			sourceTree = "<group>";
		};
		B8BA559F2FEFE251004CA9FF /* Domain */ = {
			isa = PBXGroup;
			children = (
				B8BA55A82FEFE29A004CA9FF /* Repo */,
				B8BA55A72FEFE291004CA9FF /* Data */,
				B8BA55A62FEFE288004CA9FF /* Usecase */,
			);
			path = Domain;
			sourceTree = "<group>";
		};
		B8BA55A02FEFE251004CA9FF /* Presentation */ = {
			isa = PBXGroup;
			children = (
				B8BA56022FEFFE1E004CA9FF /* Register */,
				B8BA56012FEFFE12004CA9FF /* Login */,
			);
			path = Presentation;
			sourceTree = "<group>";
		};
		B8BA55A22FEFE251004CA9FF /* Authentication */ = {
			isa = PBXGroup;
			children = (
				B8BA559E2FEFE251004CA9FF /* Data */,
				B8BA559F2FEFE251004CA9FF /* Domain */,
				B8BA55A02FEFE251004CA9FF /* Presentation */,
			);
			path = Authentication;
			sourceTree = "<group>";
		};
		B8BA55A42FEFE25F004CA9FF /* View */ = {
			isa = PBXGroup;
			children = (
				B8BA55F32FEFFDF6004CA9FF /* Components */,
				B8BA55F42FEFFDF6004CA9FF /* LoginView.swift */,
			);
			path = View;
			sourceTree = "<group>";
		};
		B8BA55A52FEFE265004CA9FF /* ViewModel */ = {
			isa = PBXGroup;
			children = (
				B8BA55BF2FEFF792004CA9FF /* LoginViewModel.swift */,
			);
			path = ViewModel;
			sourceTree = "<group>";
		};
		B8BA55A62FEFE288004CA9FF /* Usecase */ = {
			isa = PBXGroup;
			children = (
				B8BA560D2FF00572004CA9FF /* Auth */,
			);
			path = Usecase;
			sourceTree = "<group>";
		};
		B8BA55A72FEFE291004CA9FF /* Data */ = {
			isa = PBXGroup;
			children = (
				B8BA55BB2FEFF188004CA9FF /* AuthError.swift */,
				B8BA55B52FEFE663004CA9FF /* UserModel.swift */,
			);
			path = Data;
			sourceTree = "<group>";
		};
		B8BA55A82FEFE29A004CA9FF /* Repo */ = {
			isa = PBXGroup;
			children = (
				B8BA55B32FEFE64A004CA9FF /* AuthRepo.swift */,
			);
			path = Repo;
			sourceTree = "<group>";
		};
		B8BA55A92FEFE2A2004CA9FF /* Repo */ = {
			isa = PBXGroup;
			children = (
				B8BA55BD2FEFF22C004CA9FF /* AuthRepoImp.swift */,
			);
			path = Repo;
			sourceTree = "<group>";
		};
		B8BA55AA2FEFE2C5004CA9FF /* Model */ = {
			isa = PBXGroup;
			children = (
				B8BA55B12FEFE4B3004CA9FF /* AuthDataResultModel.swift */,
			);
			path = Model;
			sourceTree = "<group>";
		};
		B8BA55AB2FEFE2CD004CA9FF /* DataSource */ = {
			isa = PBXGroup;
			children = (
				B8BA55AE2FEFE47F004CA9FF /* remote */,
			);
			path = DataSource;
			sourceTree = "<group>";
		};
		B8BA55AE2FEFE47F004CA9FF /* remote */ = {
			isa = PBXGroup;
			children = (
				B8BA55A12FEFE251004CA9FF /* FirebaseServices.swift */,
			);
			path = remote;
			sourceTree = "<group>";
		};
		B8BA55F32FEFFDF6004CA9FF /* Components */ = {
			isa = PBXGroup;
			children = (
				B8BA55EA2FEFFDF6004CA9FF /* ForgotPasswordButton.swift */,
				B8BA55EB2FEFFDF6004CA9FF /* InputFieldModifier.swift */,
				B8BA55EC2FEFFDF6004CA9FF /* LoginButton.swift */,
				B8BA55ED2FEFFDF6004CA9FF /* LoginFooter.swift */,
				B8BA55EE2FEFFDF6004CA9FF /* LoginForm.swift */,
				B8BA55EF2FEFFDF6004CA9FF /* LoginHeader.swift */,
				B8BA55F02FEFFDF6004CA9FF /* LoginViewHeader.swift */,
				B8BA55F12FEFFDF6004CA9FF /* SocialButton.swift */,
				B8BA55F22FEFFDF6004CA9FF /* SocialLogin.swift */,
			);
			path = Components;
			sourceTree = "<group>";
		};
		B8BA56012FEFFE12004CA9FF /* Login */ = {
			isa = PBXGroup;
			children = (
				B8BA55A52FEFE265004CA9FF /* ViewModel */,
				B8BA55A42FEFE25F004CA9FF /* View */,
			);
			path = Login;
			sourceTree = "<group>";
		};
		B8BA56022FEFFE1E004CA9FF /* Register */ = {
			isa = PBXGroup;
			children = (
				B8BA56042FEFFEAB004CA9FF /* ViewModel */,
				B8BA56032FEFFEA6004CA9FF /* View */,
			);
			path = Register;
			sourceTree = "<group>";
		};
		B8BA56032FEFFEA6004CA9FF /* View */ = {
			isa = PBXGroup;
			children = (
				B8BA56082FEFFF04004CA9FF /* RegisterView.swift */,
				B8BA56072FEFFEEA004CA9FF /* Components */,
			);
			path = View;
			sourceTree = "<group>";
		};
		B8BA56042FEFFEAB004CA9FF /* ViewModel */ = {
			isa = PBXGroup;
			children = (
				B8BA560A2FEFFF5B004CA9FF /* RegisterViewModel.swift */,
			);
			path = ViewModel;
			sourceTree = "<group>";
		};
		B8BA56072FEFFEEA004CA9FF /* Components */ = {
			isa = PBXGroup;
			children = (
				B8BA56052FEFFEB1004CA9FF /* RegisterForm.swift */,
			);
			path = Components;
			sourceTree = "<group>";
		};
		B8BA560C2FF00557004CA9FF /* Auth */ = {
			isa = PBXGroup;
			children = (
				B8BA55AB2FEFE2CD004CA9FF /* DataSource */,
				B8BA55AA2FEFE2C5004CA9FF /* Model */,
				B8BA55A92FEFE2A2004CA9FF /* Repo */,
			);
			path = Auth;
			sourceTree = "<group>";
		};
		B8BA560D2FF00572004CA9FF /* Auth */ = {
			isa = PBXGroup;
			children = (
				B8BA55B72FEFE961004CA9FF /* LoginUseCase.swift */,
				B8BA55B92FEFE976004CA9FF /* RegisterUseCase.swift */,
			);
			path = Auth;
			sourceTree = "<group>";
		};
/* End PBXGroup section */

/* Begin PBXNativeTarget section */
		09F9B43E2FEFCCA10017509E /* Buyza App */ = {
			isa = PBXNativeTarget;
			buildConfigurationList = 09F9B4682FEFCCA50017509E /* Build configuration list for PBXNativeTarget "Buyza App" */;
			buildPhases = (
				09F9B43B2FEFCCA10017509E /* Sources */,
				09F9B43C2FEFCCA10017509E /* Frameworks */,
				09F9B43D2FEFCCA10017509E /* Resources */,
			);
			buildRules = (
			);
			dependencies = (
			);
			name = "Buyza App";
			productName = "Buyza App";
			productReference = 09F9B43F2FEFCCA10017509E /* Buyza App.app */;
			productType = "com.apple.product-type.application";
		};
		09F9B4532FEFCCA40017509E /* Buyza AppTests */ = {
			isa = PBXNativeTarget;
			buildConfigurationList = 09F9B46B2FEFCCA50017509E /* Build configuration list for PBXNativeTarget "Buyza AppTests" */;
			buildPhases = (
				09F9B4502FEFCCA40017509E /* Sources */,
				09F9B4512FEFCCA40017509E /* Frameworks */,
				09F9B4522FEFCCA40017509E /* Resources */,
			);
			buildRules = (
			);
			dependencies = (
				09F9B4562FEFCCA40017509E /* PBXTargetDependency */,
			);
			name = "Buyza AppTests";
			productName = "Buyza AppTests";
			productReference = 09F9B4542FEFCCA40017509E /* Buyza AppTests.xctest */;
			productType = "com.apple.product-type.bundle.unit-test";
		};
		09F9B45D2FEFCCA50017509E /* Buyza AppUITests */ = {
			isa = PBXNativeTarget;
			buildConfigurationList = 09F9B46E2FEFCCA50017509E /* Build configuration list for PBXNativeTarget "Buyza AppUITests" */;
			buildPhases = (
				09F9B45A2FEFCCA50017509E /* Sources */,
				09F9B45B2FEFCCA50017509E /* Frameworks */,
				09F9B45C2FEFCCA50017509E /* Resources */,
			);
			buildRules = (
			);
			dependencies = (
				09F9B4602FEFCCA50017509E /* PBXTargetDependency */,
			);
			name = "Buyza AppUITests";
			productName = "Buyza AppUITests";
			productReference = 09F9B45E2FEFCCA50017509E /* Buyza AppUITests.xctest */;
			productType = "com.apple.product-type.bundle.ui-testing";
		};
/* End PBXNativeTarget section */

/* Begin PBXProject section */
		09F9B4372FEFCCA10017509E /* Project object */ = {
			isa = PBXProject;
			attributes = {
				BuildIndependentTargetsInParallel = 1;
				LastSwiftUpdateCheck = 1520;
				LastUpgradeCheck = 1520;
				TargetAttributes = {
					09F9B43E2FEFCCA10017509E = {
						CreatedOnToolsVersion = 15.2;
					};
					09F9B4532FEFCCA40017509E = {
						CreatedOnToolsVersion = 15.2;
						TestTargetID = 09F9B43E2FEFCCA10017509E;
					};
					09F9B45D2FEFCCA50017509E = {
						CreatedOnToolsVersion = 15.2;
						TestTargetID = 09F9B43E2FEFCCA10017509E;
					};
				};
			};
			buildConfigurationList = 09F9B43A2FEFCCA10017509E /* Build configuration list for PBXProject "Buyza App" */;
			compatibilityVersion = "Xcode 14.0";
			developmentRegion = en;
			hasScannedForEncodings = 0;
			knownRegions = (
				en,
				Base,
			);
			mainGroup = 09F9B4362FEFCCA10017509E;
			packageReferences = (
				B8BA55912FEFD837004CA9FF /* XCRemoteSwiftPackageReference "firebase-ios-sdk" */,
			);
			productRefGroup = 09F9B4402FEFCCA10017509E /* Products */;
			projectDirPath = "";
			projectRoot = "";
			targets = (
				09F9B43E2FEFCCA10017509E /* Buyza App */,
				09F9B4532FEFCCA40017509E /* Buyza AppTests */,
				09F9B45D2FEFCCA50017509E /* Buyza AppUITests */,
			);
		};
/* End PBXProject section */

/* Begin PBXResourcesBuildPhase section */
		09F9B43D2FEFCCA10017509E /* Resources */ = {
			isa = PBXResourcesBuildPhase;
			buildActionMask = 2147483647;
			files = (
				09F9B44A2FEFCCA40017509E /* Preview Assets.xcassets in Resources */,
				09F9B4472FEFCCA40017509E /* Assets.xcassets in Resources */,
				B8BA55902FEFD45B004CA9FF /* GoogleService-Info.plist in Resources */,
			);
			runOnlyForDeploymentPostprocessing = 0;
		};
		09F9B4522FEFCCA40017509E /* Resources */ = {
			isa = PBXResourcesBuildPhase;
			buildActionMask = 2147483647;
			files = (
			);
			runOnlyForDeploymentPostprocessing = 0;
		};
		09F9B45C2FEFCCA50017509E /* Resources */ = {
			isa = PBXResourcesBuildPhase;
			buildActionMask = 2147483647;
			files = (
			);
			runOnlyForDeploymentPostprocessing = 0;
		};
/* End PBXResourcesBuildPhase section */

/* Begin PBXSourcesBuildPhase section */
		09F9B43B2FEFCCA10017509E /* Sources */ = {
			isa = PBXSourcesBuildPhase;
			buildActionMask = 2147483647;
			files = (
				B8BA55B42FEFE64A004CA9FF /* AuthRepo.swift in Sources */,
				B8BA55A32FEFE251004CA9FF /* FirebaseServices.swift in Sources */,
				B8BA55BE2FEFF22C004CA9FF /* AuthRepoImp.swift in Sources */,
				B8BA55B22FEFE4B3004CA9FF /* AuthDataResultModel.swift in Sources */,
				09F9B44C2FEFCCA40017509E /* Persistence.swift in Sources */,
				B8BA55C02FEFF792004CA9FF /* LoginViewModel.swift in Sources */,
				B8BA55F62FEFFDF6004CA9FF /* ForgotPasswordButton.swift in Sources */,
				B8BA55F72FEFFDF6004CA9FF /* InputFieldModifier.swift in Sources */,
				B8BA55F82FEFFDF6004CA9FF /* LoginButton.swift in Sources */,
				B8BA55F92FEFFDF6004CA9FF /* LoginFooter.swift in Sources */,
				B8BA55FA2FEFFDF6004CA9FF /* LoginForm.swift in Sources */,
				B8BA56092FEFFF04004CA9FF /* RegisterView.swift in Sources */,
				B8BA55FB2FEFFDF6004CA9FF /* LoginHeader.swift in Sources */,
				B8BA55FC2FEFFDF6004CA9FF /* LoginViewHeader.swift in Sources */,
				B8BA55FD2FEFFDF6004CA9FF /* SocialButton.swift in Sources */,
				B8BA56062FEFFEB1004CA9FF /* RegisterForm.swift in Sources */,
				B8BA55FE2FEFFDF6004CA9FF /* SocialLogin.swift in Sources */,
				B8BA55FF2FEFFDF6004CA9FF /* LoginView.swift in Sources */,
				09F9B44F2FEFCCA40017509E /* Buyza_App.xcdatamodeld in Sources */,
				B8BA55BC2FEFF188004CA9FF /* AuthError.swift in Sources */,
				09F9B4452FEFCCA10017509E /* ContentView.swift in Sources */,
				B8BA560B2FEFFF5B004CA9FF /* RegisterViewModel.swift in Sources */,
				B8BA55B62FEFE663004CA9FF /* UserModel.swift in Sources */,
				B8BA55BA2FEFE976004CA9FF /* RegisterUseCase.swift in Sources */,
				09F9B4432FEFCCA10017509E /* Buyza_AppApp.swift in Sources */,
				B8BA55B82FEFE961004CA9FF /* LoginUseCase.swift in Sources */,
			);
			runOnlyForDeploymentPostprocessing = 0;
		};
		09F9B4502FEFCCA40017509E /* Sources */ = {
			isa = PBXSourcesBuildPhase;
			buildActionMask = 2147483647;
			files = (
				09F9B4592FEFCCA40017509E /* Buyza_AppTests.swift in Sources */,
			);
			runOnlyForDeploymentPostprocessing = 0;
		};
		09F9B45A2FEFCCA50017509E /* Sources */ = {
			isa = PBXSourcesBuildPhase;
			buildActionMask = 2147483647;
			files = (
				09F9B4652FEFCCA50017509E /* Buyza_AppUITestsLaunchTests.swift in Sources */,
				09F9B4632FEFCCA50017509E /* Buyza_AppUITests.swift in Sources */,
			);
			runOnlyForDeploymentPostprocessing = 0;
		};
/* End PBXSourcesBuildPhase section */

/* Begin PBXTargetDependency section */
		09F9B4562FEFCCA40017509E /* PBXTargetDependency */ = {
			isa = PBXTargetDependency;
			target = 09F9B43E2FEFCCA10017509E /* Buyza App */;
			targetProxy = 09F9B4552FEFCCA40017509E /* PBXContainerItemProxy */;
		};
		09F9B4602FEFCCA50017509E /* PBXTargetDependency */ = {
			isa = PBXTargetDependency;
			target = 09F9B43E2FEFCCA10017509E /* Buyza App */;
			targetProxy = 09F9B45F2FEFCCA50017509E /* PBXContainerItemProxy */;
		};
/* End PBXTargetDependency section */

/* Begin XCBuildConfiguration section */
		09F9B4662FEFCCA50017509E /* Debug */ = {
			isa = XCBuildConfiguration;
			buildSettings = {
				ALWAYS_SEARCH_USER_PATHS = NO;
				ASSETCATALOG_COMPILER_GENERATE_SWIFT_ASSET_SYMBOL_EXTENSIONS = YES;
				CLANG_ANALYZER_NONNULL = YES;
				CLANG_ANALYZER_NUMBER_OBJECT_CONVERSION = YES_AGGRESSIVE;
				CLANG_CXX_LANGUAGE_STANDARD = "gnu++20";
				CLANG_ENABLE_MODULES = YES;
				CLANG_ENABLE_OBJC_ARC = YES;
				CLANG_ENABLE_OBJC_WEAK = YES;
				CLANG_WARN_BLOCK_CAPTURE_AUTORELEASING = YES;
				CLANG_WARN_BOOL_CONVERSION = YES;
				CLANG_WARN_COMMA = YES;
				CLANG_WARN_CONSTANT_CONVERSION = YES;
				CLANG_WARN_DEPRECATED_OBJC_IMPLEMENTATIONS = YES;
				CLANG_WARN_DIRECT_OBJC_ISA_USAGE = YES_ERROR;
				CLANG_WARN_DOCUMENTATION_COMMENTS = YES;
				CLANG_WARN_EMPTY_BODY = YES;
				CLANG_WARN_ENUM_CONVERSION = YES;
				CLANG_WARN_INFINITE_RECURSION = YES;
				CLANG_WARN_INT_CONVERSION = YES;
				CLANG_WARN_NON_LITERAL_NULL_CONVERSION = YES;
				CLANG_WARN_OBJC_IMPLICIT_RETAIN_SELF = YES;
				CLANG_WARN_OBJC_LITERAL_CONVERSION = YES;
				CLANG_WARN_OBJC_ROOT_CLASS = YES_ERROR;
				CLANG_WARN_QUOTED_INCLUDE_IN_FRAMEWORK_HEADER = YES;
				CLANG_WARN_RANGE_LOOP_ANALYSIS = YES;
				CLANG_WARN_STRICT_PROTOTYPES = YES;
				CLANG_WARN_SUSPICIOUS_MOVE = YES;
				CLANG_WARN_UNGUARDED_AVAILABILITY = YES_AGGRESSIVE;
				CLANG_WARN_UNREACHABLE_CODE = YES;
				CLANG_WARN__DUPLICATE_METHOD_MATCH = YES;
				COPY_PHASE_STRIP = NO;
				DEBUG_INFORMATION_FORMAT = dwarf;
				ENABLE_STRICT_OBJC_MSGSEND = YES;
				ENABLE_TESTABILITY = YES;
				ENABLE_USER_SCRIPT_SANDBOXING = YES;
				GCC_C_LANGUAGE_STANDARD = gnu17;
				GCC_DYNAMIC_NO_PIC = NO;
				GCC_NO_COMMON_BLOCKS = YES;
				GCC_OPTIMIZATION_LEVEL = 0;
				GCC_PREPROCESSOR_DEFINITIONS = (
					"DEBUG=1",
					"$(inherited)",
				);
				GCC_WARN_64_TO_32_BIT_CONVERSION = YES;
				GCC_WARN_ABOUT_RETURN_TYPE = YES_ERROR;
				GCC_WARN_UNDECLARED_SELECTOR = YES;
				GCC_WARN_UNINITIALIZED_AUTOS = YES_AGGRESSIVE;
				GCC_WARN_UNUSED_FUNCTION = YES;
				GCC_WARN_UNUSED_VARIABLE = YES;
				IPHONEOS_DEPLOYMENT_TARGET = 17.2;
				LOCALIZATION_PREFERS_STRING_CATALOGS = YES;
				MTL_ENABLE_DEBUG_INFO = INCLUDE_SOURCE;
				MTL_FAST_MATH = YES;
				ONLY_ACTIVE_ARCH = YES;
				SDKROOT = iphoneos;
				SWIFT_ACTIVE_COMPILATION_CONDITIONS = "DEBUG $(inherited)";
				SWIFT_OPTIMIZATION_LEVEL = "-Onone";
			};
			name = Debug;
		};
		09F9B4672FEFCCA50017509E /* Release */ = {
			isa = XCBuildConfiguration;
			buildSettings = {
				ALWAYS_SEARCH_USER_PATHS = NO;
				ASSETCATALOG_COMPILER_GENERATE_SWIFT_ASSET_SYMBOL_EXTENSIONS = YES;
				CLANG_ANALYZER_NONNULL = YES;
				CLANG_ANALYZER_NUMBER_OBJECT_CONVERSION = YES_AGGRESSIVE;
				CLANG_CXX_LANGUAGE_STANDARD = "gnu++20";
				CLANG_ENABLE_MODULES = YES;
				CLANG_ENABLE_OBJC_ARC = YES;
				CLANG_ENABLE_OBJC_WEAK = YES;
				CLANG_WARN_BLOCK_CAPTURE_AUTORELEASING = YES;
				CLANG_WARN_BOOL_CONVERSION = YES;
				CLANG_WARN_COMMA = YES;
				CLANG_WARN_CONSTANT_CONVERSION = YES;
				CLANG_WARN_DEPRECATED_OBJC_IMPLEMENTATIONS = YES;
				CLANG_WARN_DIRECT_OBJC_ISA_USAGE = YES_ERROR;
				CLANG_WARN_DOCUMENTATION_COMMENTS = YES;
				CLANG_WARN_EMPTY_BODY = YES;
				CLANG_WARN_ENUM_CONVERSION = YES;
				CLANG_WARN_INFINITE_RECURSION = YES;
				CLANG_WARN_INT_CONVERSION = YES;
				CLANG_WARN_NON_LITERAL_NULL_CONVERSION = YES;
				CLANG_WARN_OBJC_IMPLICIT_RETAIN_SELF = YES;
				CLANG_WARN_OBJC_LITERAL_CONVERSION = YES;
				CLANG_WARN_OBJC_ROOT_CLASS = YES_ERROR;
				CLANG_WARN_QUOTED_INCLUDE_IN_FRAMEWORK_HEADER = YES;
				CLANG_WARN_RANGE_LOOP_ANALYSIS = YES;
				CLANG_WARN_STRICT_PROTOTYPES = YES;
				CLANG_WARN_SUSPICIOUS_MOVE = YES;
				CLANG_WARN_UNGUARDED_AVAILABILITY = YES_AGGRESSIVE;
				CLANG_WARN_UNREACHABLE_CODE = YES;
				CLANG_WARN__DUPLICATE_METHOD_MATCH = YES;
				COPY_PHASE_STRIP = NO;
				DEBUG_INFORMATION_FORMAT = "dwarf-with-dsym";
				ENABLE_NS_ASSERTIONS = NO;
				ENABLE_STRICT_OBJC_MSGSEND = YES;
				ENABLE_USER_SCRIPT_SANDBOXING = YES;
				GCC_C_LANGUAGE_STANDARD = gnu17;
				GCC_NO_COMMON_BLOCKS = YES;
				GCC_WARN_64_TO_32_BIT_CONVERSION = YES;
				GCC_WARN_ABOUT_RETURN_TYPE = YES_ERROR;
				GCC_WARN_UNDECLARED_SELECTOR = YES;
				GCC_WARN_UNINITIALIZED_AUTOS = YES_AGGRESSIVE;
				GCC_WARN_UNUSED_FUNCTION = YES;
				GCC_WARN_UNUSED_VARIABLE = YES;
				IPHONEOS_DEPLOYMENT_TARGET = 17.2;
				LOCALIZATION_PREFERS_STRING_CATALOGS = YES;
				MTL_ENABLE_DEBUG_INFO = NO;
				MTL_FAST_MATH = YES;
				SDKROOT = iphoneos;
				SWIFT_COMPILATION_MODE = wholemodule;
				VALIDATE_PRODUCT = YES;
			};
			name = Release;
		};
		09F9B4692FEFCCA50017509E /* Debug */ = {
			isa = XCBuildConfiguration;
			buildSettings = {
				ASSETCATALOG_COMPILER_APPICON_NAME = AppIcon;
				ASSETCATALOG_COMPILER_GLOBAL_ACCENT_COLOR_NAME = AccentColor;
				CODE_SIGN_STYLE = Automatic;
				CURRENT_PROJECT_VERSION = 1;
				DEVELOPMENT_ASSET_PATHS = "\"Buyza App/Preview Content\"";
				ENABLE_PREVIEWS = YES;
				GENERATE_INFOPLIST_FILE = YES;
				INFOPLIST_KEY_UIApplicationSceneManifest_Generation = YES;
				INFOPLIST_KEY_UIApplicationSupportsIndirectInputEvents = YES;
				INFOPLIST_KEY_UILaunchScreen_Generation = YES;
				INFOPLIST_KEY_UISupportedInterfaceOrientations_iPad = "UIInterfaceOrientationPortrait UIInterfaceOrientationPortraitUpsideDown UIInterfaceOrientationLandscapeLeft UIInterfaceOrientationLandscapeRight";
				INFOPLIST_KEY_UISupportedInterfaceOrientations_iPhone = "UIInterfaceOrientationPortrait UIInterfaceOrientationLandscapeLeft UIInterfaceOrientationLandscapeRight";
				IPHONEOS_DEPLOYMENT_TARGET = 15.2;
				LD_RUNPATH_SEARCH_PATHS = (
					"$(inherited)",
					"@executable_path/Frameworks",
				);
				MARKETING_VERSION = 1.0;
				PRODUCT_BUNDLE_IDENTIFIER = "ITI.Buyza-App";
				PRODUCT_NAME = "$(TARGET_NAME)";
				SWIFT_EMIT_LOC_STRINGS = YES;
				SWIFT_VERSION = 5.0;
				TARGETED_DEVICE_FAMILY = "1,2";
			};
			name = Debug;
		};
		09F9B46A2FEFCCA50017509E /* Release */ = {
			isa = XCBuildConfiguration;
			buildSettings = {
				ASSETCATALOG_COMPILER_APPICON_NAME = AppIcon;
				ASSETCATALOG_COMPILER_GLOBAL_ACCENT_COLOR_NAME = AccentColor;
				CODE_SIGN_STYLE = Automatic;
				CURRENT_PROJECT_VERSION = 1;
				DEVELOPMENT_ASSET_PATHS = "\"Buyza App/Preview Content\"";
				ENABLE_PREVIEWS = YES;
				GENERATE_INFOPLIST_FILE = YES;
				INFOPLIST_KEY_UIApplicationSceneManifest_Generation = YES;
				INFOPLIST_KEY_UIApplicationSupportsIndirectInputEvents = YES;
				INFOPLIST_KEY_UILaunchScreen_Generation = YES;
				INFOPLIST_KEY_UISupportedInterfaceOrientations_iPad = "UIInterfaceOrientationPortrait UIInterfaceOrientationPortraitUpsideDown UIInterfaceOrientationLandscapeLeft UIInterfaceOrientationLandscapeRight";
				INFOPLIST_KEY_UISupportedInterfaceOrientations_iPhone = "UIInterfaceOrientationPortrait UIInterfaceOrientationLandscapeLeft UIInterfaceOrientationLandscapeRight";
				IPHONEOS_DEPLOYMENT_TARGET = 15.2;
				LD_RUNPATH_SEARCH_PATHS = (
					"$(inherited)",
					"@executable_path/Frameworks",
				);
				MARKETING_VERSION = 1.0;
				PRODUCT_BUNDLE_IDENTIFIER = "ITI.Buyza-App";
				PRODUCT_NAME = "$(TARGET_NAME)";
				SWIFT_EMIT_LOC_STRINGS = YES;
				SWIFT_VERSION = 5.0;
				TARGETED_DEVICE_FAMILY = "1,2";
			};
			name = Release;
		};
		09F9B46C2FEFCCA50017509E /* Debug */ = {
			isa = XCBuildConfiguration;
			buildSettings = {
				ALWAYS_EMBED_SWIFT_STANDARD_LIBRARIES = YES;
				BUNDLE_LOADER = "$(TEST_HOST)";
				CODE_SIGN_STYLE = Automatic;
				CURRENT_PROJECT_VERSION = 1;
				GENERATE_INFOPLIST_FILE = YES;
				IPHONEOS_DEPLOYMENT_TARGET = 17.2;
				MARKETING_VERSION = 1.0;
				PRODUCT_BUNDLE_IDENTIFIER = "ITI.Buyza-AppTests";
				PRODUCT_NAME = "$(TARGET_NAME)";
				SWIFT_EMIT_LOC_STRINGS = NO;
				SWIFT_VERSION = 5.0;
				TARGETED_DEVICE_FAMILY = "1,2";
				TEST_HOST = "$(BUILT_PRODUCTS_DIR)/Buyza App.app/$(BUNDLE_EXECUTABLE_FOLDER_PATH)/Buyza App";
			};
			name = Debug;
		};
		09F9B46D2FEFCCA50017509E /* Release */ = {
			isa = XCBuildConfiguration;
			buildSettings = {
				ALWAYS_EMBED_SWIFT_STANDARD_LIBRARIES = YES;
				BUNDLE_LOADER = "$(TEST_HOST)";
				CODE_SIGN_STYLE = Automatic;
				CURRENT_PROJECT_VERSION = 1;
				GENERATE_INFOPLIST_FILE = YES;
				IPHONEOS_DEPLOYMENT_TARGET = 17.2;
				MARKETING_VERSION = 1.0;
				PRODUCT_BUNDLE_IDENTIFIER = "ITI.Buyza-AppTests";
				PRODUCT_NAME = "$(TARGET_NAME)";
				SWIFT_EMIT_LOC_STRINGS = NO;
				SWIFT_VERSION = 5.0;
				TARGETED_DEVICE_FAMILY = "1,2";
				TEST_HOST = "$(BUILT_PRODUCTS_DIR)/Buyza App.app/$(BUNDLE_EXECUTABLE_FOLDER_PATH)/Buyza App";
			};
			name = Release;
		};
		09F9B46F2FEFCCA50017509E /* Debug */ = {
			isa = XCBuildConfiguration;
			buildSettings = {
				ALWAYS_EMBED_SWIFT_STANDARD_LIBRARIES = YES;
				CODE_SIGN_STYLE = Automatic;
				CURRENT_PROJECT_VERSION = 1;
				GENERATE_INFOPLIST_FILE = YES;
				MARKETING_VERSION = 1.0;
				PRODUCT_BUNDLE_IDENTIFIER = "ITI.Buyza-AppUITests";
				PRODUCT_NAME = "$(TARGET_NAME)";
				SWIFT_EMIT_LOC_STRINGS = NO;
				SWIFT_VERSION = 5.0;
				TARGETED_DEVICE_FAMILY = "1,2";
				TEST_TARGET_NAME = "Buyza App";
			};
			name = Debug;
		};
		09F9B4702FEFCCA50017509E /* Release */ = {
			isa = XCBuildConfiguration;
			buildSettings = {
				ALWAYS_EMBED_SWIFT_STANDARD_LIBRARIES = YES;
				CODE_SIGN_STYLE = Automatic;
				CURRENT_PROJECT_VERSION = 1;
				GENERATE_INFOPLIST_FILE = YES;
				MARKETING_VERSION = 1.0;
				PRODUCT_BUNDLE_IDENTIFIER = "ITI.Buyza-AppUITests";
				PRODUCT_NAME = "$(TARGET_NAME)";
				SWIFT_EMIT_LOC_STRINGS = NO;
				SWIFT_VERSION = 5.0;
				TARGETED_DEVICE_FAMILY = "1,2";
				TEST_TARGET_NAME = "Buyza App";
			};
			name = Release;
		};
/* End XCBuildConfiguration section */

/* Begin XCConfigurationList section */
		09F9B43A2FEFCCA10017509E /* Build configuration list for PBXProject "Buyza App" */ = {
			isa = XCConfigurationList;
			buildConfigurations = (
				09F9B4662FEFCCA50017509E /* Debug */,
				09F9B4672FEFCCA50017509E /* Release */,
			);
			defaultConfigurationIsVisible = 0;
			defaultConfigurationName = Release;
		};
		09F9B4682FEFCCA50017509E /* Build configuration list for PBXNativeTarget "Buyza App" */ = {
			isa = XCConfigurationList;
			buildConfigurations = (
				09F9B4692FEFCCA50017509E /* Debug */,
				09F9B46A2FEFCCA50017509E /* Release */,
			);
			defaultConfigurationIsVisible = 0;
			defaultConfigurationName = Release;
		};
		09F9B46B2FEFCCA50017509E /* Build configuration list for PBXNativeTarget "Buyza AppTests" */ = {
			isa = XCConfigurationList;
			buildConfigurations = (
				09F9B46C2FEFCCA50017509E /* Debug */,
				09F9B46D2FEFCCA50017509E /* Release */,
			);
			defaultConfigurationIsVisible = 0;
			defaultConfigurationName = Release;
		};
		09F9B46E2FEFCCA50017509E /* Build configuration list for PBXNativeTarget "Buyza AppUITests" */ = {
			isa = XCConfigurationList;
			buildConfigurations = (
				09F9B46F2FEFCCA50017509E /* Debug */,
				09F9B4702FEFCCA50017509E /* Release */,
			);
			defaultConfigurationIsVisible = 0;
			defaultConfigurationName = Release;
		};
/* End XCConfigurationList section */

/* Begin XCRemoteSwiftPackageReference section */
		B8BA55912FEFD837004CA9FF /* XCRemoteSwiftPackageReference "firebase-ios-sdk" */ = {
			isa = XCRemoteSwiftPackageReference;
			repositoryURL = "https://github.com/firebase/firebase-ios-sdk";
			requirement = {
				kind = upToNextMajorVersion;
				minimumVersion = 12.15.0;
			};
		};
/* End XCRemoteSwiftPackageReference section */

/* Begin XCSwiftPackageProductDependency section */
		B8BA55922FEFD837004CA9FF /* FirebaseAuth */ = {
			isa = XCSwiftPackageProductDependency;
			package = B8BA55912FEFD837004CA9FF /* XCRemoteSwiftPackageReference "firebase-ios-sdk" */;
			productName = FirebaseAuth;
		};
		B8BA55942FEFD837004CA9FF /* FirebaseAuthCombine-Community */ = {
			isa = XCSwiftPackageProductDependency;
			package = B8BA55912FEFD837004CA9FF /* XCRemoteSwiftPackageReference "firebase-ios-sdk" */;
			productName = "FirebaseAuthCombine-Community";
		};
/* End XCSwiftPackageProductDependency section */

/* Begin XCVersionGroup section */
		09F9B44D2FEFCCA40017509E /* Buyza_App.xcdatamodeld */ = {
			isa = XCVersionGroup;
			children = (
				09F9B44E2FEFCCA40017509E /* Buyza_App.xcdatamodel */,
			);
			currentVersion = 09F9B44E2FEFCCA40017509E /* Buyza_App.xcdatamodel */;
			path = Buyza_App.xcdatamodeld;
			sourceTree = "<group>";
			versionGroupType = wrapper.xcdatamodel;
		};
/* End XCVersionGroup section */
	};
	rootObject = 09F9B4372FEFCCA10017509E /* Project object */;
}
