// !$*UTF8*$!
{
	archiveVersion = 1;
	classes = {
	};
	objectVersion = 56;
	objects = {

/* Begin PBXBuildFile section */
		097FE6AC2FEFD85400C42BC9 /* SplashView.swift in Sources */ = {isa = PBXBuildFile; fileRef = 097FE6AB2FEFD85400C42BC9 /* SplashView.swift */; };
		097FE6B12FEFE05400C42BC9 /* SplashViewModel.swift in Sources */ = {isa = PBXBuildFile; fileRef = 097FE6B02FEFE05400C42BC9 /* SplashViewModel.swift */; };
		097FE6B42FEFE4C200C42BC9 /* ContentView.swift in Sources */ = {isa = PBXBuildFile; fileRef = 097FE6B32FEFE4C200C42BC9 /* ContentView.swift */; };
		097FE6B82FEFF26200C42BC9 /* OnboardingView.swift in Sources */ = {isa = PBXBuildFile; fileRef = 097FE6B72FEFF26200C42BC9 /* OnboardingView.swift */; };
		097FE6BA2FEFF58400C42BC9 /* OnboardingStep.swift in Sources */ = {isa = PBXBuildFile; fileRef = 097FE6B92FEFF58400C42BC9 /* OnboardingStep.swift */; };
		097FE6BC2FEFF8DD00C42BC9 /* OnboardingPageView.swift in Sources */ = {isa = PBXBuildFile; fileRef = 097FE6BB2FEFF8DD00C42BC9 /* OnboardingPageView.swift */; };
		09F9B4432FEFCCA10017509E /* Buyza_AppApp.swift in Sources */ = {isa = PBXBuildFile; fileRef = 09F9B4422FEFCCA10017509E /* Buyza_AppApp.swift */; };
		09F9B4472FEFCCA40017509E /* Assets.xcassets in Resources */ = {isa = PBXBuildFile; fileRef = 09F9B4462FEFCCA40017509E /* Assets.xcassets */; };
		09F9B44A2FEFCCA40017509E /* Preview Assets.xcassets in Resources */ = {isa = PBXBuildFile; fileRef = 09F9B4492FEFCCA40017509E /* Preview Assets.xcassets */; };
		09F9B44C2FEFCCA40017509E /* Persistence.swift in Sources */ = {isa = PBXBuildFile; fileRef = 09F9B44B2FEFCCA40017509E /* Persistence.swift */; };
		09F9B44F2FEFCCA40017509E /* Buyza_App.xcdatamodeld in Sources */ = {isa = PBXBuildFile; fileRef = 09F9B44D2FEFCCA40017509E /* Buyza_App.xcdatamodeld */; };
		09F9B4592FEFCCA40017509E /* Buyza_AppTests.swift in Sources */ = {isa = PBXBuildFile; fileRef = 09F9B4582FEFCCA40017509E /* Buyza_AppTests.swift */; };
		09F9B4632FEFCCA50017509E /* Buyza_AppUITests.swift in Sources */ = {isa = PBXBuildFile; fileRef = 09F9B4622FEFCCA50017509E /* Buyza_AppUITests.swift */; };
		09F9B4652FEFCCA50017509E /* Buyza_AppUITestsLaunchTests.swift in Sources */ = {isa = PBXBuildFile; fileRef = 09F9B4642FEFCCA50017509E /* Buyza_AppUITestsLaunchTests.swift */; };
		769DB52A2FEFD7B600F532C7 /* ApiEndpoint.swift in Sources */ = {isa = PBXBuildFile; fileRef = 769DB5292FEFD7B600F532C7 /* ApiEndpoint.swift */; };
		769DB52C2FEFD96A00F532C7 /* ApiError.swift in Sources */ = {isa = PBXBuildFile; fileRef = 769DB52B2FEFD96A00F532C7 /* ApiError.swift */; };
		769DB52E2FEFDA3400F532C7 /* ApiManager.swift in Sources */ = {isa = PBXBuildFile; fileRef = 769DB52D2FEFDA3400F532C7 /* ApiManager.swift */; };
		769DB5322FEFE3F300F532C7 /* Product.swift in Sources */ = {isa = PBXBuildFile; fileRef = 769DB5312FEFE3F200F532C7 /* Product.swift */; };
		769DB5342FEFE50000F532C7 /* GraphQLRequest.swift in Sources */ = {isa = PBXBuildFile; fileRef = 769DB5332FEFE50000F532C7 /* GraphQLRequest.swift */; };
		769DB5362FEFE51000F532C7 /* GraphQLResponse.swift in Sources */ = {isa = PBXBuildFile; fileRef = 769DB5352FEFE51000F532C7 /* GraphQLResponse.swift */; };
		769DB5382FEFE60000F532C7 /* ProductsEndpoints.swift in Sources */ = {isa = PBXBuildFile; fileRef = 769DB5372FEFE60000F532C7 /* ProductsEndpoints.swift */; };
/* End PBXBuildFile section */

/* Begin PBXContainerItemProxy section */
		09F9B4552FEFCCA40017509E /* PBXContainerItemProxy */ = {
			isa = PBXContainerItemProxy;
			containerPortal = 09F9B4372FEFCCA10017509E /* Project object */;
			proxyType = 1;
			remoteGlobalIDString = 09F9B43E2FEFCCA10017509E;
			remoteInfo = "Buyza App";
		};
		09F9B45F2FEFCCA50017509E /* PBXContainerItemProxy */ = {
			isa = PBXContainerItemProxy;
			containerPortal = 09F9B4372FEFCCA10017509E /* Project object */;
			proxyType = 1;
			remoteGlobalIDString = 09F9B43E2FEFCCA10017509E;
			remoteInfo = "Buyza App";
		};
/* End PBXContainerItemProxy section */

/* Begin PBXFileReference section */
		097FE6AB2FEFD85400C42BC9 /* SplashView.swift */ = {isa = PBXFileReference; lastKnownFileType = sourcecode.swift; path = SplashView.swift; sourceTree = "<group>"; };
		097FE6B02FEFE05400C42BC9 /* SplashViewModel.swift */ = {isa = PBXFileReference; lastKnownFileType = sourcecode.swift; path = SplashViewModel.swift; sourceTree = "<group>"; };
		097FE6B32FEFE4C200C42BC9 /* ContentView.swift */ = {isa = PBXFileReference; lastKnownFileType = sourcecode.swift; path = ContentView.swift; sourceTree = "<group>"; };
		097FE6B72FEFF26200C42BC9 /* OnboardingView.swift */ = {isa = PBXFileReference; lastKnownFileType = sourcecode.swift; path = OnboardingView.swift; sourceTree = "<group>"; };
		097FE6B92FEFF58400C42BC9 /* OnboardingStep.swift */ = {isa = PBXFileReference; lastKnownFileType = sourcecode.swift; path = OnboardingStep.swift; sourceTree = "<group>"; };
		097FE6BB2FEFF8DD00C42BC9 /* OnboardingPageView.swift */ = {isa = PBXFileReference; lastKnownFileType = sourcecode.swift; path = OnboardingPageView.swift; sourceTree = "<group>"; };
		09F9B43F2FEFCCA10017509E /* Buyza App.app */ = {isa = PBXFileReference; explicitFileType = wrapper.application; includeInIndex = 0; path = "Buyza App.app"; sourceTree = BUILT_PRODUCTS_DIR; };
		09F9B4422FEFCCA10017509E /* Buyza_AppApp.swift */ = {isa = PBXFileReference; lastKnownFileType = sourcecode.swift; path = Buyza_AppApp.swift; sourceTree = "<group>"; };
		09F9B4462FEFCCA40017509E /* Assets.xcassets */ = {isa = PBXFileReference; lastKnownFileType = folder.assetcatalog; path = Assets.xcassets; sourceTree = "<group>"; };
		09F9B4492FEFCCA40017509E /* Preview Assets.xcassets */ = {isa = PBXFileReference; lastKnownFileType = folder.assetcatalog; path = "Preview Assets.xcassets"; sourceTree = "<group>"; };
		09F9B44B2FEFCCA40017509E /* Persistence.swift */ = {isa = PBXFileReference; lastKnownFileType = sourcecode.swift; path = Persistence.swift; sourceTree = "<group>"; };
		09F9B44E2FEFCCA40017509E /* Buyza_App.xcdatamodel */ = {isa = PBXFileReference; lastKnownFileType = wrapper.xcdatamodel; path = Buyza_App.xcdatamodel; sourceTree = "<group>"; };
		09F9B4542FEFCCA40017509E /* Buyza AppTests.xctest */ = {isa = PBXFileReference; explicitFileType = wrapper.cfbundle; includeInIndex = 0; path = "Buyza AppTests.xctest"; sourceTree = BUILT_PRODUCTS_DIR; };
		09F9B4582FEFCCA40017509E /* Buyza_AppTests.swift */ = {isa = PBXFileReference; lastKnownFileType = sourcecode.swift; path = Buyza_AppTests.swift; sourceTree = "<group>"; };
		09F9B45E2FEFCCA50017509E /* Buyza AppUITests.xctest */ = {isa = PBXFileReference; explicitFileType = wrapper.cfbundle; includeInIndex = 0; path = "Buyza AppUITests.xctest"; sourceTree = BUILT_PRODUCTS_DIR; };
		09F9B4622FEFCCA50017509E /* Buyza_AppUITests.swift */ = {isa = PBXFileReference; lastKnownFileType = sourcecode.swift; path = Buyza_AppUITests.swift; sourceTree = "<group>"; };
		09F9B4642FEFCCA50017509E /* Buyza_AppUITestsLaunchTests.swift */ = {isa = PBXFileReference; lastKnownFileType = sourcecode.swift; path = Buyza_AppUITestsLaunchTests.swift; sourceTree = "<group>"; };
		769DB5292FEFD7B600F532C7 /* ApiEndpoint.swift */ = {isa = PBXFileReference; lastKnownFileType = sourcecode.swift; path = ApiEndpoint.swift; sourceTree = "<group>"; };
		769DB52B2FEFD96A00F532C7 /* ApiError.swift */ = {isa = PBXFileReference; lastKnownFileType = sourcecode.swift; path = ApiError.swift; sourceTree = "<group>"; };
		769DB52D2FEFDA3400F532C7 /* ApiManager.swift */ = {isa = PBXFileReference; lastKnownFileType = sourcecode.swift; path = ApiManager.swift; sourceTree = "<group>"; };
		769DB5312FEFE3F200F532C7 /* Product.swift */ = {isa = PBXFileReference; lastKnownFileType = sourcecode.swift; path = Product.swift; sourceTree = "<group>"; };
		769DB5332FEFE50000F532C7 /* GraphQLRequest.swift */ = {isa = PBXFileReference; lastKnownFileType = sourcecode.swift; path = GraphQLRequest.swift; sourceTree = "<group>"; };
		769DB5352FEFE51000F532C7 /* GraphQLResponse.swift */ = {isa = PBXFileReference; lastKnownFileType = sourcecode.swift; path = GraphQLResponse.swift; sourceTree = "<group>"; };
		769DB5372FEFE60000F532C7 /* ProductsEndpoints.swift */ = {isa = PBXFileReference; lastKnownFileType = sourcecode.swift; path = ProductsEndpoints.swift; sourceTree = "<group>"; };
/* End PBXFileReference section */

/* Begin PBXFrameworksBuildPhase section */
		09F9B43C2FEFCCA10017509E /* Frameworks */ = {
			isa = PBXFrameworksBuildPhase;
			buildActionMask = 2147483647;
			files = (
			);
			runOnlyForDeploymentPostprocessing = 0;
		};
		09F9B4512FEFCCA40017509E /* Frameworks */ = {
			isa = PBXFrameworksBuildPhase;
			buildActionMask = 2147483647;
			files = (
			);
			runOnlyForDeploymentPostprocessing = 0;
		};
		09F9B45B2FEFCCA50017509E /* Frameworks */ = {
			isa = PBXFrameworksBuildPhase;
			buildActionMask = 2147483647;
			files = (
			);
			runOnlyForDeploymentPostprocessing = 0;
		};
/* End PBXFrameworksBuildPhase section */

/* Begin PBXGroup section */
		097FE6A82FEFD80100C42BC9 /* Presentation */ = {
			isa = PBXGroup;
			children = (
				097FE6B52FEFF23C00C42BC9 /* Onboarding */,
				097FE6AD2FEFDFEB00C42BC9 /* Splash */,
			);
			path = Presentation;
			sourceTree = "<group>";
		};
		097FE6A92FEFD81200C42BC9 /* View */ = {
			isa = PBXGroup;
			children = (
				097FE6AB2FEFD85400C42BC9 /* SplashView.swift */,
				097FE6B32FEFE4C200C42BC9 /* ContentView.swift */,
			);
			path = View;
			sourceTree = "<group>";
		};
		097FE6AD2FEFDFEB00C42BC9 /* Splash */ = {
			isa = PBXGroup;
			children = (
				097FE6AF2FEFE03300C42BC9 /* ViewModel */,
				097FE6A92FEFD81200C42BC9 /* View */,
			);
			path = Splash;
			sourceTree = "<group>";
		};
		097FE6AF2FEFE03300C42BC9 /* ViewModel */ = {
			isa = PBXGroup;
			children = (
				097FE6B02FEFE05400C42BC9 /* SplashViewModel.swift */,
			);
			path = ViewModel;
			sourceTree = "<group>";
		};
		097FE6B52FEFF23C00C42BC9 /* Onboarding */ = {
			isa = PBXGroup;
			children = (
				097FE6B62FEFF24500C42BC9 /* View */,
			);
			path = Onboarding;
			sourceTree = "<group>";
		};
		097FE6B62FEFF24500C42BC9 /* View */ = {
			isa = PBXGroup;
			children = (
				097FE6B72FEFF26200C42BC9 /* OnboardingView.swift */,
				097FE6BB2FEFF8DD00C42BC9 /* OnboardingPageView.swift */,
			);
			path = View;
			sourceTree = "<group>";
		};
		09F9B4362FEFCCA10017509E = {
			isa = PBXGroup;
			children = (
				09F9B4412FEFCCA10017509E /* Buyza App */,
				09F9B4572FEFCCA40017509E /* Buyza AppTests */,
				09F9B4612FEFCCA50017509E /* Buyza AppUITests */,
				09F9B4402FEFCCA10017509E /* Products */,
			);
			sourceTree = "<group>";
		};
		09F9B4402FEFCCA10017509E /* Products */ = {
			isa = PBXGroup;
			children = (
				09F9B43F2FEFCCA10017509E /* Buyza App.app */,
				09F9B4542FEFCCA40017509E /* Buyza AppTests.xctest */,
				09F9B45E2FEFCCA50017509E /* Buyza AppUITests.xctest */,
			);
			name = Products;
			sourceTree = "<group>";
		};
		09F9B4412FEFCCA10017509E /* Buyza App */ = {
			isa = PBXGroup;
			children = (
				769DB52F2FEFE3DC00F532C7 /* Domain */,
				769DB5262FEFD1E600F532C7 /* Data */,
				097FE6A82FEFD80100C42BC9 /* Presentation */,
				09F9B4422FEFCCA10017509E /* Buyza_AppApp.swift */,
				09F9B4462FEFCCA40017509E /* Assets.xcassets */,
				09F9B44B2FEFCCA40017509E /* Persistence.swift */,
				09F9B44D2FEFCCA40017509E /* Buyza_App.xcdatamodeld */,
				09F9B4482FEFCCA40017509E /* Preview Content */,
				097FE6B92FEFF58400C42BC9 /* OnboardingStep.swift */,
			);
			path = "Buyza App";
			sourceTree = "<group>";
		};
		09F9B4482FEFCCA40017509E /* Preview Content */ = {
			isa = PBXGroup;
			children = (
				09F9B4492FEFCCA40017509E /* Preview Assets.xcassets */,
			);
			path = "Preview Content";
			sourceTree = "<group>";
		};
		09F9B4572FEFCCA40017509E /* Buyza AppTests */ = {
			isa = PBXGroup;
			children = (
				09F9B4582FEFCCA40017509E /* Buyza_AppTests.swift */,
			);
			path = "Buyza AppTests";
			sourceTree = "<group>";
		};
		09F9B4612FEFCCA50017509E /* Buyza AppUITests */ = {
			isa = PBXGroup;
			children = (
				09F9B4622FEFCCA50017509E /* Buyza_AppUITests.swift */,
				09F9B4642FEFCCA50017509E /* Buyza_AppUITestsLaunchTests.swift */,
			);
			path = "Buyza AppUITests";
			sourceTree = "<group>";
		};
		769DB5262FEFD1E600F532C7 /* Data */ = {
			isa = PBXGroup;
			children = (
				769DB5272FEFD22300F532C7 /* Network */,
			);
			path = Data;
			sourceTree = "<group>";
		};
		769DB5272FEFD22300F532C7 /* Network */ = {
			isa = PBXGroup;
			children = (
				769DB5292FEFD7B600F532C7 /* ApiEndpoint.swift */,
				769DB52B2FEFD96A00F532C7 /* ApiError.swift */,
				769DB52D2FEFDA3400F532C7 /* ApiManager.swift */,
				769DB5332FEFE50000F532C7 /* GraphQLRequest.swift */,
				769DB5352FEFE51000F532C7 /* GraphQLResponse.swift */,
				769DB5372FEFE60000F532C7 /* ProductsEndpoints.swift */,
			);
			path = Network;
			sourceTree = "<group>";
		};
		769DB52F2FEFE3DC00F532C7 /* Domain */ = {
			isa = PBXGroup;
			children = (
				769DB5302FEFE3E400F532C7 /* Models */,
			);
			path = Domain;
			sourceTree = "<group>";
		};
		769DB5302FEFE3E400F532C7 /* Models */ = {
			isa = PBXGroup;
			children = (
				769DB5312FEFE3F200F532C7 /* Product.swift */,
			);
			path = Models;
			sourceTree = "<group>";
		};
/* End PBXGroup section */

/* Begin PBXNativeTarget section */
		09F9B43E2FEFCCA10017509E /* Buyza App */ = {
			isa = PBXNativeTarget;
			buildConfigurationList = 09F9B4682FEFCCA50017509E /* Build configuration list for PBXNativeTarget "Buyza App" */;
			buildPhases = (
				09F9B43B2FEFCCA10017509E /* Sources */,
				09F9B43C2FEFCCA10017509E /* Frameworks */,
				09F9B43D2FEFCCA10017509E /* Resources */,
			);
			buildRules = (
			);
			dependencies = (
			);
			name = "Buyza App";
			productName = "Buyza App";
			productReference = 09F9B43F2FEFCCA10017509E /* Buyza App.app */;
			productType = "com.apple.product-type.application";
		};
		09F9B4532FEFCCA40017509E /* Buyza AppTests */ = {
			isa = PBXNativeTarget;
			buildConfigurationList = 09F9B46B2FEFCCA50017509E /* Build configuration list for PBXNativeTarget "Buyza AppTests" */;
			buildPhases = (
				09F9B4502FEFCCA40017509E /* Sources */,
				09F9B4512FEFCCA40017509E /* Frameworks */,
				09F9B4522FEFCCA40017509E /* Resources */,
			);
			buildRules = (
			);
			dependencies = (
				09F9B4562FEFCCA40017509E /* PBXTargetDependency */,
			);
			name = "Buyza AppTests";
			productName = "Buyza AppTests";
			productReference = 09F9B4542FEFCCA40017509E /* Buyza AppTests.xctest */;
			productType = "com.apple.product-type.bundle.unit-test";
		};
		09F9B45D2FEFCCA50017509E /* Buyza AppUITests */ = {
			isa = PBXNativeTarget;
			buildConfigurationList = 09F9B46E2FEFCCA50017509E /* Build configuration list for PBXNativeTarget "Buyza AppUITests" */;
			buildPhases = (
				09F9B45A2FEFCCA50017509E /* Sources */,
				09F9B45B2FEFCCA50017509E /* Frameworks */,
				09F9B45C2FEFCCA50017509E /* Resources */,
			);
			buildRules = (
			);
			dependencies = (
				09F9B4602FEFCCA50017509E /* PBXTargetDependency */,
			);
			name = "Buyza AppUITests";
			productName = "Buyza AppUITests";
			productReference = 09F9B45E2FEFCCA50017509E /* Buyza AppUITests.xctest */;
			productType = "com.apple.product-type.bundle.ui-testing";
		};
/* End PBXNativeTarget section */

/* Begin PBXProject section */
		09F9B4372FEFCCA10017509E /* Project object */ = {
			isa = PBXProject;
			attributes = {
				BuildIndependentTargetsInParallel = 1;
				LastSwiftUpdateCheck = 1520;
				LastUpgradeCheck = 1520;
				TargetAttributes = {
					09F9B43E2FEFCCA10017509E = {
						CreatedOnToolsVersion = 15.2;
					};
					09F9B4532FEFCCA40017509E = {
						CreatedOnToolsVersion = 15.2;
						TestTargetID = 09F9B43E2FEFCCA10017509E;
					};
					09F9B45D2FEFCCA50017509E = {
						CreatedOnToolsVersion = 15.2;
						TestTargetID = 09F9B43E2FEFCCA10017509E;
					};
				};
			};
			buildConfigurationList = 09F9B43A2FEFCCA10017509E /* Build configuration list for PBXProject "Buyza App" */;
			compatibilityVersion = "Xcode 14.0";
			developmentRegion = en;
			hasScannedForEncodings = 0;
			knownRegions = (
				en,
				Base,
			);
			mainGroup = 09F9B4362FEFCCA10017509E;
			productRefGroup = 09F9B4402FEFCCA10017509E /* Products */;
			projectDirPath = "";
			projectRoot = "";
			targets = (
				09F9B43E2FEFCCA10017509E /* Buyza App */,
				09F9B4532FEFCCA40017509E /* Buyza AppTests */,
				09F9B45D2FEFCCA50017509E /* Buyza AppUITests */,
			);
		};
/* End PBXProject section */

/* Begin PBXResourcesBuildPhase section */
		09F9B43D2FEFCCA10017509E /* Resources */ = {
			isa = PBXResourcesBuildPhase;
			buildActionMask = 2147483647;
			files = (
				09F9B44A2FEFCCA40017509E /* Preview Assets.xcassets in Resources */,
				09F9B4472FEFCCA40017509E /* Assets.xcassets in Resources */,
			);
			runOnlyForDeploymentPostprocessing = 0;
		};
		09F9B4522FEFCCA40017509E /* Resources */ = {
			isa = PBXResourcesBuildPhase;
			buildActionMask = 2147483647;
			files = (
			);
			runOnlyForDeploymentPostprocessing = 0;
		};
		09F9B45C2FEFCCA50017509E /* Resources */ = {
			isa = PBXResourcesBuildPhase;
			buildActionMask = 2147483647;
			files = (
			);
			runOnlyForDeploymentPostprocessing = 0;
		};
/* End PBXResourcesBuildPhase section */

/* Begin PBXSourcesBuildPhase section */
		09F9B43B2FEFCCA10017509E /* Sources */ = {
			isa = PBXSourcesBuildPhase;
			buildActionMask = 2147483647;
			files = (
				09F9B44C2FEFCCA40017509E /* Persistence.swift in Sources */,
				769DB5322FEFE3F300F532C7 /* Product.swift in Sources */,
				09F9B44F2FEFCCA40017509E /* Buyza_App.xcdatamodeld in Sources */,
				09F9B4452FEFCCA10017509E /* ContentView.swift in Sources */,
				769DB52E2FEFDA3400F532C7 /* ApiManager.swift in Sources */,
				097FE6B42FEFE4C200C42BC9 /* ContentView.swift in Sources */,
				097FE6AC2FEFD85400C42BC9 /* SplashView.swift in Sources */,
				097FE6BA2FEFF58400C42BC9 /* OnboardingStep.swift in Sources */,
				097FE6B12FEFE05400C42BC9 /* SplashViewModel.swift in Sources */,
				097FE6BC2FEFF8DD00C42BC9 /* OnboardingPageView.swift in Sources */,
				09F9B4432FEFCCA10017509E /* Buyza_AppApp.swift in Sources */,
				769DB52A2FEFD7B600F532C7 /* ApiEndpoint.swift in Sources */,
				769DB52C2FEFD96A00F532C7 /* ApiError.swift in Sources */,
				769DB5342FEFE50000F532C7 /* GraphQLRequest.swift in Sources */,
				769DB5362FEFE51000F532C7 /* GraphQLResponse.swift in Sources */,
				769DB5382FEFE60000F532C7 /* ProductsEndpoints.swift in Sources */,
				097FE6B82FEFF26200C42BC9 /* OnboardingView.swift in Sources */,
			);
			runOnlyForDeploymentPostprocessing = 0;
		};
		09F9B4502FEFCCA40017509E /* Sources */ = {
			isa = PBXSourcesBuildPhase;
			buildActionMask = 2147483647;
			files = (
				09F9B4592FEFCCA40017509E /* Buyza_AppTests.swift in Sources */,
			);
			runOnlyForDeploymentPostprocessing = 0;
		};
		09F9B45A2FEFCCA50017509E /* Sources */ = {
			isa = PBXSourcesBuildPhase;
			buildActionMask = 2147483647;
			files = (
				09F9B4652FEFCCA50017509E /* Buyza_AppUITestsLaunchTests.swift in Sources */,
				09F9B4632FEFCCA50017509E /* Buyza_AppUITests.swift in Sources */,
			);
			runOnlyForDeploymentPostprocessing = 0;
		};
/* End PBXSourcesBuildPhase section */

/* Begin PBXTargetDependency section */
		09F9B4562FEFCCA40017509E /* PBXTargetDependency */ = {
			isa = PBXTargetDependency;
			target = 09F9B43E2FEFCCA10017509E /* Buyza App */;
			targetProxy = 09F9B4552FEFCCA40017509E /* PBXContainerItemProxy */;
		};
		09F9B4602FEFCCA50017509E /* PBXTargetDependency */ = {
			isa = PBXTargetDependency;
			target = 09F9B43E2FEFCCA10017509E /* Buyza App */;
			targetProxy = 09F9B45F2FEFCCA50017509E /* PBXContainerItemProxy */;
		};
/* End PBXTargetDependency section */

/* Begin XCBuildConfiguration section */
		09F9B4662FEFCCA50017509E /* Debug */ = {
			isa = XCBuildConfiguration;
			buildSettings = {
				ALWAYS_SEARCH_USER_PATHS = NO;
				ASSETCATALOG_COMPILER_GENERATE_SWIFT_ASSET_SYMBOL_EXTENSIONS = YES;
				CLANG_ANALYZER_NONNULL = YES;
				CLANG_ANALYZER_NUMBER_OBJECT_CONVERSION = YES_AGGRESSIVE;
				CLANG_CXX_LANGUAGE_STANDARD = "gnu++20";
				CLANG_ENABLE_MODULES = YES;
				CLANG_ENABLE_OBJC_ARC = YES;
				CLANG_ENABLE_OBJC_WEAK = YES;
				CLANG_WARN_BLOCK_CAPTURE_AUTORELEASING = YES;
				CLANG_WARN_BOOL_CONVERSION = YES;
				CLANG_WARN_COMMA = YES;
				CLANG_WARN_CONSTANT_CONVERSION = YES;
				CLANG_WARN_DEPRECATED_OBJC_IMPLEMENTATIONS = YES;
				CLANG_WARN_DIRECT_OBJC_ISA_USAGE = YES_ERROR;
				CLANG_WARN_DOCUMENTATION_COMMENTS = YES;
				CLANG_WARN_EMPTY_BODY = YES;
				CLANG_WARN_ENUM_CONVERSION = YES;
				CLANG_WARN_INFINITE_RECURSION = YES;
				CLANG_WARN_INT_CONVERSION = YES;
				CLANG_WARN_NON_LITERAL_NULL_CONVERSION = YES;
				CLANG_WARN_OBJC_IMPLICIT_RETAIN_SELF = YES;
				CLANG_WARN_OBJC_LITERAL_CONVERSION = YES;
				CLANG_WARN_OBJC_ROOT_CLASS = YES_ERROR;
				CLANG_WARN_QUOTED_INCLUDE_IN_FRAMEWORK_HEADER = YES;
				CLANG_WARN_RANGE_LOOP_ANALYSIS = YES;
				CLANG_WARN_STRICT_PROTOTYPES = YES;
				CLANG_WARN_SUSPICIOUS_MOVE = YES;
				CLANG_WARN_UNGUARDED_AVAILABILITY = YES_AGGRESSIVE;
				CLANG_WARN_UNREACHABLE_CODE = YES;
				CLANG_WARN__DUPLICATE_METHOD_MATCH = YES;
				COPY_PHASE_STRIP = NO;
				DEBUG_INFORMATION_FORMAT = dwarf;
				ENABLE_STRICT_OBJC_MSGSEND = YES;
				ENABLE_TESTABILITY = YES;
				ENABLE_USER_SCRIPT_SANDBOXING = YES;
				GCC_C_LANGUAGE_STANDARD = gnu17;
				GCC_DYNAMIC_NO_PIC = NO;
				GCC_NO_COMMON_BLOCKS = YES;
				GCC_OPTIMIZATION_LEVEL = 0;
				GCC_PREPROCESSOR_DEFINITIONS = (
					"DEBUG=1",
					"$(inherited)",
				);
				GCC_WARN_64_TO_32_BIT_CONVERSION = YES;
				GCC_WARN_ABOUT_RETURN_TYPE = YES_ERROR;
				GCC_WARN_UNDECLARED_SELECTOR = YES;
				GCC_WARN_UNINITIALIZED_AUTOS = YES_AGGRESSIVE;
				GCC_WARN_UNUSED_FUNCTION = YES;
				GCC_WARN_UNUSED_VARIABLE = YES;
				IPHONEOS_DEPLOYMENT_TARGET = 17.2;
				LOCALIZATION_PREFERS_STRING_CATALOGS = YES;
				MTL_ENABLE_DEBUG_INFO = INCLUDE_SOURCE;
				MTL_FAST_MATH = YES;
				ONLY_ACTIVE_ARCH = YES;
				SDKROOT = iphoneos;
				SWIFT_ACTIVE_COMPILATION_CONDITIONS = "DEBUG $(inherited)";
				SWIFT_OPTIMIZATION_LEVEL = "-Onone";
			};
			name = Debug;
		};
		09F9B4672FEFCCA50017509E /* Release */ = {
			isa = XCBuildConfiguration;
			buildSettings = {
				ALWAYS_SEARCH_USER_PATHS = NO;
				ASSETCATALOG_COMPILER_GENERATE_SWIFT_ASSET_SYMBOL_EXTENSIONS = YES;
				CLANG_ANALYZER_NONNULL = YES;
				CLANG_ANALYZER_NUMBER_OBJECT_CONVERSION = YES_AGGRESSIVE;
				CLANG_CXX_LANGUAGE_STANDARD = "gnu++20";
				CLANG_ENABLE_MODULES = YES;
				CLANG_ENABLE_OBJC_ARC = YES;
				CLANG_ENABLE_OBJC_WEAK = YES;
				CLANG_WARN_BLOCK_CAPTURE_AUTORELEASING = YES;
				CLANG_WARN_BOOL_CONVERSION = YES;
				CLANG_WARN_COMMA = YES;
				CLANG_WARN_CONSTANT_CONVERSION = YES;
				CLANG_WARN_DEPRECATED_OBJC_IMPLEMENTATIONS = YES;
				CLANG_WARN_DIRECT_OBJC_ISA_USAGE = YES_ERROR;
				CLANG_WARN_DOCUMENTATION_COMMENTS = YES;
				CLANG_WARN_EMPTY_BODY = YES;
				CLANG_WARN_ENUM_CONVERSION = YES;
				CLANG_WARN_INFINITE_RECURSION = YES;
				CLANG_WARN_INT_CONVERSION = YES;
				CLANG_WARN_NON_LITERAL_NULL_CONVERSION = YES;
				CLANG_WARN_OBJC_IMPLICIT_RETAIN_SELF = YES;
				CLANG_WARN_OBJC_LITERAL_CONVERSION = YES;
				CLANG_WARN_OBJC_ROOT_CLASS = YES_ERROR;
				CLANG_WARN_QUOTED_INCLUDE_IN_FRAMEWORK_HEADER = YES;
				CLANG_WARN_RANGE_LOOP_ANALYSIS = YES;
				CLANG_WARN_STRICT_PROTOTYPES = YES;
				CLANG_WARN_SUSPICIOUS_MOVE = YES;
				CLANG_WARN_UNGUARDED_AVAILABILITY = YES_AGGRESSIVE;
				CLANG_WARN_UNREACHABLE_CODE = YES;
				CLANG_WARN__DUPLICATE_METHOD_MATCH = YES;
				COPY_PHASE_STRIP = NO;
				DEBUG_INFORMATION_FORMAT = "dwarf-with-dsym";
				ENABLE_NS_ASSERTIONS = NO;
				ENABLE_STRICT_OBJC_MSGSEND = YES;
				ENABLE_USER_SCRIPT_SANDBOXING = YES;
				GCC_C_LANGUAGE_STANDARD = gnu17;
				GCC_NO_COMMON_BLOCKS = YES;
				GCC_WARN_64_TO_32_BIT_CONVERSION = YES;
				GCC_WARN_ABOUT_RETURN_TYPE = YES_ERROR;
				GCC_WARN_UNDECLARED_SELECTOR = YES;
				GCC_WARN_UNINITIALIZED_AUTOS = YES_AGGRESSIVE;
				GCC_WARN_UNUSED_FUNCTION = YES;
				GCC_WARN_UNUSED_VARIABLE = YES;
				IPHONEOS_DEPLOYMENT_TARGET = 17.2;
				LOCALIZATION_PREFERS_STRING_CATALOGS = YES;
				MTL_ENABLE_DEBUG_INFO = NO;
				MTL_FAST_MATH = YES;
				SDKROOT = iphoneos;
				SWIFT_COMPILATION_MODE = wholemodule;
				VALIDATE_PRODUCT = YES;
			};
			name = Release;
		};
		09F9B4692FEFCCA50017509E /* Debug */ = {
			isa = XCBuildConfiguration;
			buildSettings = {
				ASSETCATALOG_COMPILER_APPICON_NAME = AppIcon;
				ASSETCATALOG_COMPILER_GLOBAL_ACCENT_COLOR_NAME = AccentColor;
				CODE_SIGN_STYLE = Automatic;
				CURRENT_PROJECT_VERSION = 1;
				DEVELOPMENT_ASSET_PATHS = "\"Buyza App/Preview Content\"";
				ENABLE_PREVIEWS = YES;
				GENERATE_INFOPLIST_FILE = YES;
				INFOPLIST_KEY_UIApplicationSceneManifest_Generation = YES;
				INFOPLIST_KEY_UIApplicationSupportsIndirectInputEvents = YES;
				INFOPLIST_KEY_UILaunchScreen_Generation = YES;
				INFOPLIST_KEY_UISupportedInterfaceOrientations_iPad = "UIInterfaceOrientationPortrait UIInterfaceOrientationPortraitUpsideDown UIInterfaceOrientationLandscapeLeft UIInterfaceOrientationLandscapeRight";
				INFOPLIST_KEY_UISupportedInterfaceOrientations_iPhone = "UIInterfaceOrientationPortrait UIInterfaceOrientationLandscapeLeft UIInterfaceOrientationLandscapeRight";
				LD_RUNPATH_SEARCH_PATHS = (
					"$(inherited)",
					"@executable_path/Frameworks",
				);
				MARKETING_VERSION = 1.0;
				PRODUCT_BUNDLE_IDENTIFIER = "ITI.Buyza-App";
				PRODUCT_NAME = "$(TARGET_NAME)";
				SWIFT_EMIT_LOC_STRINGS = YES;
				SWIFT_VERSION = 5.0;
				TARGETED_DEVICE_FAMILY = "1,2";
			};
			name = Debug;
		};
		09F9B46A2FEFCCA50017509E /* Release */ = {
			isa = XCBuildConfiguration;
			buildSettings = {
				ASSETCATALOG_COMPILER_APPICON_NAME = AppIcon;
				ASSETCATALOG_COMPILER_GLOBAL_ACCENT_COLOR_NAME = AccentColor;
				CODE_SIGN_STYLE = Automatic;
				CURRENT_PROJECT_VERSION = 1;
				DEVELOPMENT_ASSET_PATHS = "\"Buyza App/Preview Content\"";
				ENABLE_PREVIEWS = YES;
				GENERATE_INFOPLIST_FILE = YES;
				INFOPLIST_KEY_UIApplicationSceneManifest_Generation = YES;
				INFOPLIST_KEY_UIApplicationSupportsIndirectInputEvents = YES;
				INFOPLIST_KEY_UILaunchScreen_Generation = YES;
				INFOPLIST_KEY_UISupportedInterfaceOrientations_iPad = "UIInterfaceOrientationPortrait UIInterfaceOrientationPortraitUpsideDown UIInterfaceOrientationLandscapeLeft UIInterfaceOrientationLandscapeRight";
				INFOPLIST_KEY_UISupportedInterfaceOrientations_iPhone = "UIInterfaceOrientationPortrait UIInterfaceOrientationLandscapeLeft UIInterfaceOrientationLandscapeRight";
				LD_RUNPATH_SEARCH_PATHS = (
					"$(inherited)",
					"@executable_path/Frameworks",
				);
				MARKETING_VERSION = 1.0;
				PRODUCT_BUNDLE_IDENTIFIER = "ITI.Buyza-App";
				PRODUCT_NAME = "$(TARGET_NAME)";
				SWIFT_EMIT_LOC_STRINGS = YES;
				SWIFT_VERSION = 5.0;
				TARGETED_DEVICE_FAMILY = "1,2";
			};
			name = Release;
		};
		09F9B46C2FEFCCA50017509E /* Debug */ = {
			isa = XCBuildConfiguration;
			buildSettings = {
				ALWAYS_EMBED_SWIFT_STANDARD_LIBRARIES = YES;
				BUNDLE_LOADER = "$(TEST_HOST)";
				CODE_SIGN_STYLE = Automatic;
				CURRENT_PROJECT_VERSION = 1;
				GENERATE_INFOPLIST_FILE = YES;
				IPHONEOS_DEPLOYMENT_TARGET = 17.2;
				MARKETING_VERSION = 1.0;
				PRODUCT_BUNDLE_IDENTIFIER = "ITI.Buyza-AppTests";
				PRODUCT_NAME = "$(TARGET_NAME)";
				SWIFT_EMIT_LOC_STRINGS = NO;
				SWIFT_VERSION = 5.0;
				TARGETED_DEVICE_FAMILY = "1,2";
				TEST_HOST = "$(BUILT_PRODUCTS_DIR)/Buyza App.app/$(BUNDLE_EXECUTABLE_FOLDER_PATH)/Buyza App";
			};
			name = Debug;
		};
		09F9B46D2FEFCCA50017509E /* Release */ = {
			isa = XCBuildConfiguration;
			buildSettings = {
				ALWAYS_EMBED_SWIFT_STANDARD_LIBRARIES = YES;
				BUNDLE_LOADER = "$(TEST_HOST)";
				CODE_SIGN_STYLE = Automatic;
				CURRENT_PROJECT_VERSION = 1;
				GENERATE_INFOPLIST_FILE = YES;
				IPHONEOS_DEPLOYMENT_TARGET = 17.2;
				MARKETING_VERSION = 1.0;
				PRODUCT_BUNDLE_IDENTIFIER = "ITI.Buyza-AppTests";
				PRODUCT_NAME = "$(TARGET_NAME)";
				SWIFT_EMIT_LOC_STRINGS = NO;
				SWIFT_VERSION = 5.0;
				TARGETED_DEVICE_FAMILY = "1,2";
				TEST_HOST = "$(BUILT_PRODUCTS_DIR)/Buyza App.app/$(BUNDLE_EXECUTABLE_FOLDER_PATH)/Buyza App";
			};
			name = Release;
		};
		09F9B46F2FEFCCA50017509E /* Debug */ = {
			isa = XCBuildConfiguration;
			buildSettings = {
				ALWAYS_EMBED_SWIFT_STANDARD_LIBRARIES = YES;
				CODE_SIGN_STYLE = Automatic;
				CURRENT_PROJECT_VERSION = 1;
				GENERATE_INFOPLIST_FILE = YES;
				MARKETING_VERSION = 1.0;
				PRODUCT_BUNDLE_IDENTIFIER = "ITI.Buyza-AppUITests";
				PRODUCT_NAME = "$(TARGET_NAME)";
				SWIFT_EMIT_LOC_STRINGS = NO;
				SWIFT_VERSION = 5.0;
				TARGETED_DEVICE_FAMILY = "1,2";
				TEST_TARGET_NAME = "Buyza App";
			};
			name = Debug;
		};
		09F9B4702FEFCCA50017509E /* Release */ = {
			isa = XCBuildConfiguration;
			buildSettings = {
				ALWAYS_EMBED_SWIFT_STANDARD_LIBRARIES = YES;
				CODE_SIGN_STYLE = Automatic;
				CURRENT_PROJECT_VERSION = 1;
				GENERATE_INFOPLIST_FILE = YES;
				MARKETING_VERSION = 1.0;
				PRODUCT_BUNDLE_IDENTIFIER = "ITI.Buyza-AppUITests";
				PRODUCT_NAME = "$(TARGET_NAME)";
				SWIFT_EMIT_LOC_STRINGS = NO;
				SWIFT_VERSION = 5.0;
				TARGETED_DEVICE_FAMILY = "1,2";
				TEST_TARGET_NAME = "Buyza App";
			};
			name = Release;
		};
/* End XCBuildConfiguration section */

/* Begin XCConfigurationList section */
		09F9B43A2FEFCCA10017509E /* Build configuration list for PBXProject "Buyza App" */ = {
			isa = XCConfigurationList;
			buildConfigurations = (
				09F9B4662FEFCCA50017509E /* Debug */,
				09F9B4672FEFCCA50017509E /* Release */,
			);
			defaultConfigurationIsVisible = 0;
			defaultConfigurationName = Release;
		};
		09F9B4682FEFCCA50017509E /* Build configuration list for PBXNativeTarget "Buyza App" */ = {
			isa = XCConfigurationList;
			buildConfigurations = (
				09F9B4692FEFCCA50017509E /* Debug */,
				09F9B46A2FEFCCA50017509E /* Release */,
			);
			defaultConfigurationIsVisible = 0;
			defaultConfigurationName = Release;
		};
		09F9B46B2FEFCCA50017509E /* Build configuration list for PBXNativeTarget "Buyza AppTests" */ = {
			isa = XCConfigurationList;
			buildConfigurations = (
				09F9B46C2FEFCCA50017509E /* Debug */,
				09F9B46D2FEFCCA50017509E /* Release */,
			);
			defaultConfigurationIsVisible = 0;
			defaultConfigurationName = Release;
		};
		09F9B46E2FEFCCA50017509E /* Build configuration list for PBXNativeTarget "Buyza AppUITests" */ = {
			isa = XCConfigurationList;
			buildConfigurations = (
				09F9B46F2FEFCCA50017509E /* Debug */,
				09F9B4702FEFCCA50017509E /* Release */,
			);
			defaultConfigurationIsVisible = 0;
			defaultConfigurationName = Release;
		};
/* End XCConfigurationList section */

/* Begin XCVersionGroup section */
		09F9B44D2FEFCCA40017509E /* Buyza_App.xcdatamodeld */ = {
			isa = XCVersionGroup;
			children = (
				09F9B44E2FEFCCA40017509E /* Buyza_App.xcdatamodel */,
			);
			currentVersion = 09F9B44E2FEFCCA40017509E /* Buyza_App.xcdatamodel */;
			path = Buyza_App.xcdatamodeld;
			sourceTree = "<group>";
			versionGroupType = wrapper.xcdatamodel;
		};
/* End XCVersionGroup section */
	};
	rootObject = 09F9B4372FEFCCA10017509E /* Project object */;
}
