// !$*UTF8*$!
{
	archiveVersion = 1;
	classes = {
	};
	objectVersion = 56;
	objects = {

/* Begin PBXBuildFile section */
		09767E732FF2F7D6004D37E8 /* CategoriesListView.swift in Sources */ = {isa = PBXBuildFile; fileRef = 09767E722FF2F7D5004D37E8 /* CategoriesListView.swift */; };
		09767E762FF30461004D37E8 /* BrandsListView.swift in Sources */ = {isa = PBXBuildFile; fileRef = 09767E752FF30461004D37E8 /* BrandsListView.swift */; };
		09767E782FF3118A004D37E8 /* ProductCard.swift in Sources */ = {isa = PBXBuildFile; fileRef = 09767E772FF3118A004D37E8 /* ProductCard.swift */; };
		0978086B2FF40B5A00ECF823 /* ProductGrid.swift in Sources */ = {isa = PBXBuildFile; fileRef = 0978086A2FF40B5A00ECF823 /* ProductGrid.swift */; };
		097FE6AC2FEFD85400C42BC9 /* SplashView.swift in Sources */ = {isa = PBXBuildFile; fileRef = 097FE6AB2FEFD85400C42BC9 /* SplashView.swift */; };
		097FE6B12FEFE05400C42BC9 /* SplashViewModel.swift in Sources */ = {isa = PBXBuildFile; fileRef = 097FE6B02FEFE05400C42BC9 /* SplashViewModel.swift */; };
		097FE6B82FEFF26200C42BC9 /* OnboardingView.swift in Sources */ = {isa = PBXBuildFile; fileRef = 097FE6B72FEFF26200C42BC9 /* OnboardingView.swift */; };
		097FE6BA2FEFF58400C42BC9 /* OnboardingStep.swift in Sources */ = {isa = PBXBuildFile; fileRef = 097FE6B92FEFF58400C42BC9 /* OnboardingStep.swift */; };
		097FE6BC2FEFF8DD00C42BC9 /* OnboardingPageView.swift in Sources */ = {isa = PBXBuildFile; fileRef = 097FE6BB2FEFF8DD00C42BC9 /* OnboardingPageView.swift */; };
		097FE6C02FF01FDD00C42BC9 /* CollectionCell.swift in Sources */ = {isa = PBXBuildFile; fileRef = 097FE6BF2FF01FDD00C42BC9 /* CollectionCell.swift */; };
		097FE6C42FF025AE00C42BC9 /* HomeView.swift in Sources */ = {isa = PBXBuildFile; fileRef = 097FE6C32FF025AE00C42BC9 /* HomeView.swift */; };
		097FE6C82FF026BD00C42BC9 /* MainView.swift in Sources */ = {isa = PBXBuildFile; fileRef = 097FE6C72FF026BD00C42BC9 /* MainView.swift */; };
		097FE6CA2FF027E400C42BC9 /* HomeHeader.swift in Sources */ = {isa = PBXBuildFile; fileRef = 097FE6C92FF027E400C42BC9 /* HomeHeader.swift */; };
		09BBE4DE2FF2C76E003A54DF /* HomeViewModel.swift in Sources */ = {isa = PBXBuildFile; fileRef = 09BBE4DD2FF2C76E003A54DF /* HomeViewModel.swift */; };
		09BBE4E12FF2CC07003A54DF /* Category.swift in Sources */ = {isa = PBXBuildFile; fileRef = 09BBE4E02FF2CC07003A54DF /* Category.swift */; };
		09BBE4E32FF2CFC8003A54DF /* Brand.swift in Sources */ = {isa = PBXBuildFile; fileRef = 09BBE4E22FF2CFC8003A54DF /* Brand.swift */; };
		09F9B4432FEFCCA10017509E /* Buyza_AppApp.swift in Sources */ = {isa = PBXBuildFile; fileRef = 09F9B4422FEFCCA10017509E /* Buyza_AppApp.swift */; };
		09F9B4472FEFCCA40017509E /* Assets.xcassets in Resources */ = {isa = PBXBuildFile; fileRef = 09F9B4462FEFCCA40017509E /* Assets.xcassets */; };
		09F9B44A2FEFCCA40017509E /* Preview Assets.xcassets in Resources */ = {isa = PBXBuildFile; fileRef = 09F9B4492FEFCCA40017509E /* Preview Assets.xcassets */; };
		09F9B44C2FEFCCA40017509E /* Persistence.swift in Sources */ = {isa = PBXBuildFile; fileRef = 09F9B44B2FEFCCA40017509E /* Persistence.swift */; };
		09F9B44F2FEFCCA40017509E /* Buyza_App.xcdatamodeld in Sources */ = {isa = PBXBuildFile; fileRef = 09F9B44D2FEFCCA40017509E /* Buyza_App.xcdatamodeld */; };
		09F9B4592FEFCCA40017509E /* Buyza_AppTests.swift in Sources */ = {isa = PBXBuildFile; fileRef = 09F9B4582FEFCCA40017509E /* Buyza_AppTests.swift */; };
		09F9B4632FEFCCA50017509E /* Buyza_AppUITests.swift in Sources */ = {isa = PBXBuildFile; fileRef = 09F9B4622FEFCCA50017509E /* Buyza_AppUITests.swift */; };
		09F9B4652FEFCCA50017509E /* Buyza_AppUITestsLaunchTests.swift in Sources */ = {isa = PBXBuildFile; fileRef = 09F9B4642FEFCCA50017509E /* Buyza_AppUITestsLaunchTests.swift */; };
		769DB52A2FEFD7B600F532C7 /* ApiEndpoint.swift in Sources */ = {isa = PBXBuildFile; fileRef = 769DB5292FEFD7B600F532C7 /* ApiEndpoint.swift */; };
		769DB52C2FEFD96A00F532C7 /* ApiError.swift in Sources */ = {isa = PBXBuildFile; fileRef = 769DB52B2FEFD96A00F532C7 /* ApiError.swift */; };
		769DB52E2FEFDA3400F532C7 /* ApiManager.swift in Sources */ = {isa = PBXBuildFile; fileRef = 769DB52D2FEFDA3400F532C7 /* ApiManager.swift */; };
		769DB5322FEFE3F300F532C7 /* Product.swift in Sources */ = {isa = PBXBuildFile; fileRef = 769DB5312FEFE3F200F532C7 /* Product.swift */; };
		769DB5342FEFE50000F532C7 /* GraphQLRequest.swift in Sources */ = {isa = PBXBuildFile; fileRef = 769DB5332FEFE50000F532C7 /* GraphQLRequest.swift */; };
		769DB5362FEFE51000F532C7 /* GraphQLResponse.swift in Sources */ = {isa = PBXBuildFile; fileRef = 769DB5352FEFE51000F532C7 /* GraphQLResponse.swift */; };
		769DC0042FF0010000F532C7 /* ProductDetailUseCaseProtocol.swift in Sources */ = {isa = PBXBuildFile; fileRef = 769DC0032FF0010000F532C7 /* ProductDetailUseCaseProtocol.swift */; };
		769DC0062FF0010000F532C7 /* ProductDetailUseCase.swift in Sources */ = {isa = PBXBuildFile; fileRef = 769DC0052FF0010000F532C7 /* ProductDetailUseCase.swift */; };
		769DC0082FF0010000F532C7 /* ProductDetailViewModel.swift in Sources */ = {isa = PBXBuildFile; fileRef = 769DC0072FF0010000F532C7 /* ProductDetailViewModel.swift */; };
		769DC00A2FF0010000F532C7 /* ProductDetailView.swift in Sources */ = {isa = PBXBuildFile; fileRef = 769DC0092FF0010000F532C7 /* ProductDetailView.swift */; };
		769DC00C2FF0010000F532C7 /* Color+Hex.swift in Sources */ = {isa = PBXBuildFile; fileRef = 769DC00B2FF0010000F532C7 /* Color+Hex.swift */; };
		769DC00E2FF0010000F532C7 /* ProductImageCarousel.swift in Sources */ = {isa = PBXBuildFile; fileRef = 769DC00D2FF0010000F532C7 /* ProductImageCarousel.swift */; };
		769DC0102FF0010000F532C7 /* ProductSizeSelector.swift in Sources */ = {isa = PBXBuildFile; fileRef = 769DC00F2FF0010000F532C7 /* ProductSizeSelector.swift */; };
		769DC0122FF0010000F532C7 /* ProductColorSelector.swift in Sources */ = {isa = PBXBuildFile; fileRef = 769DC0112FF0010000F532C7 /* ProductColorSelector.swift */; };
		769DC0142FF0010000F532C7 /* ProductAccordionSection.swift in Sources */ = {isa = PBXBuildFile; fileRef = 769DC0132FF0010000F532C7 /* ProductAccordionSection.swift */; };
		769DC0162FF0010000F532C7 /* ProductActionBar.swift in Sources */ = {isa = PBXBuildFile; fileRef = 769DC0152FF0010000F532C7 /* ProductActionBar.swift */; };
		769DC0382FF0030000F532C7 /* String+HTML.swift in Sources */ = {isa = PBXBuildFile; fileRef = 769DC0372FF0030000F532C7 /* String+HTML.swift */; };
		B8165DFC2FF418D0009DC909 /* CartItemRow.swift in Sources */ = {isa = PBXBuildFile; fileRef = B8165DF22FF418D0009DC909 /* CartItemRow.swift */; };
		B8165DFD2FF418D0009DC909 /* EmptyCartView.swift in Sources */ = {isa = PBXBuildFile; fileRef = B8165DF42FF418D0009DC909 /* EmptyCartView.swift */; };
		B8165DFE2FF418D0009DC909 /* CartView.swift in Sources */ = {isa = PBXBuildFile; fileRef = B8165DF62FF418D0009DC909 /* CartView.swift */; };
		B8165DFF2FF418D0009DC909 /* CartSummarySection.swift in Sources */ = {isa = PBXBuildFile; fileRef = B8165DF32FF418D0009DC909 /* CartSummarySection.swift */; };
		B8165E012FF418D0009DC909 /* CartViewModel.swift in Sources */ = {isa = PBXBuildFile; fileRef = B8165DF92FF418D0009DC909 /* CartViewModel.swift */; };
		B8165E032FF4198C009DC909 /* Secrets.xcconfig in Resources */ = {isa = PBXBuildFile; fileRef = B8165E022FF4198C009DC909 /* Secrets.xcconfig */; };
		B8165E072FF41A8D009DC909 /* CartResponse.swift in Sources */ = {isa = PBXBuildFile; fileRef = B8165E062FF41A89009DC909 /* CartResponse.swift */; };
		B8165E092FF41AC2009DC909 /* CartRepo.swift in Sources */ = {isa = PBXBuildFile; fileRef = B8165E082FF41AC0009DC909 /* CartRepo.swift */; };
		B8165E0C2FF41B1A009DC909 /* AddToCartUseCase.swift in Sources */ = {isa = PBXBuildFile; fileRef = B8165E0B2FF41B0F009DC909 /* AddToCartUseCase.swift */; };
		B8165E0E2FF41B85009DC909 /* RemoveFromCartUseCase.swift in Sources */ = {isa = PBXBuildFile; fileRef = B8165E0D2FF41B7D009DC909 /* RemoveFromCartUseCase.swift */; };
		B8165E102FF41BD0009DC909 /* UpdateQuantityUseCase.swift in Sources */ = {isa = PBXBuildFile; fileRef = B8165E0F2FF41B90009DC909 /* UpdateQuantityUseCase.swift */; };
		B8165E122FF41BE2009DC909 /* FetchCartUseCase.swift in Sources */ = {isa = PBXBuildFile; fileRef = B8165E112FF41BDA009DC909 /* FetchCartUseCase.swift */; };
		B8165E142FF42627009DC909 /* CartError.swift in Sources */ = {isa = PBXBuildFile; fileRef = B8165E132FF42627009DC909 /* CartError.swift */; };
		B8165E192FF426D4009DC909 /* CartRemoteDataSource.swift in Sources */ = {isa = PBXBuildFile; fileRef = B8165E182FF426AB009DC909 /* CartRemoteDataSource.swift */; };
		B8165E1D2FF42775009DC909 /* CartRepositoryImp.swift in Sources */ = {isa = PBXBuildFile; fileRef = B8165E1C2FF42774009DC909 /* CartRepositoryImp.swift */; };
		B8165E1F2FF42BB5009DC909 /* CartSummary.swift in Sources */ = {isa = PBXBuildFile; fileRef = B8165E1E2FF42BB5009DC909 /* CartSummary.swift */; };
		B81D84CC2FF2D845000DFBE1 /* AppRoute.swift in Sources */ = {isa = PBXBuildFile; fileRef = B81D84CB2FF2D845000DFBE1 /* AppRoute.swift */; };
		B81D84CE2FF2D850000DFBE1 /* RootContainerView.swift in Sources */ = {isa = PBXBuildFile; fileRef = B81D84CD2FF2D850000DFBE1 /* RootContainerView.swift */; };
		B81D84D02FF2F1B8000DFBE1 /* CheckLoginStatusUseCase.swift in Sources */ = {isa = PBXBuildFile; fileRef = B81D84CF2FF2F1B8000DFBE1 /* CheckLoginStatusUseCase.swift */; };
		B81D84D52FF3093F000DFBE1 /* ShopifyLoginModels.swift in Sources */ = {isa = PBXBuildFile; fileRef = B81D84D42FF30939000DFBE1 /* ShopifyLoginModels.swift */; };
		B8BA2EAC2FF294C60038CA63 /* LocalAuthDataSource.swift in Sources */ = {isa = PBXBuildFile; fileRef = B8BA2EAB2FF294C60038CA63 /* LocalAuthDataSource.swift */; };
		B8BA2EAF2FF295370038CA63 /* ShopifyRegisterModels.swift in Sources */ = {isa = PBXBuildFile; fileRef = B8BA2EAE2FF295350038CA63 /* ShopifyRegisterModels.swift */; };
		B8BA2EB12FF2959F0038CA63 /* ShopifyAuthService.swift in Sources */ = {isa = PBXBuildFile; fileRef = B8BA2EB02FF2959C0038CA63 /* ShopifyAuthService.swift */; };
		B8BA55902FEFD45B004CA9FF /* GoogleService-Info.plist in Resources */ = {isa = PBXBuildFile; fileRef = B8BA558F2FEFD45B004CA9FF /* GoogleService-Info.plist */; };
		B8BA55932FEFD837004CA9FF /* FirebaseAuth in Frameworks */ = {isa = PBXBuildFile; productRef = B8BA55922FEFD837004CA9FF /* FirebaseAuth */; };
		B8BA55952FEFD837004CA9FF /* FirebaseAuthCombine-Community in Frameworks */ = {isa = PBXBuildFile; productRef = B8BA55942FEFD837004CA9FF /* FirebaseAuthCombine-Community */; };
		B8BA55A32FEFE251004CA9FF /* FirebaseServices.swift in Sources */ = {isa = PBXBuildFile; fileRef = B8BA55A12FEFE251004CA9FF /* FirebaseServices.swift */; };
		B8BA55B22FEFE4B3004CA9FF /* AuthDataResultModel.swift in Sources */ = {isa = PBXBuildFile; fileRef = B8BA55B12FEFE4B3004CA9FF /* AuthDataResultModel.swift */; };
		B8BA55B42FEFE64A004CA9FF /* AuthRepo.swift in Sources */ = {isa = PBXBuildFile; fileRef = B8BA55B32FEFE64A004CA9FF /* AuthRepo.swift */; };
		B8BA55B62FEFE663004CA9FF /* UserModel.swift in Sources */ = {isa = PBXBuildFile; fileRef = B8BA55B52FEFE663004CA9FF /* UserModel.swift */; };
		B8BA55B82FEFE961004CA9FF /* LoginUseCase.swift in Sources */ = {isa = PBXBuildFile; fileRef = B8BA55B72FEFE961004CA9FF /* LoginUseCase.swift */; };
		B8BA55BA2FEFE976004CA9FF /* RegisterUseCase.swift in Sources */ = {isa = PBXBuildFile; fileRef = B8BA55B92FEFE976004CA9FF /* RegisterUseCase.swift */; };
		B8BA55BC2FEFF188004CA9FF /* AuthError.swift in Sources */ = {isa = PBXBuildFile; fileRef = B8BA55BB2FEFF188004CA9FF /* AuthError.swift */; };
		B8BA55BE2FEFF22C004CA9FF /* AuthRepoImp.swift in Sources */ = {isa = PBXBuildFile; fileRef = B8BA55BD2FEFF22C004CA9FF /* AuthRepoImp.swift */; };
		B8BA55C02FEFF792004CA9FF /* LoginViewModel.swift in Sources */ = {isa = PBXBuildFile; fileRef = B8BA55BF2FEFF792004CA9FF /* LoginViewModel.swift */; };
		B8BA55F62FEFFDF6004CA9FF /* ForgotPasswordButton.swift in Sources */ = {isa = PBXBuildFile; fileRef = B8BA55EA2FEFFDF6004CA9FF /* ForgotPasswordButton.swift */; };
		B8BA55F72FEFFDF6004CA9FF /* InputFieldModifier.swift in Sources */ = {isa = PBXBuildFile; fileRef = B8BA55EB2FEFFDF6004CA9FF /* InputFieldModifier.swift */; };
		B8BA55F82FEFFDF6004CA9FF /* LoginButton.swift in Sources */ = {isa = PBXBuildFile; fileRef = B8BA55EC2FEFFDF6004CA9FF /* LoginButton.swift */; };
		B8BA55F92FEFFDF6004CA9FF /* LoginFooter.swift in Sources */ = {isa = PBXBuildFile; fileRef = B8BA55ED2FEFFDF6004CA9FF /* LoginFooter.swift */; };
		B8BA55FA2FEFFDF6004CA9FF /* LoginForm.swift in Sources */ = {isa = PBXBuildFile; fileRef = B8BA55EE2FEFFDF6004CA9FF /* LoginForm.swift */; };
		B8BA55FB2FEFFDF6004CA9FF /* LoginHeader.swift in Sources */ = {isa = PBXBuildFile; fileRef = B8BA55EF2FEFFDF6004CA9FF /* LoginHeader.swift */; };
		B8BA55FC2FEFFDF6004CA9FF /* LoginViewHeader.swift in Sources */ = {isa = PBXBuildFile; fileRef = B8BA55F02FEFFDF6004CA9FF /* LoginViewHeader.swift */; };
		B8BA55FD2FEFFDF6004CA9FF /* SocialButton.swift in Sources */ = {isa = PBXBuildFile; fileRef = B8BA55F12FEFFDF6004CA9FF /* SocialButton.swift */; };
		B8BA55FE2FEFFDF6004CA9FF /* SocialLogin.swift in Sources */ = {isa = PBXBuildFile; fileRef = B8BA55F22FEFFDF6004CA9FF /* SocialLogin.swift */; };
		B8BA55FF2FEFFDF6004CA9FF /* LoginView.swift in Sources */ = {isa = PBXBuildFile; fileRef = B8BA55F42FEFFDF6004CA9FF /* LoginView.swift */; };
		B8BA56062FEFFEB1004CA9FF /* RegisterForm.swift in Sources */ = {isa = PBXBuildFile; fileRef = B8BA56052FEFFEB1004CA9FF /* RegisterForm.swift */; };
		B8BA56092FEFFF04004CA9FF /* RegisterView.swift in Sources */ = {isa = PBXBuildFile; fileRef = B8BA56082FEFFF04004CA9FF /* RegisterView.swift */; };
		B8BA560B2FEFFF5B004CA9FF /* RegisterViewModel.swift in Sources */ = {isa = PBXBuildFile; fileRef = B8BA560A2FEFFF5B004CA9FF /* RegisterViewModel.swift */; };
		B8EAE98E2FF4F94B00129771 /* AddressCardView.swift in Sources */ = {isa = PBXBuildFile; fileRef = B8EAE9882FF4F94B00129771 /* AddressCardView.swift */; };
		B8EAE98F2FF4F94B00129771 /* AddressSelectionView.swift in Sources */ = {isa = PBXBuildFile; fileRef = B8EAE98A2FF4F94B00129771 /* AddressSelectionView.swift */; };
		B8EAE9922FF4FB5900129771 /* AddressSelectionViewModel.swift in Sources */ = {isa = PBXBuildFile; fileRef = B8EAE9902FF4FB5900129771 /* AddressSelectionViewModel.swift */; };
		B8EAE9992FF4FCC100129771 /* AddressContinueButton.swift in Sources */ = {isa = PBXBuildFile; fileRef = B8EAE9952FF4FCC100129771 /* AddressContinueButton.swift */; };
		B8EAE99A2FF4FCC100129771 /* AddressListContent.swift in Sources */ = {isa = PBXBuildFile; fileRef = B8EAE9962FF4FCC100129771 /* AddressListContent.swift */; };
		B8EAE99B2FF4FCC100129771 /* AddressNavigationBar.swift in Sources */ = {isa = PBXBuildFile; fileRef = B8EAE9972FF4FCC100129771 /* AddressNavigationBar.swift */; };
		B8EAE99C2FF4FCC100129771 /* EmptyAddressView.swift in Sources */ = {isa = PBXBuildFile; fileRef = B8EAE9982FF4FCC100129771 /* EmptyAddressView.swift */; };
		B8EAE99F2FF4FFD000129771 /* AddAddressForm.swift in Sources */ = {isa = PBXBuildFile; fileRef = B8EAE99D2FF4FFD000129771 /* AddAddressForm.swift */; };
		B8EAE9A02FF4FFD000129771 /* AddressInputField.swift in Sources */ = {isa = PBXBuildFile; fileRef = B8EAE99E2FF4FFD000129771 /* AddressInputField.swift */; };
		B8EAE9A52FF5001C00129771 /* AddAddressView.swift in Sources */ = {isa = PBXBuildFile; fileRef = B8EAE9A42FF5001C00129771 /* AddAddressView.swift */; };
		B8EAE9A72FF5005500129771 /* AddAddressViewModel.swift in Sources */ = {isa = PBXBuildFile; fileRef = B8EAE9A62FF5005500129771 /* AddAddressViewModel.swift */; };
		B8EAE9B72FF510B400129771 /* DeleteAddressUseCase.swift in Sources */ = {isa = PBXBuildFile; fileRef = B8EAE9B22FF510B400129771 /* DeleteAddressUseCase.swift */; };
		B8EAE9B82FF510B400129771 /* Address.swift in Sources */ = {isa = PBXBuildFile; fileRef = B8EAE9AD2FF510B400129771 /* Address.swift */; };
		B8EAE9B92FF510B400129771 /* UpdateAddressUseCase.swift in Sources */ = {isa = PBXBuildFile; fileRef = B8EAE9B42FF510B400129771 /* UpdateAddressUseCase.swift */; };
		B8EAE9BA2FF510B400129771 /* AddressRepository.swift in Sources */ = {isa = PBXBuildFile; fileRef = B8EAE9AF2FF510B400129771 /* AddressRepository.swift */; };
		B8EAE9BB2FF510B400129771 /* AddAddressUseCase.swift in Sources */ = {isa = PBXBuildFile; fileRef = B8EAE9B12FF510B400129771 /* AddAddressUseCase.swift */; };
		B8EAE9BC2FF510B400129771 /* GetAddressesUseCase.swift in Sources */ = {isa = PBXBuildFile; fileRef = B8EAE9B32FF510B400129771 /* GetAddressesUseCase.swift */; };
		B8EAE9C72FF5172C00129771 /* AddressResponse.swift in Sources */ = {isa = PBXBuildFile; fileRef = B8EAE9C22FF5172C00129771 /* AddressResponse.swift */; };
		B8EAE9C82FF5172C00129771 /* AddressDataSourceProtocol.swift in Sources */ = {isa = PBXBuildFile; fileRef = B8EAE9C02FF5172C00129771 /* AddressDataSourceProtocol.swift */; };
		B8EAE9C92FF5172C00129771 /* AddressRepositoryImp.swift in Sources */ = {isa = PBXBuildFile; fileRef = B8EAE9C42FF5172C00129771 /* AddressRepositoryImp.swift */; };
		B8EAE9CA2FF5172C00129771 /* ShopifyAddressDataSource.swift in Sources */ = {isa = PBXBuildFile; fileRef = B8EAE9BE2FF5172C00129771 /* ShopifyAddressDataSource.swift */; };
		B8EAE9CF2FF5311D00129771 /* EditAddressViewModel.swift in Sources */ = {isa = PBXBuildFile; fileRef = B8EAE9CE2FF5311D00129771 /* EditAddressViewModel.swift */; };
		B8EAE9D12FF5314900129771 /* EditAddressForm.swift in Sources */ = {isa = PBXBuildFile; fileRef = B8EAE9D02FF5314900129771 /* EditAddressForm.swift */; };
		B8EAE9D42FF5316500129771 /* EditAddressView.swift in Sources */ = {isa = PBXBuildFile; fileRef = B8EAE9D32FF5316500129771 /* EditAddressView.swift */; };
/* End PBXBuildFile section */

/* Begin PBXContainerItemProxy section */
		09F9B4552FEFCCA40017509E /* PBXContainerItemProxy */ = {
			isa = PBXContainerItemProxy;
			containerPortal = 09F9B4372FEFCCA10017509E /* Project object */;
			proxyType = 1;
			remoteGlobalIDString = 09F9B43E2FEFCCA10017509E;
			remoteInfo = "Buyza App";
		};
		09F9B45F2FEFCCA50017509E /* PBXContainerItemProxy */ = {
			isa = PBXContainerItemProxy;
			containerPortal = 09F9B4372FEFCCA10017509E /* Project object */;
			proxyType = 1;
			remoteGlobalIDString = 09F9B43E2FEFCCA10017509E;
			remoteInfo = "Buyza App";
		};
/* End PBXContainerItemProxy section */

/* Begin PBXFileReference section */
		09767E722FF2F7D5004D37E8 /* CategoriesListView.swift */ = {isa = PBXFileReference; lastKnownFileType = sourcecode.swift; path = CategoriesListView.swift; sourceTree = "<group>"; };
		09767E752FF30461004D37E8 /* BrandsListView.swift */ = {isa = PBXFileReference; lastKnownFileType = sourcecode.swift; path = BrandsListView.swift; sourceTree = "<group>"; };
		09767E772FF3118A004D37E8 /* ProductCard.swift */ = {isa = PBXFileReference; lastKnownFileType = sourcecode.swift; path = ProductCard.swift; sourceTree = "<group>"; };
		0978086A2FF40B5A00ECF823 /* ProductGrid.swift */ = {isa = PBXFileReference; lastKnownFileType = sourcecode.swift; path = ProductGrid.swift; sourceTree = "<group>"; };
		097FE6AB2FEFD85400C42BC9 /* SplashView.swift */ = {isa = PBXFileReference; lastKnownFileType = sourcecode.swift; path = SplashView.swift; sourceTree = "<group>"; };
		097FE6B02FEFE05400C42BC9 /* SplashViewModel.swift */ = {isa = PBXFileReference; lastKnownFileType = sourcecode.swift; path = SplashViewModel.swift; sourceTree = "<group>"; };
		097FE6B72FEFF26200C42BC9 /* OnboardingView.swift */ = {isa = PBXFileReference; lastKnownFileType = sourcecode.swift; path = OnboardingView.swift; sourceTree = "<group>"; };
		097FE6B92FEFF58400C42BC9 /* OnboardingStep.swift */ = {isa = PBXFileReference; lastKnownFileType = sourcecode.swift; path = OnboardingStep.swift; sourceTree = "<group>"; };
		097FE6BB2FEFF8DD00C42BC9 /* OnboardingPageView.swift */ = {isa = PBXFileReference; lastKnownFileType = sourcecode.swift; path = OnboardingPageView.swift; sourceTree = "<group>"; };
		097FE6BF2FF01FDD00C42BC9 /* CollectionCell.swift */ = {isa = PBXFileReference; lastKnownFileType = sourcecode.swift; path = CollectionCell.swift; sourceTree = "<group>"; };
		097FE6C32FF025AE00C42BC9 /* HomeView.swift */ = {isa = PBXFileReference; lastKnownFileType = sourcecode.swift; path = HomeView.swift; sourceTree = "<group>"; };
		097FE6C72FF026BD00C42BC9 /* MainView.swift */ = {isa = PBXFileReference; lastKnownFileType = sourcecode.swift; path = MainView.swift; sourceTree = "<group>"; };
		097FE6C92FF027E400C42BC9 /* HomeHeader.swift */ = {isa = PBXFileReference; lastKnownFileType = sourcecode.swift; path = HomeHeader.swift; sourceTree = "<group>"; };
		09BBE4DD2FF2C76E003A54DF /* HomeViewModel.swift */ = {isa = PBXFileReference; lastKnownFileType = sourcecode.swift; path = HomeViewModel.swift; sourceTree = "<group>"; };
		09BBE4E02FF2CC07003A54DF /* Category.swift */ = {isa = PBXFileReference; lastKnownFileType = sourcecode.swift; path = Category.swift; sourceTree = "<group>"; };
		09BBE4E22FF2CFC8003A54DF /* Brand.swift */ = {isa = PBXFileReference; lastKnownFileType = sourcecode.swift; path = Brand.swift; sourceTree = "<group>"; };
		09F9B43F2FEFCCA10017509E /* Buyza App.app */ = {isa = PBXFileReference; explicitFileType = wrapper.application; includeInIndex = 0; path = "Buyza App.app"; sourceTree = BUILT_PRODUCTS_DIR; };
		09F9B4422FEFCCA10017509E /* Buyza_AppApp.swift */ = {isa = PBXFileReference; lastKnownFileType = sourcecode.swift; path = Buyza_AppApp.swift; sourceTree = "<group>"; };
		09F9B4462FEFCCA40017509E /* Assets.xcassets */ = {isa = PBXFileReference; lastKnownFileType = folder.assetcatalog; path = Assets.xcassets; sourceTree = "<group>"; };
		09F9B4492FEFCCA40017509E /* Preview Assets.xcassets */ = {isa = PBXFileReference; lastKnownFileType = folder.assetcatalog; path = "Preview Assets.xcassets"; sourceTree = "<group>"; };
		09F9B44B2FEFCCA40017509E /* Persistence.swift */ = {isa = PBXFileReference; lastKnownFileType = sourcecode.swift; path = Persistence.swift; sourceTree = "<group>"; };
		09F9B44E2FEFCCA40017509E /* Buyza_App.xcdatamodel */ = {isa = PBXFileReference; lastKnownFileType = wrapper.xcdatamodel; path = Buyza_App.xcdatamodel; sourceTree = "<group>"; };
		09F9B4542FEFCCA40017509E /* Buyza AppTests.xctest */ = {isa = PBXFileReference; explicitFileType = wrapper.cfbundle; includeInIndex = 0; path = "Buyza AppTests.xctest"; sourceTree = BUILT_PRODUCTS_DIR; };
		09F9B4582FEFCCA40017509E /* Buyza_AppTests.swift */ = {isa = PBXFileReference; lastKnownFileType = sourcecode.swift; path = Buyza_AppTests.swift; sourceTree = "<group>"; };
		09F9B45E2FEFCCA50017509E /* Buyza AppUITests.xctest */ = {isa = PBXFileReference; explicitFileType = wrapper.cfbundle; includeInIndex = 0; path = "Buyza AppUITests.xctest"; sourceTree = BUILT_PRODUCTS_DIR; };
		09F9B4622FEFCCA50017509E /* Buyza_AppUITests.swift */ = {isa = PBXFileReference; lastKnownFileType = sourcecode.swift; path = Buyza_AppUITests.swift; sourceTree = "<group>"; };
		09F9B4642FEFCCA50017509E /* Buyza_AppUITestsLaunchTests.swift */ = {isa = PBXFileReference; lastKnownFileType = sourcecode.swift; path = Buyza_AppUITestsLaunchTests.swift; sourceTree = "<group>"; };
		769DB5292FEFD7B600F532C7 /* ApiEndpoint.swift */ = {isa = PBXFileReference; lastKnownFileType = sourcecode.swift; path = ApiEndpoint.swift; sourceTree = "<group>"; };
		769DB52B2FEFD96A00F532C7 /* ApiError.swift */ = {isa = PBXFileReference; lastKnownFileType = sourcecode.swift; path = ApiError.swift; sourceTree = "<group>"; };
		769DB52D2FEFDA3400F532C7 /* ApiManager.swift */ = {isa = PBXFileReference; lastKnownFileType = sourcecode.swift; path = ApiManager.swift; sourceTree = "<group>"; };
		769DB5312FEFE3F200F532C7 /* Product.swift */ = {isa = PBXFileReference; lastKnownFileType = sourcecode.swift; path = Product.swift; sourceTree = "<group>"; };
		769DB5332FEFE50000F532C7 /* GraphQLRequest.swift */ = {isa = PBXFileReference; lastKnownFileType = sourcecode.swift; path = GraphQLRequest.swift; sourceTree = "<group>"; };
		769DB5352FEFE51000F532C7 /* GraphQLResponse.swift */ = {isa = PBXFileReference; lastKnownFileType = sourcecode.swift; path = GraphQLResponse.swift; sourceTree = "<group>"; };
		769DC0032FF0010000F532C7 /* ProductDetailUseCaseProtocol.swift */ = {isa = PBXFileReference; lastKnownFileType = sourcecode.swift; path = ProductDetailUseCaseProtocol.swift; sourceTree = "<group>"; };
		769DC0052FF0010000F532C7 /* ProductDetailUseCase.swift */ = {isa = PBXFileReference; lastKnownFileType = sourcecode.swift; path = ProductDetailUseCase.swift; sourceTree = "<group>"; };
		769DC0072FF0010000F532C7 /* ProductDetailViewModel.swift */ = {isa = PBXFileReference; lastKnownFileType = sourcecode.swift; path = ProductDetailViewModel.swift; sourceTree = "<group>"; };
		769DC0092FF0010000F532C7 /* ProductDetailView.swift */ = {isa = PBXFileReference; lastKnownFileType = sourcecode.swift; path = ProductDetailView.swift; sourceTree = "<group>"; };
		769DC00B2FF0010000F532C7 /* Color+Hex.swift */ = {isa = PBXFileReference; lastKnownFileType = sourcecode.swift; path = "Color+Hex.swift"; sourceTree = "<group>"; };
		769DC00D2FF0010000F532C7 /* ProductImageCarousel.swift */ = {isa = PBXFileReference; lastKnownFileType = sourcecode.swift; path = ProductImageCarousel.swift; sourceTree = "<group>"; };
		769DC00F2FF0010000F532C7 /* ProductSizeSelector.swift */ = {isa = PBXFileReference; lastKnownFileType = sourcecode.swift; path = ProductSizeSelector.swift; sourceTree = "<group>"; };
		769DC0112FF0010000F532C7 /* ProductColorSelector.swift */ = {isa = PBXFileReference; lastKnownFileType = sourcecode.swift; path = ProductColorSelector.swift; sourceTree = "<group>"; };
		769DC0132FF0010000F532C7 /* ProductAccordionSection.swift */ = {isa = PBXFileReference; lastKnownFileType = sourcecode.swift; path = ProductAccordionSection.swift; sourceTree = "<group>"; };
		769DC0152FF0010000F532C7 /* ProductActionBar.swift */ = {isa = PBXFileReference; lastKnownFileType = sourcecode.swift; path = ProductActionBar.swift; sourceTree = "<group>"; };
		769DC0372FF0030000F532C7 /* String+HTML.swift */ = {isa = PBXFileReference; lastKnownFileType = sourcecode.swift; path = "String+HTML.swift"; sourceTree = "<group>"; };
		B8165DF22FF418D0009DC909 /* CartItemRow.swift */ = {isa = PBXFileReference; lastKnownFileType = sourcecode.swift; path = CartItemRow.swift; sourceTree = "<group>"; };
		B8165DF32FF418D0009DC909 /* CartSummarySection.swift */ = {isa = PBXFileReference; lastKnownFileType = sourcecode.swift; path = CartSummarySection.swift; sourceTree = "<group>"; };
		B8165DF42FF418D0009DC909 /* EmptyCartView.swift */ = {isa = PBXFileReference; lastKnownFileType = sourcecode.swift; path = EmptyCartView.swift; sourceTree = "<group>"; };
		B8165DF62FF418D0009DC909 /* CartView.swift */ = {isa = PBXFileReference; lastKnownFileType = sourcecode.swift; path = CartView.swift; sourceTree = "<group>"; };
		B8165DF92FF418D0009DC909 /* CartViewModel.swift */ = {isa = PBXFileReference; lastKnownFileType = sourcecode.swift; path = CartViewModel.swift; sourceTree = "<group>"; };
		B8165E022FF4198C009DC909 /* Secrets.xcconfig */ = {isa = PBXFileReference; lastKnownFileType = text.xcconfig; path = Secrets.xcconfig; sourceTree = "<group>"; };
		B8165E062FF41A89009DC909 /* CartResponse.swift */ = {isa = PBXFileReference; lastKnownFileType = sourcecode.swift; path = CartResponse.swift; sourceTree = "<group>"; };
		B8165E082FF41AC0009DC909 /* CartRepo.swift */ = {isa = PBXFileReference; lastKnownFileType = sourcecode.swift; path = CartRepo.swift; sourceTree = "<group>"; };
		B8165E0B2FF41B0F009DC909 /* AddToCartUseCase.swift */ = {isa = PBXFileReference; lastKnownFileType = sourcecode.swift; path = AddToCartUseCase.swift; sourceTree = "<group>"; };
		B8165E0D2FF41B7D009DC909 /* RemoveFromCartUseCase.swift */ = {isa = PBXFileReference; lastKnownFileType = sourcecode.swift; path = RemoveFromCartUseCase.swift; sourceTree = "<group>"; };
		B8165E0F2FF41B90009DC909 /* UpdateQuantityUseCase.swift */ = {isa = PBXFileReference; lastKnownFileType = sourcecode.swift; path = UpdateQuantityUseCase.swift; sourceTree = "<group>"; };
		B8165E112FF41BDA009DC909 /* FetchCartUseCase.swift */ = {isa = PBXFileReference; lastKnownFileType = sourcecode.swift; path = FetchCartUseCase.swift; sourceTree = "<group>"; };
		B8165E132FF42627009DC909 /* CartError.swift */ = {isa = PBXFileReference; lastKnownFileType = sourcecode.swift; path = CartError.swift; sourceTree = "<group>"; };
		B8165E182FF426AB009DC909 /* CartRemoteDataSource.swift */ = {isa = PBXFileReference; lastKnownFileType = sourcecode.swift; path = CartRemoteDataSource.swift; sourceTree = "<group>"; };
		B8165E1C2FF42774009DC909 /* CartRepositoryImp.swift */ = {isa = PBXFileReference; lastKnownFileType = sourcecode.swift; path = CartRepositoryImp.swift; sourceTree = "<group>"; };
		B8165E1E2FF42BB5009DC909 /* CartSummary.swift */ = {isa = PBXFileReference; lastKnownFileType = sourcecode.swift; path = CartSummary.swift; sourceTree = "<group>"; };
		B81D84CB2FF2D845000DFBE1 /* AppRoute.swift */ = {isa = PBXFileReference; lastKnownFileType = sourcecode.swift; path = AppRoute.swift; sourceTree = "<group>"; };
		B81D84CD2FF2D850000DFBE1 /* RootContainerView.swift */ = {isa = PBXFileReference; lastKnownFileType = sourcecode.swift; path = RootContainerView.swift; sourceTree = "<group>"; };
		B81D84CF2FF2F1B8000DFBE1 /* CheckLoginStatusUseCase.swift */ = {isa = PBXFileReference; lastKnownFileType = sourcecode.swift; path = CheckLoginStatusUseCase.swift; sourceTree = "<group>"; };
		B81D84D32FF3068A000DFBE1 /* Buyza-App-Info.plist */ = {isa = PBXFileReference; lastKnownFileType = text.plist; path = "Buyza-App-Info.plist"; sourceTree = SOURCE_ROOT; };
		B81D84D42FF30939000DFBE1 /* ShopifyLoginModels.swift */ = {isa = PBXFileReference; lastKnownFileType = sourcecode.swift; path = ShopifyLoginModels.swift; sourceTree = "<group>"; };
		B8BA2EAB2FF294C60038CA63 /* LocalAuthDataSource.swift */ = {isa = PBXFileReference; lastKnownFileType = sourcecode.swift; path = LocalAuthDataSource.swift; sourceTree = "<group>"; };
		B8BA2EAE2FF295350038CA63 /* ShopifyRegisterModels.swift */ = {isa = PBXFileReference; lastKnownFileType = sourcecode.swift; path = ShopifyRegisterModels.swift; sourceTree = "<group>"; };
		B8BA2EB02FF2959C0038CA63 /* ShopifyAuthService.swift */ = {isa = PBXFileReference; lastKnownFileType = sourcecode.swift; path = ShopifyAuthService.swift; sourceTree = "<group>"; };
		B8BA558F2FEFD45B004CA9FF /* GoogleService-Info.plist */ = {isa = PBXFileReference; lastKnownFileType = text.plist.xml; path = "GoogleService-Info.plist"; sourceTree = "<group>"; };
		B8BA55A12FEFE251004CA9FF /* FirebaseServices.swift */ = {isa = PBXFileReference; lastKnownFileType = sourcecode.swift; path = FirebaseServices.swift; sourceTree = "<group>"; };
		B8BA55B12FEFE4B3004CA9FF /* AuthDataResultModel.swift */ = {isa = PBXFileReference; lastKnownFileType = sourcecode.swift; path = AuthDataResultModel.swift; sourceTree = "<group>"; };
		B8BA55B32FEFE64A004CA9FF /* AuthRepo.swift */ = {isa = PBXFileReference; lastKnownFileType = sourcecode.swift; path = AuthRepo.swift; sourceTree = "<group>"; };
		B8BA55B52FEFE663004CA9FF /* UserModel.swift */ = {isa = PBXFileReference; lastKnownFileType = sourcecode.swift; path = UserModel.swift; sourceTree = "<group>"; };
		B8BA55B72FEFE961004CA9FF /* LoginUseCase.swift */ = {isa = PBXFileReference; lastKnownFileType = sourcecode.swift; path = LoginUseCase.swift; sourceTree = "<group>"; };
		B8BA55B92FEFE976004CA9FF /* RegisterUseCase.swift */ = {isa = PBXFileReference; lastKnownFileType = sourcecode.swift; path = RegisterUseCase.swift; sourceTree = "<group>"; };
		B8BA55BB2FEFF188004CA9FF /* AuthError.swift */ = {isa = PBXFileReference; lastKnownFileType = sourcecode.swift; path = AuthError.swift; sourceTree = "<group>"; };
		B8BA55BD2FEFF22C004CA9FF /* AuthRepoImp.swift */ = {isa = PBXFileReference; lastKnownFileType = sourcecode.swift; path = AuthRepoImp.swift; sourceTree = "<group>"; };
		B8BA55BF2FEFF792004CA9FF /* LoginViewModel.swift */ = {isa = PBXFileReference; lastKnownFileType = sourcecode.swift; path = LoginViewModel.swift; sourceTree = "<group>"; };
		B8BA55EA2FEFFDF6004CA9FF /* ForgotPasswordButton.swift */ = {isa = PBXFileReference; lastKnownFileType = sourcecode.swift; path = ForgotPasswordButton.swift; sourceTree = "<group>"; };
		B8BA55EB2FEFFDF6004CA9FF /* InputFieldModifier.swift */ = {isa = PBXFileReference; lastKnownFileType = sourcecode.swift; path = InputFieldModifier.swift; sourceTree = "<group>"; };
		B8BA55EC2FEFFDF6004CA9FF /* LoginButton.swift */ = {isa = PBXFileReference; lastKnownFileType = sourcecode.swift; path = LoginButton.swift; sourceTree = "<group>"; };
		B8BA55ED2FEFFDF6004CA9FF /* LoginFooter.swift */ = {isa = PBXFileReference; lastKnownFileType = sourcecode.swift; path = LoginFooter.swift; sourceTree = "<group>"; };
		B8BA55EE2FEFFDF6004CA9FF /* LoginForm.swift */ = {isa = PBXFileReference; lastKnownFileType = sourcecode.swift; path = LoginForm.swift; sourceTree = "<group>"; };
		B8BA55EF2FEFFDF6004CA9FF /* LoginHeader.swift */ = {isa = PBXFileReference; lastKnownFileType = sourcecode.swift; path = LoginHeader.swift; sourceTree = "<group>"; };
		B8BA55F02FEFFDF6004CA9FF /* LoginViewHeader.swift */ = {isa = PBXFileReference; lastKnownFileType = sourcecode.swift; path = LoginViewHeader.swift; sourceTree = "<group>"; };
		B8BA55F12FEFFDF6004CA9FF /* SocialButton.swift */ = {isa = PBXFileReference; lastKnownFileType = sourcecode.swift; path = SocialButton.swift; sourceTree = "<group>"; };
		B8BA55F22FEFFDF6004CA9FF /* SocialLogin.swift */ = {isa = PBXFileReference; lastKnownFileType = sourcecode.swift; path = SocialLogin.swift; sourceTree = "<group>"; };
		B8BA55F42FEFFDF6004CA9FF /* LoginView.swift */ = {isa = PBXFileReference; lastKnownFileType = sourcecode.swift; path = LoginView.swift; sourceTree = "<group>"; };
		B8BA56052FEFFEB1004CA9FF /* RegisterForm.swift */ = {isa = PBXFileReference; lastKnownFileType = sourcecode.swift; path = RegisterForm.swift; sourceTree = "<group>"; };
		B8BA56082FEFFF04004CA9FF /* RegisterView.swift */ = {isa = PBXFileReference; lastKnownFileType = sourcecode.swift; path = RegisterView.swift; sourceTree = "<group>"; };
		B8BA560A2FEFFF5B004CA9FF /* RegisterViewModel.swift */ = {isa = PBXFileReference; lastKnownFileType = sourcecode.swift; path = RegisterViewModel.swift; sourceTree = "<group>"; };
		B8BA56102FF019E1004CA9FF /* .gitignore */ = {isa = PBXFileReference; lastKnownFileType = text; path = .gitignore; sourceTree = "<group>"; };
		B8EAE9882FF4F94B00129771 /* AddressCardView.swift */ = {isa = PBXFileReference; lastKnownFileType = sourcecode.swift; path = AddressCardView.swift; sourceTree = "<group>"; };
		B8EAE98A2FF4F94B00129771 /* AddressSelectionView.swift */ = {isa = PBXFileReference; lastKnownFileType = sourcecode.swift; path = AddressSelectionView.swift; sourceTree = "<group>"; };
		B8EAE9902FF4FB5900129771 /* AddressSelectionViewModel.swift */ = {isa = PBXFileReference; lastKnownFileType = sourcecode.swift; path = AddressSelectionViewModel.swift; sourceTree = "<group>"; };
		B8EAE9952FF4FCC100129771 /* AddressContinueButton.swift */ = {isa = PBXFileReference; lastKnownFileType = sourcecode.swift; path = AddressContinueButton.swift; sourceTree = "<group>"; };
		B8EAE9962FF4FCC100129771 /* AddressListContent.swift */ = {isa = PBXFileReference; lastKnownFileType = sourcecode.swift; path = AddressListContent.swift; sourceTree = "<group>"; };
		B8EAE9972FF4FCC100129771 /* AddressNavigationBar.swift */ = {isa = PBXFileReference; lastKnownFileType = sourcecode.swift; path = AddressNavigationBar.swift; sourceTree = "<group>"; };
		B8EAE9982FF4FCC100129771 /* EmptyAddressView.swift */ = {isa = PBXFileReference; lastKnownFileType = sourcecode.swift; path = EmptyAddressView.swift; sourceTree = "<group>"; };
		B8EAE99D2FF4FFD000129771 /* AddAddressForm.swift */ = {isa = PBXFileReference; lastKnownFileType = sourcecode.swift; path = AddAddressForm.swift; sourceTree = "<group>"; };
		B8EAE99E2FF4FFD000129771 /* AddressInputField.swift */ = {isa = PBXFileReference; lastKnownFileType = sourcecode.swift; path = AddressInputField.swift; sourceTree = "<group>"; };
		B8EAE9A42FF5001C00129771 /* AddAddressView.swift */ = {isa = PBXFileReference; lastKnownFileType = sourcecode.swift; path = AddAddressView.swift; sourceTree = "<group>"; };
		B8EAE9A62FF5005500129771 /* AddAddressViewModel.swift */ = {isa = PBXFileReference; lastKnownFileType = sourcecode.swift; path = AddAddressViewModel.swift; sourceTree = "<group>"; };
		B8EAE9AD2FF510B400129771 /* Address.swift */ = {isa = PBXFileReference; lastKnownFileType = sourcecode.swift; path = Address.swift; sourceTree = "<group>"; };
		B8EAE9AF2FF510B400129771 /* AddressRepository.swift */ = {isa = PBXFileReference; lastKnownFileType = sourcecode.swift; path = AddressRepository.swift; sourceTree = "<group>"; };
		B8EAE9B12FF510B400129771 /* AddAddressUseCase.swift */ = {isa = PBXFileReference; lastKnownFileType = sourcecode.swift; path = AddAddressUseCase.swift; sourceTree = "<group>"; };
		B8EAE9B22FF510B400129771 /* DeleteAddressUseCase.swift */ = {isa = PBXFileReference; lastKnownFileType = sourcecode.swift; path = DeleteAddressUseCase.swift; sourceTree = "<group>"; };
		B8EAE9B32FF510B400129771 /* GetAddressesUseCase.swift */ = {isa = PBXFileReference; lastKnownFileType = sourcecode.swift; path = GetAddressesUseCase.swift; sourceTree = "<group>"; };
		B8EAE9B42FF510B400129771 /* UpdateAddressUseCase.swift */ = {isa = PBXFileReference; lastKnownFileType = sourcecode.swift; path = UpdateAddressUseCase.swift; sourceTree = "<group>"; };
		B8EAE9BE2FF5172C00129771 /* ShopifyAddressDataSource.swift */ = {isa = PBXFileReference; lastKnownFileType = sourcecode.swift; path = ShopifyAddressDataSource.swift; sourceTree = "<group>"; };
		B8EAE9C02FF5172C00129771 /* AddressDataSourceProtocol.swift */ = {isa = PBXFileReference; lastKnownFileType = sourcecode.swift; path = AddressDataSourceProtocol.swift; sourceTree = "<group>"; };
		B8EAE9C22FF5172C00129771 /* AddressResponse.swift */ = {isa = PBXFileReference; lastKnownFileType = sourcecode.swift; path = AddressResponse.swift; sourceTree = "<group>"; };
		B8EAE9C42FF5172C00129771 /* AddressRepositoryImp.swift */ = {isa = PBXFileReference; lastKnownFileType = sourcecode.swift; path = AddressRepositoryImp.swift; sourceTree = "<group>"; };
		B8EAE9CE2FF5311D00129771 /* EditAddressViewModel.swift */ = {isa = PBXFileReference; lastKnownFileType = sourcecode.swift; path = EditAddressViewModel.swift; sourceTree = "<group>"; };
		B8EAE9D02FF5314900129771 /* EditAddressForm.swift */ = {isa = PBXFileReference; lastKnownFileType = sourcecode.swift; path = EditAddressForm.swift; sourceTree = "<group>"; };
		B8EAE9D32FF5316500129771 /* EditAddressView.swift */ = {isa = PBXFileReference; lastKnownFileType = sourcecode.swift; path = EditAddressView.swift; sourceTree = "<group>"; };
/* End PBXFileReference section */

/* Begin PBXFrameworksBuildPhase section */
		09F9B43C2FEFCCA10017509E /* Frameworks */ = {
			isa = PBXFrameworksBuildPhase;
			buildActionMask = 2147483647;
			files = (
				B8BA55932FEFD837004CA9FF /* FirebaseAuth in Frameworks */,
				B8BA55952FEFD837004CA9FF /* FirebaseAuthCombine-Community in Frameworks */,
			);
			runOnlyForDeploymentPostprocessing = 0;
		};
		09F9B4512FEFCCA40017509E /* Frameworks */ = {
			isa = PBXFrameworksBuildPhase;
			buildActionMask = 2147483647;
			files = (
			);
			runOnlyForDeploymentPostprocessing = 0;
		};
		09F9B45B2FEFCCA50017509E /* Frameworks */ = {
			isa = PBXFrameworksBuildPhase;
			buildActionMask = 2147483647;
			files = (
			);
			runOnlyForDeploymentPostprocessing = 0;
		};
/* End PBXFrameworksBuildPhase section */

/* Begin PBXGroup section */
		09767E742FF30421004D37E8 /* SubViews */ = {
			isa = PBXGroup;
			children = (
				09767E722FF2F7D5004D37E8 /* CategoriesListView.swift */,
				097FE6C92FF027E400C42BC9 /* HomeHeader.swift */,
				097FE6BF2FF01FDD00C42BC9 /* CollectionCell.swift */,
				09767E752FF30461004D37E8 /* BrandsListView.swift */,
				09767E772FF3118A004D37E8 /* ProductCard.swift */,
				0978086A2FF40B5A00ECF823 /* ProductGrid.swift */,
			);
			path = SubViews;
			sourceTree = "<group>";
		};
		097FE6A82FEFD80100C42BC9 /* Presentation */ = {
			isa = PBXGroup;
			children = (
				B8EAE98C2FF4F94B00129771 /* Addresses */,
				B8165DFB2FF418D0009DC909 /* Cart */,
				B8BA56022FEFFE1E004CA9FF /* Register */,
				B8BA56012FEFFE12004CA9FF /* Login */,
				769DC0182FF0010000F532C7 /* ProductDetail */,
				097FE6C52FF0269100C42BC9 /* MainView */,
				097FE6BD2FF01D9E00C42BC9 /* Home */,
				097FE6B52FEFF23C00C42BC9 /* Onboarding */,
				097FE6AD2FEFDFEB00C42BC9 /* Splash */,
			);
			path = Presentation;
			sourceTree = "<group>";
		};
		097FE6A92FEFD81200C42BC9 /* View */ = {
			isa = PBXGroup;
			children = (
				097FE6AB2FEFD85400C42BC9 /* SplashView.swift */,
			);
			path = View;
			sourceTree = "<group>";
		};
		097FE6AD2FEFDFEB00C42BC9 /* Splash */ = {
			isa = PBXGroup;
			children = (
				097FE6AF2FEFE03300C42BC9 /* ViewModel */,
				097FE6A92FEFD81200C42BC9 /* View */,
			);
			path = Splash;
			sourceTree = "<group>";
		};
		097FE6AF2FEFE03300C42BC9 /* ViewModel */ = {
			isa = PBXGroup;
			children = (
				097FE6B02FEFE05400C42BC9 /* SplashViewModel.swift */,
			);
			path = ViewModel;
			sourceTree = "<group>";
		};
		097FE6B52FEFF23C00C42BC9 /* Onboarding */ = {
			isa = PBXGroup;
			children = (
				097FE6B62FEFF24500C42BC9 /* View */,
			);
			path = Onboarding;
			sourceTree = "<group>";
		};
		097FE6B62FEFF24500C42BC9 /* View */ = {
			isa = PBXGroup;
			children = (
				097FE6B72FEFF26200C42BC9 /* OnboardingView.swift */,
				097FE6BB2FEFF8DD00C42BC9 /* OnboardingPageView.swift */,
			);
			path = View;
			sourceTree = "<group>";
		};
		097FE6BD2FF01D9E00C42BC9 /* Home */ = {
			isa = PBXGroup;
			children = (
				09BBE4DF2FF2C774003A54DF /* ViewModel */,
				097FE6BE2FF01DA600C42BC9 /* View */,
			);
			path = Home;
			sourceTree = "<group>";
		};
		097FE6BE2FF01DA600C42BC9 /* View */ = {
			isa = PBXGroup;
			children = (
				09767E742FF30421004D37E8 /* SubViews */,
				097FE6C32FF025AE00C42BC9 /* HomeView.swift */,
			);
			path = View;
			sourceTree = "<group>";
		};
		097FE6C52FF0269100C42BC9 /* MainView */ = {
			isa = PBXGroup;
			children = (
				097FE6C62FF026A600C42BC9 /* View */,
			);
			path = MainView;
			sourceTree = "<group>";
		};
		097FE6C62FF026A600C42BC9 /* View */ = {
			isa = PBXGroup;
			children = (
				097FE6C72FF026BD00C42BC9 /* MainView.swift */,
			);
			path = View;
			sourceTree = "<group>";
		};
		09BBE4DF2FF2C774003A54DF /* ViewModel */ = {
			isa = PBXGroup;
			children = (
				09BBE4DD2FF2C76E003A54DF /* HomeViewModel.swift */,
			);
			path = ViewModel;
			sourceTree = "<group>";
		};
		09F9B4362FEFCCA10017509E = {
			isa = PBXGroup;
			children = (
				B8165E022FF4198C009DC909 /* Secrets.xcconfig */,
				B8BA56102FF019E1004CA9FF /* .gitignore */,
				09F9B4412FEFCCA10017509E /* Buyza App */,
				09F9B4572FEFCCA40017509E /* Buyza AppTests */,
				09F9B4612FEFCCA50017509E /* Buyza AppUITests */,
				09F9B4402FEFCCA10017509E /* Products */,
			);
			sourceTree = "<group>";
		};
		09F9B4402FEFCCA10017509E /* Products */ = {
			isa = PBXGroup;
			children = (
				09F9B43F2FEFCCA10017509E /* Buyza App.app */,
				09F9B4542FEFCCA40017509E /* Buyza AppTests.xctest */,
				09F9B45E2FEFCCA50017509E /* Buyza AppUITests.xctest */,
			);
			name = Products;
			sourceTree = "<group>";
		};
		09F9B4412FEFCCA10017509E /* Buyza App */ = {
			isa = PBXGroup;
			children = (
				B81D84D32FF3068A000DFBE1 /* Buyza-App-Info.plist */,
				B81D84CA2FF2D838000DFBE1 /* Router */,
				E9DA300E2FF026BC00FBC99A /* Services */,
				769DB52F2FEFE3DC00F532C7 /* Domain */,
				769DB5262FEFD1E600F532C7 /* Data */,
				769DC0392FF0030000F532C7 /* Extensions */,
				097FE6A82FEFD80100C42BC9 /* Presentation */,
				09F9B4422FEFCCA10017509E /* Buyza_AppApp.swift */,
				09F9B4462FEFCCA40017509E /* Assets.xcassets */,
				09F9B44B2FEFCCA40017509E /* Persistence.swift */,
				09F9B44D2FEFCCA40017509E /* Buyza_App.xcdatamodeld */,
				09F9B4482FEFCCA40017509E /* Preview Content */,
				097FE6B92FEFF58400C42BC9 /* OnboardingStep.swift */,
				09BBE4E02FF2CC07003A54DF /* Category.swift */,
				09BBE4E22FF2CFC8003A54DF /* Brand.swift */,
			);
			path = "Buyza App";
			sourceTree = "<group>";
		};
		09F9B4482FEFCCA40017509E /* Preview Content */ = {
			isa = PBXGroup;
			children = (
				09F9B4492FEFCCA40017509E /* Preview Assets.xcassets */,
			);
			path = "Preview Content";
			sourceTree = "<group>";
		};
		09F9B4572FEFCCA40017509E /* Buyza AppTests */ = {
			isa = PBXGroup;
			children = (
				09F9B4582FEFCCA40017509E /* Buyza_AppTests.swift */,
			);
			path = "Buyza AppTests";
			sourceTree = "<group>";
		};
		09F9B4612FEFCCA50017509E /* Buyza AppUITests */ = {
			isa = PBXGroup;
			children = (
				09F9B4622FEFCCA50017509E /* Buyza_AppUITests.swift */,
				09F9B4642FEFCCA50017509E /* Buyza_AppUITestsLaunchTests.swift */,
			);
			path = "Buyza AppUITests";
			sourceTree = "<group>";
		};
		769DB5262FEFD1E600F532C7 /* Data */ = {
			isa = PBXGroup;
			children = (
				B8EAE9C62FF5172C00129771 /* Addresses */,
				B8165E042FF41A52009DC909 /* Cart */,
				B8BA560C2FF00557004CA9FF /* Auth */,
			);
			path = Data;
			sourceTree = "<group>";
		};
		769DB52F2FEFE3DC00F532C7 /* Domain */ = {
			isa = PBXGroup;
			children = (
				B8BA55A82FEFE29A004CA9FF /* Repo */,
				769DB5302FEFE3E400F532C7 /* Models */,
				B8BA55A62FEFE288004CA9FF /* Usecase */,
			);
			path = Domain;
			sourceTree = "<group>";
		};
		769DB5302FEFE3E400F532C7 /* Models */ = {
			isa = PBXGroup;
			children = (
				B8165E1E2FF42BB5009DC909 /* CartSummary.swift */,
				B8165E132FF42627009DC909 /* CartError.swift */,
				B8BA55BB2FEFF188004CA9FF /* AuthError.swift */,
				B8BA55B52FEFE663004CA9FF /* UserModel.swift */,
				769DB5312FEFE3F200F532C7 /* Product.swift */,
				B8EAE9AD2FF510B400129771 /* Address.swift */,
			);
			path = Models;
			sourceTree = "<group>";
		};
		769DC0182FF0010000F532C7 /* ProductDetail */ = {
			isa = PBXGroup;
			children = (
				769DC01A2FF0010000F532C7 /* ViewModel */,
				769DC0192FF0010000F532C7 /* View */,
			);
			path = ProductDetail;
			sourceTree = "<group>";
		};
		769DC0192FF0010000F532C7 /* View */ = {
			isa = PBXGroup;
			children = (
				769DC0092FF0010000F532C7 /* ProductDetailView.swift */,
				769DC01B2FF0010000F532C7 /* Components */,
			);
			path = View;
			sourceTree = "<group>";
		};
		769DC01A2FF0010000F532C7 /* ViewModel */ = {
			isa = PBXGroup;
			children = (
				769DC0072FF0010000F532C7 /* ProductDetailViewModel.swift */,
			);
			path = ViewModel;
			sourceTree = "<group>";
		};
		769DC01B2FF0010000F532C7 /* Components */ = {
			isa = PBXGroup;
			children = (
				769DC00B2FF0010000F532C7 /* Color+Hex.swift */,
				769DC00D2FF0010000F532C7 /* ProductImageCarousel.swift */,
				769DC00F2FF0010000F532C7 /* ProductSizeSelector.swift */,
				769DC0112FF0010000F532C7 /* ProductColorSelector.swift */,
				769DC0132FF0010000F532C7 /* ProductAccordionSection.swift */,
				769DC0152FF0010000F532C7 /* ProductActionBar.swift */,
			);
			path = Components;
			sourceTree = "<group>";
		};
		769DC0392FF0030000F532C7 /* Extensions */ = {
			isa = PBXGroup;
			children = (
				769DC0372FF0030000F532C7 /* String+HTML.swift */,
			);
			path = Extensions;
			sourceTree = "<group>";
		};
		B8165DF52FF418D0009DC909 /* Components */ = {
			isa = PBXGroup;
			children = (
				B8165DF22FF418D0009DC909 /* CartItemRow.swift */,
				B8165DF32FF418D0009DC909 /* CartSummarySection.swift */,
				B8165DF42FF418D0009DC909 /* EmptyCartView.swift */,
			);
			path = Components;
			sourceTree = "<group>";
		};
		B8165DF72FF418D0009DC909 /* View */ = {
			isa = PBXGroup;
			children = (
				B8165DF52FF418D0009DC909 /* Components */,
				B8165DF62FF418D0009DC909 /* CartView.swift */,
			);
			path = View;
			sourceTree = "<group>";
		};
		B8165DFA2FF418D0009DC909 /* ViewModel */ = {
			isa = PBXGroup;
			children = (
				B8165DF92FF418D0009DC909 /* CartViewModel.swift */,
			);
			path = ViewModel;
			sourceTree = "<group>";
		};
		B8165DFB2FF418D0009DC909 /* Cart */ = {
			isa = PBXGroup;
			children = (
				B8165DF72FF418D0009DC909 /* View */,
				B8165DFA2FF418D0009DC909 /* ViewModel */,
			);
			path = Cart;
			sourceTree = "<group>";
		};
		B8165E042FF41A52009DC909 /* Cart */ = {
			isa = PBXGroup;
			children = (
				B8165E1B2FF42762009DC909 /* Repo */,
				B8165E152FF4268D009DC909 /* DataSource */,
				B8165E052FF41A77009DC909 /* Model */,
			);
			path = Cart;
			sourceTree = "<group>";
		};
		B8165E052FF41A77009DC909 /* Model */ = {
			isa = PBXGroup;
			children = (
				B8165E062FF41A89009DC909 /* CartResponse.swift */,
			);
			path = Model;
			sourceTree = "<group>";
		};
		B8165E0A2FF41AF0009DC909 /* Cart */ = {
			isa = PBXGroup;
			children = (
				B8165E112FF41BDA009DC909 /* FetchCartUseCase.swift */,
				B8165E0F2FF41B90009DC909 /* UpdateQuantityUseCase.swift */,
				B8165E0D2FF41B7D009DC909 /* RemoveFromCartUseCase.swift */,
				B8165E0B2FF41B0F009DC909 /* AddToCartUseCase.swift */,
			);
			path = Cart;
			sourceTree = "<group>";
		};
		B8165E152FF4268D009DC909 /* DataSource */ = {
			isa = PBXGroup;
			children = (
				B8165E172FF426A4009DC909 /* Remote */,
			);
			path = DataSource;
			sourceTree = "<group>";
		};
		B8165E172FF426A4009DC909 /* Remote */ = {
			isa = PBXGroup;
			children = (
				B8165E182FF426AB009DC909 /* CartRemoteDataSource.swift */,
			);
			path = Remote;
			sourceTree = "<group>";
		};
		B8165E1B2FF42762009DC909 /* Repo */ = {
			isa = PBXGroup;
			children = (
				B8165E1C2FF42774009DC909 /* CartRepositoryImp.swift */,
			);
			path = Repo;
			sourceTree = "<group>";
		};
		B81D84CA2FF2D838000DFBE1 /* Router */ = {
			isa = PBXGroup;
			children = (
				B81D84CD2FF2D850000DFBE1 /* RootContainerView.swift */,
				B81D84CB2FF2D845000DFBE1 /* AppRoute.swift */,
			);
			path = Router;
			sourceTree = "<group>";
		};
		B8BA2EB22FF297250038CA63 /* Local */ = {
			isa = PBXGroup;
			children = (
				B8BA2EAB2FF294C60038CA63 /* LocalAuthDataSource.swift */,
			);
			path = Local;
			sourceTree = "<group>";
		};
		B8BA55A42FEFE25F004CA9FF /* View */ = {
			isa = PBXGroup;
			children = (
				B8BA55F32FEFFDF6004CA9FF /* Components */,
				B8BA55F42FEFFDF6004CA9FF /* LoginView.swift */,
			);
			path = View;
			sourceTree = "<group>";
		};
		B8BA55A52FEFE265004CA9FF /* ViewModel */ = {
			isa = PBXGroup;
			children = (
				B8BA55BF2FEFF792004CA9FF /* LoginViewModel.swift */,
			);
			path = ViewModel;
			sourceTree = "<group>";
		};
		B8BA55A62FEFE288004CA9FF /* Usecase */ = {
			isa = PBXGroup;
			children = (
				B8EAE9BD2FF510D500129771 /* Address */,
				B8165E0A2FF41AF0009DC909 /* Cart */,
				B8BA560D2FF00572004CA9FF /* Auth */,
				769DC0032FF0010000F532C7 /* ProductDetailUseCaseProtocol.swift */,
				769DC0052FF0010000F532C7 /* ProductDetailUseCase.swift */,
			);
			path = Usecase;
			sourceTree = "<group>";
		};
		B8BA55A82FEFE29A004CA9FF /* Repo */ = {
			isa = PBXGroup;
			children = (
				B8165E082FF41AC0009DC909 /* CartRepo.swift */,
				B8BA55B32FEFE64A004CA9FF /* AuthRepo.swift */,
				B8EAE9AF2FF510B400129771 /* AddressRepository.swift */,
			);
			path = Repo;
			sourceTree = "<group>";
		};
		B8BA55A92FEFE2A2004CA9FF /* Repo */ = {
			isa = PBXGroup;
			children = (
				B8BA55BD2FEFF22C004CA9FF /* AuthRepoImp.swift */,
			);
			path = Repo;
			sourceTree = "<group>";
		};
		B8BA55AA2FEFE2C5004CA9FF /* Model */ = {
			isa = PBXGroup;
			children = (
				B81D84D42FF30939000DFBE1 /* ShopifyLoginModels.swift */,
				B8BA2EAE2FF295350038CA63 /* ShopifyRegisterModels.swift */,
				B8BA55B12FEFE4B3004CA9FF /* AuthDataResultModel.swift */,
			);
			path = Model;
			sourceTree = "<group>";
		};
		B8BA55AB2FEFE2CD004CA9FF /* DataSource */ = {
			isa = PBXGroup;
			children = (
				B8BA2EB22FF297250038CA63 /* Local */,
				B8BA55AE2FEFE47F004CA9FF /* remote */,
			);
			path = DataSource;
			sourceTree = "<group>";
		};
		B8BA55AE2FEFE47F004CA9FF /* remote */ = {
			isa = PBXGroup;
			children = (
				B8BA2EB02FF2959C0038CA63 /* ShopifyAuthService.swift */,
				B8BA55A12FEFE251004CA9FF /* FirebaseServices.swift */,
			);
			path = remote;
			sourceTree = "<group>";
		};
		B8BA55F32FEFFDF6004CA9FF /* Components */ = {
			isa = PBXGroup;
			children = (
				B8BA55EA2FEFFDF6004CA9FF /* ForgotPasswordButton.swift */,
				B8BA55EB2FEFFDF6004CA9FF /* InputFieldModifier.swift */,
				B8BA55EC2FEFFDF6004CA9FF /* LoginButton.swift */,
				B8BA55ED2FEFFDF6004CA9FF /* LoginFooter.swift */,
				B8BA55EE2FEFFDF6004CA9FF /* LoginForm.swift */,
				B8BA55EF2FEFFDF6004CA9FF /* LoginHeader.swift */,
				B8BA55F02FEFFDF6004CA9FF /* LoginViewHeader.swift */,
				B8BA55F12FEFFDF6004CA9FF /* SocialButton.swift */,
				B8BA55F22FEFFDF6004CA9FF /* SocialLogin.swift */,
			);
			path = Components;
			sourceTree = "<group>";
		};
		B8BA56012FEFFE12004CA9FF /* Login */ = {
			isa = PBXGroup;
			children = (
				B8BA55A52FEFE265004CA9FF /* ViewModel */,
				B8BA55A42FEFE25F004CA9FF /* View */,
			);
			path = Login;
			sourceTree = "<group>";
		};
		B8BA56022FEFFE1E004CA9FF /* Register */ = {
			isa = PBXGroup;
			children = (
				B8BA56042FEFFEAB004CA9FF /* ViewModel */,
				B8BA56032FEFFEA6004CA9FF /* View */,
			);
			path = Register;
			sourceTree = "<group>";
		};
		B8BA56032FEFFEA6004CA9FF /* View */ = {
			isa = PBXGroup;
			children = (
				B8BA56082FEFFF04004CA9FF /* RegisterView.swift */,
				B8BA56072FEFFEEA004CA9FF /* Components */,
			);
			path = View;
			sourceTree = "<group>";
		};
		B8BA56042FEFFEAB004CA9FF /* ViewModel */ = {
			isa = PBXGroup;
			children = (
				B8BA560A2FEFFF5B004CA9FF /* RegisterViewModel.swift */,
			);
			path = ViewModel;
			sourceTree = "<group>";
		};
		B8BA56072FEFFEEA004CA9FF /* Components */ = {
			isa = PBXGroup;
			children = (
				B8BA56052FEFFEB1004CA9FF /* RegisterForm.swift */,
			);
			path = Components;
			sourceTree = "<group>";
		};
		B8BA560C2FF00557004CA9FF /* Auth */ = {
			isa = PBXGroup;
			children = (
				B8BA55AB2FEFE2CD004CA9FF /* DataSource */,
				B8BA55AA2FEFE2C5004CA9FF /* Model */,
				B8BA55A92FEFE2A2004CA9FF /* Repo */,
			);
			path = Auth;
			sourceTree = "<group>";
		};
		B8BA560D2FF00572004CA9FF /* Auth */ = {
			isa = PBXGroup;
			children = (
				B81D84CF2FF2F1B8000DFBE1 /* CheckLoginStatusUseCase.swift */,
				B8BA55B72FEFE961004CA9FF /* LoginUseCase.swift */,
				B8BA55B92FEFE976004CA9FF /* RegisterUseCase.swift */,
			);
			path = Auth;
			sourceTree = "<group>";
		};
		B8EAE9892FF4F94B00129771 /* Components */ = {
			isa = PBXGroup;
			children = (
				B8EAE9952FF4FCC100129771 /* AddressContinueButton.swift */,
				B8EAE9962FF4FCC100129771 /* AddressListContent.swift */,
				B8EAE9972FF4FCC100129771 /* AddressNavigationBar.swift */,
				B8EAE9982FF4FCC100129771 /* EmptyAddressView.swift */,
				B8EAE9882FF4F94B00129771 /* AddressCardView.swift */,
			);
			path = Components;
			sourceTree = "<group>";
		};
		B8EAE98B2FF4F94B00129771 /* View */ = {
			isa = PBXGroup;
			children = (
				B8EAE9892FF4F94B00129771 /* Components */,
				B8EAE98A2FF4F94B00129771 /* AddressSelectionView.swift */,
			);
			path = View;
			sourceTree = "<group>";
		};
		B8EAE98C2FF4F94B00129771 /* Addresses */ = {
			isa = PBXGroup;
			children = (
				B8EAE9CB2FF530CB00129771 /* Edit Address */,
				B8EAE9AA2FF5007900129771 /* View Addresses */,
				B8EAE9A12FF4FFDD00129771 /* Add Addresses */,
			);
			path = Addresses;
			sourceTree = "<group>";
		};
		B8EAE9912FF4FB5900129771 /* ViewModel */ = {
			isa = PBXGroup;
			children = (
				B8EAE9902FF4FB5900129771 /* AddressSelectionViewModel.swift */,
			);
			path = ViewModel;
			sourceTree = "<group>";
		};
		B8EAE9A12FF4FFDD00129771 /* Add Addresses */ = {
			isa = PBXGroup;
			children = (
				B8EAE9A92FF5006400129771 /* View Model */,
				B8EAE9A82FF5005F00129771 /* View */,
			);
			path = "Add Addresses";
			sourceTree = "<group>";
		};
		B8EAE9A32FF5000000129771 /* Components */ = {
			isa = PBXGroup;
			children = (
				B8EAE99D2FF4FFD000129771 /* AddAddressForm.swift */,
				B8EAE99E2FF4FFD000129771 /* AddressInputField.swift */,
			);
			path = Components;
			sourceTree = "<group>";
		};
		B8EAE9A82FF5005F00129771 /* View */ = {
			isa = PBXGroup;
			children = (
				B8EAE9A32FF5000000129771 /* Components */,
				B8EAE9A42FF5001C00129771 /* AddAddressView.swift */,
			);
			path = View;
			sourceTree = "<group>";
		};
		B8EAE9A92FF5006400129771 /* View Model */ = {
			isa = PBXGroup;
			children = (
				B8EAE9A62FF5005500129771 /* AddAddressViewModel.swift */,
			);
			path = "View Model";
			sourceTree = "<group>";
		};
		B8EAE9AA2FF5007900129771 /* View Addresses */ = {
			isa = PBXGroup;
			children = (
				B8EAE9912FF4FB5900129771 /* ViewModel */,
				B8EAE98B2FF4F94B00129771 /* View */,
			);
			path = "View Addresses";
			sourceTree = "<group>";
		};
		B8EAE9BD2FF510D500129771 /* Address */ = {
			isa = PBXGroup;
			children = (
				B8EAE9B12FF510B400129771 /* AddAddressUseCase.swift */,
				B8EAE9B22FF510B400129771 /* DeleteAddressUseCase.swift */,
				B8EAE9B32FF510B400129771 /* GetAddressesUseCase.swift */,
				B8EAE9B42FF510B400129771 /* UpdateAddressUseCase.swift */,
			);
			path = Address;
			sourceTree = "<group>";
		};
		B8EAE9BF2FF5172C00129771 /* Remote */ = {
			isa = PBXGroup;
			children = (
				B8EAE9BE2FF5172C00129771 /* ShopifyAddressDataSource.swift */,
			);
			path = Remote;
			sourceTree = "<group>";
		};
		B8EAE9C12FF5172C00129771 /* DataSource */ = {
			isa = PBXGroup;
			children = (
				B8EAE9BF2FF5172C00129771 /* Remote */,
				B8EAE9C02FF5172C00129771 /* AddressDataSourceProtocol.swift */,
			);
			path = DataSource;
			sourceTree = "<group>";
		};
		B8EAE9C32FF5172C00129771 /* Model */ = {
			isa = PBXGroup;
			children = (
				B8EAE9C22FF5172C00129771 /* AddressResponse.swift */,
			);
			path = Model;
			sourceTree = "<group>";
		};
		B8EAE9C52FF5172C00129771 /* Repo */ = {
			isa = PBXGroup;
			children = (
				B8EAE9C42FF5172C00129771 /* AddressRepositoryImp.swift */,
			);
			path = Repo;
			sourceTree = "<group>";
		};
		B8EAE9C62FF5172C00129771 /* Addresses */ = {
			isa = PBXGroup;
			children = (
				B8EAE9C12FF5172C00129771 /* DataSource */,
				B8EAE9C32FF5172C00129771 /* Model */,
				B8EAE9C52FF5172C00129771 /* Repo */,
			);
			path = Addresses;
			sourceTree = "<group>";
		};
		B8EAE9CB2FF530CB00129771 /* Edit Address */ = {
			isa = PBXGroup;
			children = (
				B8EAE9CD2FF530DB00129771 /* View Model */,
				B8EAE9CC2FF530D700129771 /* View */,
			);
			path = "Edit Address";
			sourceTree = "<group>";
		};
		B8EAE9CC2FF530D700129771 /* View */ = {
			isa = PBXGroup;
			children = (
				B8EAE9D22FF5315400129771 /* Components */,
				B8EAE9D32FF5316500129771 /* EditAddressView.swift */,
			);
			path = View;
			sourceTree = "<group>";
		};
		B8EAE9CD2FF530DB00129771 /* View Model */ = {
			isa = PBXGroup;
			children = (
				B8EAE9CE2FF5311D00129771 /* EditAddressViewModel.swift */,
			);
			path = "View Model";
			sourceTree = "<group>";
		};
		B8EAE9D22FF5315400129771 /* Components */ = {
			isa = PBXGroup;
			children = (
				B8EAE9D02FF5314900129771 /* EditAddressForm.swift */,
			);
			path = Components;
			sourceTree = "<group>";
		};
		E9DA300E2FF026BC00FBC99A /* Services */ = {
			isa = PBXGroup;
			children = (
				E9DA300F2FF026CA00FBC99A /* Network Service */,
				B8BA558F2FEFD45B004CA9FF /* GoogleService-Info.plist */,
			);
			path = Services;
			sourceTree = "<group>";
		};
		E9DA300F2FF026CA00FBC99A /* Network Service */ = {
			isa = PBXGroup;
			children = (
				769DB5292FEFD7B600F532C7 /* ApiEndpoint.swift */,
				769DB52B2FEFD96A00F532C7 /* ApiError.swift */,
				769DB52D2FEFDA3400F532C7 /* ApiManager.swift */,
				769DB5332FEFE50000F532C7 /* GraphQLRequest.swift */,
				769DB5352FEFE51000F532C7 /* GraphQLResponse.swift */,
			);
			path = "Network Service";
			sourceTree = "<group>";
		};
/* End PBXGroup section */

/* Begin PBXNativeTarget section */
		09F9B43E2FEFCCA10017509E /* Buyza App */ = {
			isa = PBXNativeTarget;
			buildConfigurationList = 09F9B4682FEFCCA50017509E /* Build configuration list for PBXNativeTarget "Buyza App" */;
			buildPhases = (
				09F9B43B2FEFCCA10017509E /* Sources */,
				09F9B43C2FEFCCA10017509E /* Frameworks */,
				09F9B43D2FEFCCA10017509E /* Resources */,
			);
			buildRules = (
			);
			dependencies = (
			);
			name = "Buyza App";
			productName = "Buyza App";
			productReference = 09F9B43F2FEFCCA10017509E /* Buyza App.app */;
			productType = "com.apple.product-type.application";
		};
		09F9B4532FEFCCA40017509E /* Buyza AppTests */ = {
			isa = PBXNativeTarget;
			buildConfigurationList = 09F9B46B2FEFCCA50017509E /* Build configuration list for PBXNativeTarget "Buyza AppTests" */;
			buildPhases = (
				09F9B4502FEFCCA40017509E /* Sources */,
				09F9B4512FEFCCA40017509E /* Frameworks */,
				09F9B4522FEFCCA40017509E /* Resources */,
			);
			buildRules = (
			);
			dependencies = (
				09F9B4562FEFCCA40017509E /* PBXTargetDependency */,
			);
			name = "Buyza AppTests";
			productName = "Buyza AppTests";
			productReference = 09F9B4542FEFCCA40017509E /* Buyza AppTests.xctest */;
			productType = "com.apple.product-type.bundle.unit-test";
		};
		09F9B45D2FEFCCA50017509E /* Buyza AppUITests */ = {
			isa = PBXNativeTarget;
			buildConfigurationList = 09F9B46E2FEFCCA50017509E /* Build configuration list for PBXNativeTarget "Buyza AppUITests" */;
			buildPhases = (
				09F9B45A2FEFCCA50017509E /* Sources */,
				09F9B45B2FEFCCA50017509E /* Frameworks */,
				09F9B45C2FEFCCA50017509E /* Resources */,
			);
			buildRules = (
			);
			dependencies = (
				09F9B4602FEFCCA50017509E /* PBXTargetDependency */,
			);
			name = "Buyza AppUITests";
			productName = "Buyza AppUITests";
			productReference = 09F9B45E2FEFCCA50017509E /* Buyza AppUITests.xctest */;
			productType = "com.apple.product-type.bundle.ui-testing";
		};
/* End PBXNativeTarget section */

/* Begin PBXProject section */
		09F9B4372FEFCCA10017509E /* Project object */ = {
			isa = PBXProject;
			attributes = {
				BuildIndependentTargetsInParallel = 1;
				LastSwiftUpdateCheck = 1520;
				LastUpgradeCheck = 1520;
				TargetAttributes = {
					09F9B43E2FEFCCA10017509E = {
						CreatedOnToolsVersion = 15.2;
					};
					09F9B4532FEFCCA40017509E = {
						CreatedOnToolsVersion = 15.2;
						TestTargetID = 09F9B43E2FEFCCA10017509E;
					};
					09F9B45D2FEFCCA50017509E = {
						CreatedOnToolsVersion = 15.2;
						TestTargetID = 09F9B43E2FEFCCA10017509E;
					};
				};
			};
			buildConfigurationList = 09F9B43A2FEFCCA10017509E /* Build configuration list for PBXProject "Buyza App" */;
			compatibilityVersion = "Xcode 14.0";
			developmentRegion = en;
			hasScannedForEncodings = 0;
			knownRegions = (
				en,
				Base,
			);
			mainGroup = 09F9B4362FEFCCA10017509E;
			packageReferences = (
				B8BA55912FEFD837004CA9FF /* XCRemoteSwiftPackageReference "firebase-ios-sdk" */,
			);
			productRefGroup = 09F9B4402FEFCCA10017509E /* Products */;
			projectDirPath = "";
			projectRoot = "";
			targets = (
				09F9B43E2FEFCCA10017509E /* Buyza App */,
				09F9B4532FEFCCA40017509E /* Buyza AppTests */,
				09F9B45D2FEFCCA50017509E /* Buyza AppUITests */,
			);
		};
/* End PBXProject section */

/* Begin PBXResourcesBuildPhase section */
		09F9B43D2FEFCCA10017509E /* Resources */ = {
			isa = PBXResourcesBuildPhase;
			buildActionMask = 2147483647;
			files = (
				B8165E032FF4198C009DC909 /* Secrets.xcconfig in Resources */,
				09F9B44A2FEFCCA40017509E /* Preview Assets.xcassets in Resources */,
				09F9B4472FEFCCA40017509E /* Assets.xcassets in Resources */,
				B8BA55902FEFD45B004CA9FF /* GoogleService-Info.plist in Resources */,
			);
			runOnlyForDeploymentPostprocessing = 0;
		};
		09F9B4522FEFCCA40017509E /* Resources */ = {
			isa = PBXResourcesBuildPhase;
			buildActionMask = 2147483647;
			files = (
			);
			runOnlyForDeploymentPostprocessing = 0;
		};
		09F9B45C2FEFCCA50017509E /* Resources */ = {
			isa = PBXResourcesBuildPhase;
			buildActionMask = 2147483647;
			files = (
			);
			runOnlyForDeploymentPostprocessing = 0;
		};
/* End PBXResourcesBuildPhase section */

/* Begin PBXSourcesBuildPhase section */
		09F9B43B2FEFCCA10017509E /* Sources */ = {
			isa = PBXSourcesBuildPhase;
			buildActionMask = 2147483647;
			files = (
				B8BA55B42FEFE64A004CA9FF /* AuthRepo.swift in Sources */,
				B8BA55A32FEFE251004CA9FF /* FirebaseServices.swift in Sources */,
				B81D84CE2FF2D850000DFBE1 /* RootContainerView.swift in Sources */,
				B8BA55BE2FEFF22C004CA9FF /* AuthRepoImp.swift in Sources */,
				B8165E122FF41BE2009DC909 /* FetchCartUseCase.swift in Sources */,
				B8BA55B22FEFE4B3004CA9FF /* AuthDataResultModel.swift in Sources */,
				B81D84D52FF3093F000DFBE1 /* ShopifyLoginModels.swift in Sources */,
				B81D84CC2FF2D845000DFBE1 /* AppRoute.swift in Sources */,
				B8EAE98E2FF4F94B00129771 /* AddressCardView.swift in Sources */,
				B8EAE98F2FF4F94B00129771 /* AddressSelectionView.swift in Sources */,
				09F9B44C2FEFCCA40017509E /* Persistence.swift in Sources */,
				B8BA55C02FEFF792004CA9FF /* LoginViewModel.swift in Sources */,
				B8BA55F62FEFFDF6004CA9FF /* ForgotPasswordButton.swift in Sources */,
				B8165DFC2FF418D0009DC909 /* CartItemRow.swift in Sources */,
				B8165DFD2FF418D0009DC909 /* EmptyCartView.swift in Sources */,
				B8165E092FF41AC2009DC909 /* CartRepo.swift in Sources */,
				B8165E0E2FF41B85009DC909 /* RemoveFromCartUseCase.swift in Sources */,
				B8165E1D2FF42775009DC909 /* CartRepositoryImp.swift in Sources */,
				B8165DFE2FF418D0009DC909 /* CartView.swift in Sources */,
				B8165DFF2FF418D0009DC909 /* CartSummarySection.swift in Sources */,
				B8165E012FF418D0009DC909 /* CartViewModel.swift in Sources */,
				B8BA55F72FEFFDF6004CA9FF /* InputFieldModifier.swift in Sources */,
				B8BA55F82FEFFDF6004CA9FF /* LoginButton.swift in Sources */,
				B8BA55F92FEFFDF6004CA9FF /* LoginFooter.swift in Sources */,
				B8BA55FA2FEFFDF6004CA9FF /* LoginForm.swift in Sources */,
				B8BA2EAF2FF295370038CA63 /* ShopifyRegisterModels.swift in Sources */,
				B8BA56092FEFFF04004CA9FF /* RegisterView.swift in Sources */,
				B8EAE9D42FF5316500129771 /* EditAddressView.swift in Sources */,
				B8BA55FB2FEFFDF6004CA9FF /* LoginHeader.swift in Sources */,
				B8BA55FC2FEFFDF6004CA9FF /* LoginViewHeader.swift in Sources */,
				B8BA55FD2FEFFDF6004CA9FF /* SocialButton.swift in Sources */,
				B8EAE9A72FF5005500129771 /* AddAddressViewModel.swift in Sources */,
				B8BA56062FEFFEB1004CA9FF /* RegisterForm.swift in Sources */,
				B8BA55FE2FEFFDF6004CA9FF /* SocialLogin.swift in Sources */,
				B8BA55FF2FEFFDF6004CA9FF /* LoginView.swift in Sources */,
				769DB5322FEFE3F300F532C7 /* Product.swift in Sources */,
				09F9B44F2FEFCCA40017509E /* Buyza_App.xcdatamodeld in Sources */,
				B8BA55BC2FEFF188004CA9FF /* AuthError.swift in Sources */,
				B8BA560B2FEFFF5B004CA9FF /* RegisterViewModel.swift in Sources */,
				B8165E192FF426D4009DC909 /* CartRemoteDataSource.swift in Sources */,
				B8BA55B62FEFE663004CA9FF /* UserModel.swift in Sources */,
				B8BA2EB12FF2959F0038CA63 /* ShopifyAuthService.swift in Sources */,
				B81D84D02FF2F1B8000DFBE1 /* CheckLoginStatusUseCase.swift in Sources */,
				B8BA55BA2FEFE976004CA9FF /* RegisterUseCase.swift in Sources */,
				769DB52E2FEFDA3400F532C7 /* ApiManager.swift in Sources */,
				097FE6C82FF026BD00C42BC9 /* MainView.swift in Sources */,
				09F9B44F2FEFCCA40017509E /* Buyza_App.xcdatamodeld in Sources */,
				09767E762FF30461004D37E8 /* BrandsListView.swift in Sources */,
				09767E732FF2F7D6004D37E8 /* CategoriesListView.swift in Sources */,
				097FE6AC2FEFD85400C42BC9 /* SplashView.swift in Sources */,
				097FE6BA2FEFF58400C42BC9 /* OnboardingStep.swift in Sources */,
				097FE6CA2FF027E400C42BC9 /* HomeHeader.swift in Sources */,
				097FE6C42FF025AE00C42BC9 /* HomeView.swift in Sources */,
				097FE6B12FEFE05400C42BC9 /* SplashViewModel.swift in Sources */,
				0978086B2FF40B5A00ECF823 /* ProductGrid.swift in Sources */,
				09BBE4DE2FF2C76E003A54DF /* HomeViewModel.swift in Sources */,
				097FE6BC2FEFF8DD00C42BC9 /* OnboardingPageView.swift in Sources */,
				B8EAE9A52FF5001C00129771 /* AddAddressView.swift in Sources */,
				09BBE4E12FF2CC07003A54DF /* Category.swift in Sources */,
				B8EAE9C72FF5172C00129771 /* AddressResponse.swift in Sources */,
				B8EAE9C82FF5172C00129771 /* AddressDataSourceProtocol.swift in Sources */,
				B8EAE9C92FF5172C00129771 /* AddressRepositoryImp.swift in Sources */,
				B8EAE9CA2FF5172C00129771 /* ShopifyAddressDataSource.swift in Sources */,
				B8EAE99F2FF4FFD000129771 /* AddAddressForm.swift in Sources */,
				B8EAE9A02FF4FFD000129771 /* AddressInputField.swift in Sources */,
				09F9B4432FEFCCA10017509E /* Buyza_AppApp.swift in Sources */,
				B8BA55B82FEFE961004CA9FF /* LoginUseCase.swift in Sources */,
				B8165E072FF41A8D009DC909 /* CartResponse.swift in Sources */,
				769DB52A2FEFD7B600F532C7 /* ApiEndpoint.swift in Sources */,
				B8BA2EAC2FF294C60038CA63 /* LocalAuthDataSource.swift in Sources */,
				B8165E142FF42627009DC909 /* CartError.swift in Sources */,
				B8165E0C2FF41B1A009DC909 /* AddToCartUseCase.swift in Sources */,
				769DB52C2FEFD96A00F532C7 /* ApiError.swift in Sources */,
				769DB5342FEFE50000F532C7 /* GraphQLRequest.swift in Sources */,
				769DB5362FEFE51000F532C7 /* GraphQLResponse.swift in Sources */,
				097FE6B82FEFF26200C42BC9 /* OnboardingView.swift in Sources */,
				769DC0042FF0010000F532C7 /* ProductDetailUseCaseProtocol.swift in Sources */,
				769DC0062FF0010000F532C7 /* ProductDetailUseCase.swift in Sources */,
				769DC0082FF0010000F532C7 /* ProductDetailViewModel.swift in Sources */,
				B8165E1F2FF42BB5009DC909 /* CartSummary.swift in Sources */,
				769DC00A2FF0010000F532C7 /* ProductDetailView.swift in Sources */,
				769DC00C2FF0010000F532C7 /* Color+Hex.swift in Sources */,
				769DC00E2FF0010000F532C7 /* ProductImageCarousel.swift in Sources */,
				B8EAE9D12FF5314900129771 /* EditAddressForm.swift in Sources */,
				769DC0102FF0010000F532C7 /* ProductSizeSelector.swift in Sources */,
				B8165E102FF41BD0009DC909 /* UpdateQuantityUseCase.swift in Sources */,
				B8EAE9992FF4FCC100129771 /* AddressContinueButton.swift in Sources */,
				B8EAE9CF2FF5311D00129771 /* EditAddressViewModel.swift in Sources */,
				B8EAE99A2FF4FCC100129771 /* AddressListContent.swift in Sources */,
				B8EAE99B2FF4FCC100129771 /* AddressNavigationBar.swift in Sources */,
				B8EAE99C2FF4FCC100129771 /* EmptyAddressView.swift in Sources */,
				769DC0122FF0010000F532C7 /* ProductColorSelector.swift in Sources */,
				769DC0142FF0010000F532C7 /* ProductAccordionSection.swift in Sources */,
				B8EAE9B72FF510B400129771 /* DeleteAddressUseCase.swift in Sources */,
				B8EAE9B82FF510B400129771 /* Address.swift in Sources */,
				B8EAE9B92FF510B400129771 /* UpdateAddressUseCase.swift in Sources */,
				B8EAE9BA2FF510B400129771 /* AddressRepository.swift in Sources */,
				B8EAE9BB2FF510B400129771 /* AddAddressUseCase.swift in Sources */,
				B8EAE9BC2FF510B400129771 /* GetAddressesUseCase.swift in Sources */,
				769DC0162FF0010000F532C7 /* ProductActionBar.swift in Sources */,
				B8EAE9922FF4FB5900129771 /* AddressSelectionViewModel.swift in Sources */,
				769DC0382FF0030000F532C7 /* String+HTML.swift in Sources */,
				09BBE4E32FF2CFC8003A54DF /* Brand.swift in Sources */,
				097FE6B82FEFF26200C42BC9 /* OnboardingView.swift in Sources */,
				09767E782FF3118A004D37E8 /* ProductCard.swift in Sources */,
				097FE6C02FF01FDD00C42BC9 /* CollectionCell.swift in Sources */,
			);
			runOnlyForDeploymentPostprocessing = 0;
		};
		09F9B4502FEFCCA40017509E /* Sources */ = {
			isa = PBXSourcesBuildPhase;
			buildActionMask = 2147483647;
			files = (
				09F9B4592FEFCCA40017509E /* Buyza_AppTests.swift in Sources */,
			);
			runOnlyForDeploymentPostprocessing = 0;
		};
		09F9B45A2FEFCCA50017509E /* Sources */ = {
			isa = PBXSourcesBuildPhase;
			buildActionMask = 2147483647;
			files = (
				09F9B4652FEFCCA50017509E /* Buyza_AppUITestsLaunchTests.swift in Sources */,
				09F9B4632FEFCCA50017509E /* Buyza_AppUITests.swift in Sources */,
			);
			runOnlyForDeploymentPostprocessing = 0;
		};
/* End PBXSourcesBuildPhase section */

/* Begin PBXTargetDependency section */
		09F9B4562FEFCCA40017509E /* PBXTargetDependency */ = {
			isa = PBXTargetDependency;
			target = 09F9B43E2FEFCCA10017509E /* Buyza App */;
			targetProxy = 09F9B4552FEFCCA40017509E /* PBXContainerItemProxy */;
		};
		09F9B4602FEFCCA50017509E /* PBXTargetDependency */ = {
			isa = PBXTargetDependency;
			target = 09F9B43E2FEFCCA10017509E /* Buyza App */;
			targetProxy = 09F9B45F2FEFCCA50017509E /* PBXContainerItemProxy */;
		};
/* End PBXTargetDependency section */

/* Begin XCBuildConfiguration section */
		09F9B4662FEFCCA50017509E /* Debug */ = {
			isa = XCBuildConfiguration;
			baseConfigurationReference = B8165E022FF4198C009DC909 /* Secrets.xcconfig */;
			buildSettings = {
				ALWAYS_SEARCH_USER_PATHS = NO;
				ASSETCATALOG_COMPILER_GENERATE_SWIFT_ASSET_SYMBOL_EXTENSIONS = YES;
				CLANG_ANALYZER_NONNULL = YES;
				CLANG_ANALYZER_NUMBER_OBJECT_CONVERSION = YES_AGGRESSIVE;
				CLANG_CXX_LANGUAGE_STANDARD = "gnu++20";
				CLANG_ENABLE_MODULES = YES;
				CLANG_ENABLE_OBJC_ARC = YES;
				CLANG_ENABLE_OBJC_WEAK = YES;
				CLANG_WARN_BLOCK_CAPTURE_AUTORELEASING = YES;
				CLANG_WARN_BOOL_CONVERSION = YES;
				CLANG_WARN_COMMA = YES;
				CLANG_WARN_CONSTANT_CONVERSION = YES;
				CLANG_WARN_DEPRECATED_OBJC_IMPLEMENTATIONS = YES;
				CLANG_WARN_DIRECT_OBJC_ISA_USAGE = YES_ERROR;
				CLANG_WARN_DOCUMENTATION_COMMENTS = YES;
				CLANG_WARN_EMPTY_BODY = YES;
				CLANG_WARN_ENUM_CONVERSION = YES;
				CLANG_WARN_INFINITE_RECURSION = YES;
				CLANG_WARN_INT_CONVERSION = YES;
				CLANG_WARN_NON_LITERAL_NULL_CONVERSION = YES;
				CLANG_WARN_OBJC_IMPLICIT_RETAIN_SELF = YES;
				CLANG_WARN_OBJC_LITERAL_CONVERSION = YES;
				CLANG_WARN_OBJC_ROOT_CLASS = YES_ERROR;
				CLANG_WARN_QUOTED_INCLUDE_IN_FRAMEWORK_HEADER = YES;
				CLANG_WARN_RANGE_LOOP_ANALYSIS = YES;
				CLANG_WARN_STRICT_PROTOTYPES = YES;
				CLANG_WARN_SUSPICIOUS_MOVE = YES;
				CLANG_WARN_UNGUARDED_AVAILABILITY = YES_AGGRESSIVE;
				CLANG_WARN_UNREACHABLE_CODE = YES;
				CLANG_WARN__DUPLICATE_METHOD_MATCH = YES;
				COPY_PHASE_STRIP = NO;
				DEBUG_INFORMATION_FORMAT = dwarf;
				ENABLE_STRICT_OBJC_MSGSEND = YES;
				ENABLE_TESTABILITY = YES;
				ENABLE_USER_SCRIPT_SANDBOXING = YES;
				GCC_C_LANGUAGE_STANDARD = gnu17;
				GCC_DYNAMIC_NO_PIC = NO;
				GCC_NO_COMMON_BLOCKS = YES;
				GCC_OPTIMIZATION_LEVEL = 0;
				GCC_PREPROCESSOR_DEFINITIONS = (
					"DEBUG=1",
					"$(inherited)",
				);
				GCC_WARN_64_TO_32_BIT_CONVERSION = YES;
				GCC_WARN_ABOUT_RETURN_TYPE = YES_ERROR;
				GCC_WARN_UNDECLARED_SELECTOR = YES;
				GCC_WARN_UNINITIALIZED_AUTOS = YES_AGGRESSIVE;
				GCC_WARN_UNUSED_FUNCTION = YES;
				GCC_WARN_UNUSED_VARIABLE = YES;
				IPHONEOS_DEPLOYMENT_TARGET = 17.2;
				LOCALIZATION_PREFERS_STRING_CATALOGS = YES;
				MTL_ENABLE_DEBUG_INFO = INCLUDE_SOURCE;
				MTL_FAST_MATH = YES;
				ONLY_ACTIVE_ARCH = YES;
				SDKROOT = iphoneos;
				SWIFT_ACTIVE_COMPILATION_CONDITIONS = "DEBUG $(inherited)";
				SWIFT_OPTIMIZATION_LEVEL = "-Onone";
			};
			name = Debug;
		};
		09F9B4672FEFCCA50017509E /* Release */ = {
			isa = XCBuildConfiguration;
			baseConfigurationReference = B8165E022FF4198C009DC909 /* Secrets.xcconfig */;
			buildSettings = {
				ALWAYS_SEARCH_USER_PATHS = NO;
				ASSETCATALOG_COMPILER_GENERATE_SWIFT_ASSET_SYMBOL_EXTENSIONS = YES;
				CLANG_ANALYZER_NONNULL = YES;
				CLANG_ANALYZER_NUMBER_OBJECT_CONVERSION = YES_AGGRESSIVE;
				CLANG_CXX_LANGUAGE_STANDARD = "gnu++20";
				CLANG_ENABLE_MODULES = YES;
				CLANG_ENABLE_OBJC_ARC = YES;
				CLANG_ENABLE_OBJC_WEAK = YES;
				CLANG_WARN_BLOCK_CAPTURE_AUTORELEASING = YES;
				CLANG_WARN_BOOL_CONVERSION = YES;
				CLANG_WARN_COMMA = YES;
				CLANG_WARN_CONSTANT_CONVERSION = YES;
				CLANG_WARN_DEPRECATED_OBJC_IMPLEMENTATIONS = YES;
				CLANG_WARN_DIRECT_OBJC_ISA_USAGE = YES_ERROR;
				CLANG_WARN_DOCUMENTATION_COMMENTS = YES;
				CLANG_WARN_EMPTY_BODY = YES;
				CLANG_WARN_ENUM_CONVERSION = YES;
				CLANG_WARN_INFINITE_RECURSION = YES;
				CLANG_WARN_INT_CONVERSION = YES;
				CLANG_WARN_NON_LITERAL_NULL_CONVERSION = YES;
				CLANG_WARN_OBJC_IMPLICIT_RETAIN_SELF = YES;
				CLANG_WARN_OBJC_LITERAL_CONVERSION = YES;
				CLANG_WARN_OBJC_ROOT_CLASS = YES_ERROR;
				CLANG_WARN_QUOTED_INCLUDE_IN_FRAMEWORK_HEADER = YES;
				CLANG_WARN_RANGE_LOOP_ANALYSIS = YES;
				CLANG_WARN_STRICT_PROTOTYPES = YES;
				CLANG_WARN_SUSPICIOUS_MOVE = YES;
				CLANG_WARN_UNGUARDED_AVAILABILITY = YES_AGGRESSIVE;
				CLANG_WARN_UNREACHABLE_CODE = YES;
				CLANG_WARN__DUPLICATE_METHOD_MATCH = YES;
				COPY_PHASE_STRIP = NO;
				DEBUG_INFORMATION_FORMAT = "dwarf-with-dsym";
				ENABLE_NS_ASSERTIONS = NO;
				ENABLE_STRICT_OBJC_MSGSEND = YES;
				ENABLE_USER_SCRIPT_SANDBOXING = YES;
				GCC_C_LANGUAGE_STANDARD = gnu17;
				GCC_NO_COMMON_BLOCKS = YES;
				GCC_WARN_64_TO_32_BIT_CONVERSION = YES;
				GCC_WARN_ABOUT_RETURN_TYPE = YES_ERROR;
				GCC_WARN_UNDECLARED_SELECTOR = YES;
				GCC_WARN_UNINITIALIZED_AUTOS = YES_AGGRESSIVE;
				GCC_WARN_UNUSED_FUNCTION = YES;
				GCC_WARN_UNUSED_VARIABLE = YES;
				IPHONEOS_DEPLOYMENT_TARGET = 17.2;
				LOCALIZATION_PREFERS_STRING_CATALOGS = YES;
				MTL_ENABLE_DEBUG_INFO = NO;
				MTL_FAST_MATH = YES;
				SDKROOT = iphoneos;
				SWIFT_COMPILATION_MODE = wholemodule;
				VALIDATE_PRODUCT = YES;
			};
			name = Release;
		};
		09F9B4692FEFCCA50017509E /* Debug */ = {
			isa = XCBuildConfiguration;
			buildSettings = {
				ASSETCATALOG_COMPILER_APPICON_NAME = AppIcon;
				ASSETCATALOG_COMPILER_GLOBAL_ACCENT_COLOR_NAME = AccentColor;
				CODE_SIGN_STYLE = Automatic;
				CURRENT_PROJECT_VERSION = 1;
				DEVELOPMENT_ASSET_PATHS = "\"Buyza App/Preview Content\"";
				ENABLE_PREVIEWS = YES;
				GENERATE_INFOPLIST_FILE = YES;
				INFOPLIST_FILE = "Buyza-App-Info.plist";
				INFOPLIST_KEY_UIApplicationSceneManifest_Generation = YES;
				INFOPLIST_KEY_UIApplicationSupportsIndirectInputEvents = YES;
				INFOPLIST_KEY_UILaunchScreen_Generation = YES;
				INFOPLIST_KEY_UISupportedInterfaceOrientations_iPad = "UIInterfaceOrientationPortrait UIInterfaceOrientationPortraitUpsideDown UIInterfaceOrientationLandscapeLeft UIInterfaceOrientationLandscapeRight";
				INFOPLIST_KEY_UISupportedInterfaceOrientations_iPhone = "UIInterfaceOrientationPortrait UIInterfaceOrientationLandscapeLeft UIInterfaceOrientationLandscapeRight";
				IPHONEOS_DEPLOYMENT_TARGET = 15.2;
				LD_RUNPATH_SEARCH_PATHS = (
					"$(inherited)",
					"@executable_path/Frameworks",
				);
				MARKETING_VERSION = 1.0;
				PRODUCT_BUNDLE_IDENTIFIER = "ITI.Buyza-App";
				PRODUCT_NAME = "$(TARGET_NAME)";
				SWIFT_EMIT_LOC_STRINGS = YES;
				SWIFT_VERSION = 5.0;
				TARGETED_DEVICE_FAMILY = "1,2";
			};
			name = Debug;
		};
		09F9B46A2FEFCCA50017509E /* Release */ = {
			isa = XCBuildConfiguration;
			buildSettings = {
				ASSETCATALOG_COMPILER_APPICON_NAME = AppIcon;
				ASSETCATALOG_COMPILER_GLOBAL_ACCENT_COLOR_NAME = AccentColor;
				CODE_SIGN_STYLE = Automatic;
				CURRENT_PROJECT_VERSION = 1;
				DEVELOPMENT_ASSET_PATHS = "\"Buyza App/Preview Content\"";
				ENABLE_PREVIEWS = YES;
				GENERATE_INFOPLIST_FILE = YES;
				INFOPLIST_FILE = "Buyza-App-Info.plist";
				INFOPLIST_KEY_UIApplicationSceneManifest_Generation = YES;
				INFOPLIST_KEY_UIApplicationSupportsIndirectInputEvents = YES;
				INFOPLIST_KEY_UILaunchScreen_Generation = YES;
				INFOPLIST_KEY_UISupportedInterfaceOrientations_iPad = "UIInterfaceOrientationPortrait UIInterfaceOrientationPortraitUpsideDown UIInterfaceOrientationLandscapeLeft UIInterfaceOrientationLandscapeRight";
				INFOPLIST_KEY_UISupportedInterfaceOrientations_iPhone = "UIInterfaceOrientationPortrait UIInterfaceOrientationLandscapeLeft UIInterfaceOrientationLandscapeRight";
				IPHONEOS_DEPLOYMENT_TARGET = 15.2;
				LD_RUNPATH_SEARCH_PATHS = (
					"$(inherited)",
					"@executable_path/Frameworks",
				);
				MARKETING_VERSION = 1.0;
				PRODUCT_BUNDLE_IDENTIFIER = "ITI.Buyza-App";
				PRODUCT_NAME = "$(TARGET_NAME)";
				SWIFT_EMIT_LOC_STRINGS = YES;
				SWIFT_VERSION = 5.0;
				TARGETED_DEVICE_FAMILY = "1,2";
			};
			name = Release;
		};
		09F9B46C2FEFCCA50017509E /* Debug */ = {
			isa = XCBuildConfiguration;
			buildSettings = {
				ALWAYS_EMBED_SWIFT_STANDARD_LIBRARIES = YES;
				BUNDLE_LOADER = "$(TEST_HOST)";
				CODE_SIGN_STYLE = Automatic;
				CURRENT_PROJECT_VERSION = 1;
				GENERATE_INFOPLIST_FILE = YES;
				IPHONEOS_DEPLOYMENT_TARGET = 17.2;
				MARKETING_VERSION = 1.0;
				PRODUCT_BUNDLE_IDENTIFIER = "ITI.Buyza-AppTests";
				PRODUCT_NAME = "$(TARGET_NAME)";
				SWIFT_EMIT_LOC_STRINGS = NO;
				SWIFT_VERSION = 5.0;
				TARGETED_DEVICE_FAMILY = "1,2";
				TEST_HOST = "$(BUILT_PRODUCTS_DIR)/Buyza App.app/$(BUNDLE_EXECUTABLE_FOLDER_PATH)/Buyza App";
			};
			name = Debug;
		};
		09F9B46D2FEFCCA50017509E /* Release */ = {
			isa = XCBuildConfiguration;
			buildSettings = {
				ALWAYS_EMBED_SWIFT_STANDARD_LIBRARIES = YES;
				BUNDLE_LOADER = "$(TEST_HOST)";
				CODE_SIGN_STYLE = Automatic;
				CURRENT_PROJECT_VERSION = 1;
				GENERATE_INFOPLIST_FILE = YES;
				IPHONEOS_DEPLOYMENT_TARGET = 17.2;
				MARKETING_VERSION = 1.0;
				PRODUCT_BUNDLE_IDENTIFIER = "ITI.Buyza-AppTests";
				PRODUCT_NAME = "$(TARGET_NAME)";
				SWIFT_EMIT_LOC_STRINGS = NO;
				SWIFT_VERSION = 5.0;
				TARGETED_DEVICE_FAMILY = "1,2";
				TEST_HOST = "$(BUILT_PRODUCTS_DIR)/Buyza App.app/$(BUNDLE_EXECUTABLE_FOLDER_PATH)/Buyza App";
			};
			name = Release;
		};
		09F9B46F2FEFCCA50017509E /* Debug */ = {
			isa = XCBuildConfiguration;
			buildSettings = {
				ALWAYS_EMBED_SWIFT_STANDARD_LIBRARIES = YES;
				CODE_SIGN_STYLE = Automatic;
				CURRENT_PROJECT_VERSION = 1;
				GENERATE_INFOPLIST_FILE = YES;
				MARKETING_VERSION = 1.0;
				PRODUCT_BUNDLE_IDENTIFIER = "ITI.Buyza-AppUITests";
				PRODUCT_NAME = "$(TARGET_NAME)";
				SWIFT_EMIT_LOC_STRINGS = NO;
				SWIFT_VERSION = 5.0;
				TARGETED_DEVICE_FAMILY = "1,2";
				TEST_TARGET_NAME = "Buyza App";
			};
			name = Debug;
		};
		09F9B4702FEFCCA50017509E /* Release */ = {
			isa = XCBuildConfiguration;
			buildSettings = {
				ALWAYS_EMBED_SWIFT_STANDARD_LIBRARIES = YES;
				CODE_SIGN_STYLE = Automatic;
				CURRENT_PROJECT_VERSION = 1;
				GENERATE_INFOPLIST_FILE = YES;
				MARKETING_VERSION = 1.0;
				PRODUCT_BUNDLE_IDENTIFIER = "ITI.Buyza-AppUITests";
				PRODUCT_NAME = "$(TARGET_NAME)";
				SWIFT_EMIT_LOC_STRINGS = NO;
				SWIFT_VERSION = 5.0;
				TARGETED_DEVICE_FAMILY = "1,2";
				TEST_TARGET_NAME = "Buyza App";
			};
			name = Release;
		};
/* End XCBuildConfiguration section */

/* Begin XCConfigurationList section */
		09F9B43A2FEFCCA10017509E /* Build configuration list for PBXProject "Buyza App" */ = {
			isa = XCConfigurationList;
			buildConfigurations = (
				09F9B4662FEFCCA50017509E /* Debug */,
				09F9B4672FEFCCA50017509E /* Release */,
			);
			defaultConfigurationIsVisible = 0;
			defaultConfigurationName = Release;
		};
		09F9B4682FEFCCA50017509E /* Build configuration list for PBXNativeTarget "Buyza App" */ = {
			isa = XCConfigurationList;
			buildConfigurations = (
				09F9B4692FEFCCA50017509E /* Debug */,
				09F9B46A2FEFCCA50017509E /* Release */,
			);
			defaultConfigurationIsVisible = 0;
			defaultConfigurationName = Release;
		};
		09F9B46B2FEFCCA50017509E /* Build configuration list for PBXNativeTarget "Buyza AppTests" */ = {
			isa = XCConfigurationList;
			buildConfigurations = (
				09F9B46C2FEFCCA50017509E /* Debug */,
				09F9B46D2FEFCCA50017509E /* Release */,
			);
			defaultConfigurationIsVisible = 0;
			defaultConfigurationName = Release;
		};
		09F9B46E2FEFCCA50017509E /* Build configuration list for PBXNativeTarget "Buyza AppUITests" */ = {
			isa = XCConfigurationList;
			buildConfigurations = (
				09F9B46F2FEFCCA50017509E /* Debug */,
				09F9B4702FEFCCA50017509E /* Release */,
			);
			defaultConfigurationIsVisible = 0;
			defaultConfigurationName = Release;
		};
/* End XCConfigurationList section */

/* Begin XCRemoteSwiftPackageReference section */
		B8BA55912FEFD837004CA9FF /* XCRemoteSwiftPackageReference "firebase-ios-sdk" */ = {
			isa = XCRemoteSwiftPackageReference;
			repositoryURL = "https://github.com/firebase/firebase-ios-sdk";
			requirement = {
				kind = upToNextMajorVersion;
				minimumVersion = 12.15.0;
			};
		};
/* End XCRemoteSwiftPackageReference section */

/* Begin XCSwiftPackageProductDependency section */
		B8BA55922FEFD837004CA9FF /* FirebaseAuth */ = {
			isa = XCSwiftPackageProductDependency;
			package = B8BA55912FEFD837004CA9FF /* XCRemoteSwiftPackageReference "firebase-ios-sdk" */;
			productName = FirebaseAuth;
		};
		B8BA55942FEFD837004CA9FF /* FirebaseAuthCombine-Community */ = {
			isa = XCSwiftPackageProductDependency;
			package = B8BA55912FEFD837004CA9FF /* XCRemoteSwiftPackageReference "firebase-ios-sdk" */;
			productName = "FirebaseAuthCombine-Community";
		};
/* End XCSwiftPackageProductDependency section */

/* Begin XCVersionGroup section */
		09F9B44D2FEFCCA40017509E /* Buyza_App.xcdatamodeld */ = {
			isa = XCVersionGroup;
			children = (
				09F9B44E2FEFCCA40017509E /* Buyza_App.xcdatamodel */,
			);
			currentVersion = 09F9B44E2FEFCCA40017509E /* Buyza_App.xcdatamodel */;
			path = Buyza_App.xcdatamodeld;
			sourceTree = "<group>";
			versionGroupType = wrapper.xcdatamodel;
		};
/* End XCVersionGroup section */
	};
	rootObject = 09F9B4372FEFCCA10017509E /* Project object */;
}
